
Microsoft Visual Studio Solution File, Format Version 10.00
# Visual C++ Express 2008
Project("{8BC9CEB8-8B4A-11D0-8D11-00A0C91BC942}") = "libmodi", "libmodi\libmodi.vcproj", "{2D50C0C4-8AA8-49E2-8DD1-FC6ABFCD181B}"
	ProjectSection(ProjectDependencies) = postProject
		{8481302B-6369-4B99-9DAC-03630644C706} = {8481302B-6369-4B99-9DAC-03630644C706}
		{42845272-4FEE-49E5-9D72-5C8D80AFC6C2} = {42845272-4FEE-49E5-9D72-5C8D80AFC6C2}
		{B99E4294-399A-42C6-8F60-1122B1F3C5BA} = {B99E4294-399A-42C6-8F60-1122B1F3C5BA}
		{FE981CB2-D132-42BE-968C-5575DDE60117} = {FE981CB2-D132-42BE-968C-5575DDE60117}
		{DE7B4D36-55AA-48AB-8CD8-153BB5C9CE1D} = {DE7B4D36-55AA-48AB-8CD8-153BB5C9CE1D}
		{66444F15-B141-48B3-A329-8D08440B99AD} = {66444F15-B141-48B3-A329-8D08440B99AD}
		{C31FF287-CD80-4EBE-B1DF-A3E06CA0DF7F} = {C31FF287-CD80-4EBE-B1DF-A3E06CA0DF7F}
		{9DEC07C5-C5DE-4D4E-9D3B-EF118E4706D4} = {9DEC07C5-C5DE-4D4E-9D3B-EF118E4706D4}
		{7337C041-16A1-48C6-8312-729E3FB14EA7} = {7337C041-16A1-48C6-8312-729E3FB14EA7}
		{5D92852E-9CE2-4FCA-98C7-3EBF280FBD47} = {5D92852E-9CE2-4FCA-98C7-3EBF280FBD47}
		{A24CBAD4-0265-43C1-AC5A-B634F738D489} = {A24CBAD4-0265-43C1-AC5A-B634F738D489}
		{7A013C74-3646-414C-8DF2-6ED1C844C21A} = {7A013C74-3646-414C-8DF2-6ED1C844C21A}
		{35E76B1A-660C-452F-BF33-7AC62D857593} = {35E76B1A-660C-452F-BF33-7AC62D857593}
		{4BE3948F-CADB-4C89-9C45-0C13EED46BDB} = {4BE3948F-CADB-4C89-9C45-0C13EED46BDB}
		{1F7B082E-5F5E-4A44-B4F6-E01D9915572D} = {1F7B082E-5F5E-4A44-B4F6-E01D9915572D}
		{3AA60605-BCB3-45CB-92AB-7E6D906CAE7D} = {3AA60605-BCB3-45CB-92AB-7E6D906CAE7D}
		{98823738-04DD-4D8D-A69B-33919BF5748D} = {98823738-04DD-4D8D-A69B-33919BF5748D}
		{F9C2C82E-B2C7-4112-B63E-5F463899E43D} = {F9C2C82E-B2C7-4112-B63E-5F463899E43D}
		{A6732B88-3842-4129-94DE-E6798CE52361} = {A6732B88-3842-4129-94DE-E6798CE52361}
		{9AB775BF-8A2B-40B3-9A4F-426A606FE6D4} = {9AB775BF-8A2B-40B3-9A4F-426A606FE6D4}
	EndProjectSection
EndProject
Project("{8BC9CEB8-8B4A-11D0-8D11-00A0C91BC942}") = "modiinfo", "modiinfo\modiinfo.vcproj", "{EF8DE534-B0AC-4A94-AF9D-819FA2AA7AE6}"
	ProjectSection(ProjectDependencies) = postProject
		{DE7B4D36-55AA-48AB-8CD8-153BB5C9CE1D} = {DE7B4D36-55AA-48AB-8CD8-153BB5C9CE1D}
		{FE981CB2-D132-42BE-968C-5575DDE60117} = {FE981CB2-D132-42BE-968C-5575DDE60117}
		{2D50C0C4-8AA8-49E2-8DD1-FC6ABFCD181B} = {2D50C0C4-8AA8-49E2-8DD1-FC6ABFCD181B}
		{8481302B-6369-4B99-9DAC-03630644C706} = {8481302B-6369-4B99-9DAC-03630644C706}
	EndProjectSection
EndProject
Project("{8BC9CEB8-8B4A-11D0-8D11-00A0C91BC942}") = "modimount", "modimount\modimount.vcproj", "{B491C20E-F4D6-4AF9-B333-A9C5C3026536}"
	ProjectSection(ProjectDependencies) = postProject
		{5D92852E-9CE2-4FCA-98C7-3EBF280FBD47} = {5D92852E-9CE2-4FCA-98C7-3EBF280FBD47}
		{66444F15-B141-48B3-A329-8D08440B99AD} = {66444F15-B141-48B3-A329-8D08440B99AD}
		{DE7B4D36-55AA-48AB-8CD8-153BB5C9CE1D} = {DE7B4D36-55AA-48AB-8CD8-153BB5C9CE1D}
		{FE981CB2-D132-42BE-968C-5575DDE60117} = {FE981CB2-D132-42BE-968C-5575DDE60117}
		{B99E4294-399A-42C6-8F60-1122B1F3C5BA} = {B99E4294-399A-42C6-8F60-1122B1F3C5BA}
		{2D50C0C4-8AA8-49E2-8DD1-FC6ABFCD181B} = {2D50C0C4-8AA8-49E2-8DD1-FC6ABFCD181B}
		{8481302B-6369-4B99-9DAC-03630644C706} = {8481302B-6369-4B99-9DAC-03630644C706}
	EndProjectSection
EndProject
Project("{8BC9CEB8-8B4A-11D0-8D11-00A0C91BC942}") = "pymodi", "pymodi\pymodi.vcproj", "{EC0AC559-2927-42F0-8CAE-96480EEEA626}"
	ProjectSection(ProjectDependencies) = postProject
		{8481302B-6369-4B99-9DAC-03630644C706} = {8481302B-6369-4B99-9DAC-03630644C706}
		{2D50C0C4-8AA8-49E2-8DD1-FC6ABFCD181B} = {2D50C0C4-8AA8-49E2-8DD1-FC6ABFCD181B}
		{B99E4294-399A-42C6-8F60-1122B1F3C5BA} = {B99E4294-399A-42C6-8F60-1122B1F3C5BA}
		{FE981CB2-D132-42BE-968C-5575DDE60117} = {FE981CB2-D132-42BE-968C-5575DDE60117}
		{66444F15-B141-48B3-A329-8D08440B99AD} = {66444F15-B141-48B3-A329-8D08440B99AD}
		{C31FF287-CD80-4EBE-B1DF-A3E06CA0DF7F} = {C31FF287-CD80-4EBE-B1DF-A3E06CA0DF7F}
		{7337C041-16A1-48C6-8312-729E3FB14EA7} = {7337C041-16A1-48C6-8312-729E3FB14EA7}
		{5D92852E-9CE2-4FCA-98C7-3EBF280FBD47} = {5D92852E-9CE2-4FCA-98C7-3EBF280FBD47}
		{A24CBAD4-0265-43C1-AC5A-B634F738D489} = {A24CBAD4-0265-43C1-AC5A-B634F738D489}
	EndProjectSection
EndProject
Project("{8BC9CEB8-8B4A-11D0-8D11-00A0C91BC942}") = "modi_test_adc", "modi_test_adc\modi_test_adc.vcproj", "{3169A47A-6CA3-44B6-A0C4-E47A7229E50C}"
	ProjectSection(ProjectDependencies) = postProject
		{DE7B4D36-55AA-48AB-8CD8-153BB5C9CE1D} = {DE7B4D36-55AA-48AB-8CD8-153BB5C9CE1D}
		{2D50C0C4-8AA8-49E2-8DD1-FC6ABFCD181B} = {2D50C0C4-8AA8-49E2-8DD1-FC6ABFCD181B}
		{8481302B-6369-4B99-9DAC-03630644C706} = {8481302B-6369-4B99-9DAC-03630644C706}
	EndProjectSection
EndProject
Project("{8BC9CEB8-8B4A-11D0-8D11-00A0C91BC942}") = "modi_test_bands_data_handle", "modi_test_bands_data_handle\modi_test_bands_data_handle.vcproj", "{E44C7E22-D24C-42E0-96C9-99FEE05DC111}"
	ProjectSection(ProjectDependencies) = postProject
		{2D50C0C4-8AA8-49E2-8DD1-FC6ABFCD181B} = {2D50C0C4-8AA8-49E2-8DD1-FC6ABFCD181B}
		{8481302B-6369-4B99-9DAC-03630644C706} = {8481302B-6369-4B99-9DAC-03630644C706}
	EndProjectSection
EndProject
Project("{8BC9CEB8-8B4A-11D0-8D11-00A0C91BC942}") = "modi_test_bit_stream", "modi_test_bit_stream\modi_test_bit_stream.vcproj", "{EA249D9A-FF46-4034-A383-F9B47013ADA8}"
	ProjectSection(ProjectDependencies) = postProject
		{2D50C0C4-8AA8-49E2-8DD1-FC6ABFCD181B} = {2D50C0C4-8AA8-49E2-8DD1-FC6ABFCD181B}
		{8481302B-6369-4B99-9DAC-03630644C706} = {8481302B-6369-4B99-9DAC-03630644C706}
	EndProjectSection
EndProject
Project("{8BC9CEB8-8B4A-11D0-8D11-00A0C91BC942}") = "modi_test_bzip", "modi_test_bzip\modi_test_bzip.vcproj", "{2747CA12-BB92-46AD-8753-50FFC9A1CEDE}"
	ProjectSection(ProjectDependencies) = postProject
		{DE7B4D36-55AA-48AB-8CD8-153BB5C9CE1D} = {DE7B4D36-55AA-48AB-8CD8-153BB5C9CE1D}
		{2D50C0C4-8AA8-49E2-8DD1-FC6ABFCD181B} = {2D50C0C4-8AA8-49E2-8DD1-FC6ABFCD181B}
		{8481302B-6369-4B99-9DAC-03630644C706} = {8481302B-6369-4B99-9DAC-03630644C706}
	EndProjectSection
EndProject
Project("{8BC9CEB8-8B4A-11D0-8D11-00A0C91BC942}") = "modi_test_data_block", "modi_test_data_block\modi_test_data_block.vcproj", "{1FC62E0C-03A3-4D53-B545-38E25CA24205}"
	ProjectSection(ProjectDependencies) = postProject
		{A24CBAD4-0265-43C1-AC5A-B634F738D489} = {A24CBAD4-0265-43C1-AC5A-B634F738D489}
		{5D92852E-9CE2-4FCA-98C7-3EBF280FBD47} = {5D92852E-9CE2-4FCA-98C7-3EBF280FBD47}
		{7337C041-16A1-48C6-8312-729E3FB14EA7} = {7337C041-16A1-48C6-8312-729E3FB14EA7}
		{C31FF287-CD80-4EBE-B1DF-A3E06CA0DF7F} = {C31FF287-CD80-4EBE-B1DF-A3E06CA0DF7F}
		{66444F15-B141-48B3-A329-8D08440B99AD} = {66444F15-B141-48B3-A329-8D08440B99AD}
		{DE7B4D36-55AA-48AB-8CD8-153BB5C9CE1D} = {DE7B4D36-55AA-48AB-8CD8-153BB5C9CE1D}
		{FE981CB2-D132-42BE-968C-5575DDE60117} = {FE981CB2-D132-42BE-968C-5575DDE60117}
		{B99E4294-399A-42C6-8F60-1122B1F3C5BA} = {B99E4294-399A-42C6-8F60-1122B1F3C5BA}
		{2D50C0C4-8AA8-49E2-8DD1-FC6ABFCD181B} = {2D50C0C4-8AA8-49E2-8DD1-FC6ABFCD181B}
		{8481302B-6369-4B99-9DAC-03630644C706} = {8481302B-6369-4B99-9DAC-03630644C706}
	EndProjectSection
EndProject
Project("{8BC9CEB8-8B4A-11D0-8D11-00A0C91BC942}") = "modi_test_deflate", "modi_test_deflate\modi_test_deflate.vcproj", "{F4C26059-2262-4E7D-8AAC-4280C1C90567}"
	ProjectSection(ProjectDependencies) = postProject
		{DE7B4D36-55AA-48AB-8CD8-153BB5C9CE1D} = {DE7B4D36-55AA-48AB-8CD8-153BB5C9CE1D}
		{2D50C0C4-8AA8-49E2-8DD1-FC6ABFCD181B} = {2D50C0C4-8AA8-49E2-8DD1-FC6ABFCD181B}
		{8481302B-6369-4B99-9DAC-03630644C706} = {8481302B-6369-4B99-9DAC-03630644C706}
	EndProjectSection
EndProject
Project("{8BC9CEB8-8B4A-11D0-8D11-00A0C91BC942}") = "modi_test_error", "modi_test_error\modi_test_error.vcproj", "{5F2C8DCA-4F26-466A-BEEB-B3410AEA0700}"
	ProjectSection(ProjectDependencies) = postProject
		{2D50C0C4-8AA8-49E2-8DD1-FC6ABFCD181B} = {2D50C0C4-8AA8-49E2-8DD1-FC6ABFCD181B}
	EndProjectSection
EndProject
Project("{8BC9CEB8-8B4A-11D0-8D11-00A0C91BC942}") = "modi_test_handle", "modi_test_handle\modi_test_handle.vcproj", "{CF3C6C07-67FA-4C4D-A93F-73DEB1A86894}"
	ProjectSection(ProjectDependencies) = postProject
		{A24CBAD4-0265-43C1-AC5A-B634F738D489} = {A24CBAD4-0265-43C1-AC5A-B634F738D489}
		{5D92852E-9CE2-4FCA-98C7-3EBF280FBD47} = {5D92852E-9CE2-4FCA-98C7-3EBF280FBD47}
		{7337C041-16A1-48C6-8312-729E3FB14EA7} = {7337C041-16A1-48C6-8312-729E3FB14EA7}
		{9DEC07C5-C5DE-4D4E-9D3B-EF118E4706D4} = {9DEC07C5-C5DE-4D4E-9D3B-EF118E4706D4}
		{C31FF287-CD80-4EBE-B1DF-A3E06CA0DF7F} = {C31FF287-CD80-4EBE-B1DF-A3E06CA0DF7F}
		{66444F15-B141-48B3-A329-8D08440B99AD} = {66444F15-B141-48B3-A329-8D08440B99AD}
		{DE7B4D36-55AA-48AB-8CD8-153BB5C9CE1D} = {DE7B4D36-55AA-48AB-8CD8-153BB5C9CE1D}
		{FE981CB2-D132-42BE-968C-5575DDE60117} = {FE981CB2-D132-42BE-968C-5575DDE60117}
		{B99E4294-399A-42C6-8F60-1122B1F3C5BA} = {B99E4294-399A-42C6-8F60-1122B1F3C5BA}
		{2D50C0C4-8AA8-49E2-8DD1-FC6ABFCD181B} = {2D50C0C4-8AA8-49E2-8DD1-FC6ABFCD181B}
		{42845272-4FEE-49E5-9D72-5C8D80AFC6C2} = {42845272-4FEE-49E5-9D72-5C8D80AFC6C2}
		{8481302B-6369-4B99-9DAC-03630644C706} = {8481302B-6369-4B99-9DAC-03630644C706}
	EndProjectSection
EndProject
Project("{8BC9CEB8-8B4A-11D0-8D11-00A0C91BC942}") = "modi_test_huffman_tree", "modi_test_huffman_tree\modi_test_huffman_tree.vcproj", "{CABBCF7D-E00E-4E13-8EB0-274A5DF6B47D}"
	ProjectSection(ProjectDependencies) = postProject
		{2D50C0C4-8AA8-49E2-8DD1-FC6ABFCD181B} = {2D50C0C4-8AA8-49E2-8DD1-FC6ABFCD181B}
		{8481302B-6369-4B99-9DAC-03630644C706} = {8481302B-6369-4B99-9DAC-03630644C706}
	EndProjectSection
EndProject
Project("{8BC9CEB8-8B4A-11D0-8D11-00A0C91BC942}") = "modi_test_io_handle", "modi_test_io_handle\modi_test_io_handle.vcproj", "{8483B872-72BB-41E1-8A15-8798AAE8DFD9}"
	ProjectSection(ProjectDependencies) = postProject
		{2D50C0C4-8AA8-49E2-8DD1-FC6ABFCD181B} = {2D50C0C4-8AA8-49E2-8DD1-FC6ABFCD181B}
		{8481302B-6369-4B99-9DAC-03630644C706} = {8481302B-6369-4B99-9DAC-03630644C706}
	EndProjectSection
EndProject
Project("{8BC9CEB8-8B4A-11D0-8D11-00A0C91BC942}") = "modi_test_lzfse", "modi_test_lzfse\modi_test_lzfse.vcproj", "{DFB7CACE-EE17-4B8F-A2A9-23945E41EDE9}"
	ProjectSection(ProjectDependencies) = postProject
		{DE7B4D36-55AA-48AB-8CD8-153BB5C9CE1D} = {DE7B4D36-55AA-48AB-8CD8-153BB5C9CE1D}
		{2D50C0C4-8AA8-49E2-8DD1-FC6ABFCD181B} = {2D50C0C4-8AA8-49E2-8DD1-FC6ABFCD181B}
		{8481302B-6369-4B99-9DAC-03630644C706} = {8481302B-6369-4B99-9DAC-03630644C706}
	EndProjectSection
EndProject
Project("{8BC9CEB8-8B4A-11D0-8D11-00A0C91BC942}") = "modi_test_lzvn", "modi_test_lzvn\modi_test_lzvn.vcproj", "{0F7072A5-9D43-4BAD-8908-2BF0C462E696}"
	ProjectSection(ProjectDependencies) = postProject
		{DE7B4D36-55AA-48AB-8CD8-153BB5C9CE1D} = {DE7B4D36-55AA-48AB-8CD8-153BB5C9CE1D}
		{2D50C0C4-8AA8-49E2-8DD1-FC6ABFCD181B} = {2D50C0C4-8AA8-49E2-8DD1-FC6ABFCD181B}
		{8481302B-6369-4B99-9DAC-03630644C706} = {8481302B-6369-4B99-9DAC-03630644C706}
	EndProjectSection
EndProject
Project("{8BC9CEB8-8B4A-11D0-8D11-00A0C91BC942}") = "modi_test_notify", "modi_test_notify\modi_test_notify.vcproj", "{2465856C-0B89-4AE6-A693-989F50389F76}"
	ProjectSection(ProjectDependencies) = postProject
		{2D50C0C4-8AA8-49E2-8DD1-FC6ABFCD181B} = {2D50C0C4-8AA8-49E2-8DD1-FC6ABFCD181B}
		{8481302B-6369-4B99-9DAC-03630644C706} = {8481302B-6369-4B99-9DAC-03630644C706}
	EndProjectSection
EndProject
Project("{8BC9CEB8-8B4A-11D0-8D11-00A0C91BC942}") = "modi_test_sparse_bundle_xml_plist", "modi_test_sparse_bundle_xml_plist\modi_test_sparse_bundle_xml_plist.vcproj", "{4CEE9219-A9E1-4818-A0A5-39869DC2084E}"
	ProjectSection(ProjectDependencies) = postProject
		{A24CBAD4-0265-43C1-AC5A-B634F738D489} = {A24CBAD4-0265-43C1-AC5A-B634F738D489}
		{5D92852E-9CE2-4FCA-98C7-3EBF280FBD47} = {5D92852E-9CE2-4FCA-98C7-3EBF280FBD47}
		{7337C041-16A1-48C6-8312-729E3FB14EA7} = {7337C041-16A1-48C6-8312-729E3FB14EA7}
		{C31FF287-CD80-4EBE-B1DF-A3E06CA0DF7F} = {C31FF287-CD80-4EBE-B1DF-A3E06CA0DF7F}
		{66444F15-B141-48B3-A329-8D08440B99AD} = {66444F15-B141-48B3-A329-8D08440B99AD}
		{DE7B4D36-55AA-48AB-8CD8-153BB5C9CE1D} = {DE7B4D36-55AA-48AB-8CD8-153BB5C9CE1D}
		{FE981CB2-D132-42BE-968C-5575DDE60117} = {FE981CB2-D132-42BE-968C-5575DDE60117}
		{B99E4294-399A-42C6-8F60-1122B1F3C5BA} = {B99E4294-399A-42C6-8F60-1122B1F3C5BA}
		{2D50C0C4-8AA8-49E2-8DD1-FC6ABFCD181B} = {2D50C0C4-8AA8-49E2-8DD1-FC6ABFCD181B}
		{8481302B-6369-4B99-9DAC-03630644C706} = {8481302B-6369-4B99-9DAC-03630644C706}
	EndProjectSection
EndProject
Project("{8BC9CEB8-8B4A-11D0-8D11-00A0C91BC942}") = "modi_test_sparse_image_header", "modi_test_sparse_image_header\modi_test_sparse_image_header.vcproj", "{C19A3E94-443C-4ED2-A232-85787CB82E6B}"
	ProjectSection(ProjectDependencies) = postProject
		{A24CBAD4-0265-43C1-AC5A-B634F738D489} = {A24CBAD4-0265-43C1-AC5A-B634F738D489}
		{5D92852E-9CE2-4FCA-98C7-3EBF280FBD47} = {5D92852E-9CE2-4FCA-98C7-3EBF280FBD47}
		{7337C041-16A1-48C6-8312-729E3FB14EA7} = {7337C041-16A1-48C6-8312-729E3FB14EA7}
		{C31FF287-CD80-4EBE-B1DF-A3E06CA0DF7F} = {C31FF287-CD80-4EBE-B1DF-A3E06CA0DF7F}
		{66444F15-B141-48B3-A329-8D08440B99AD} = {66444F15-B141-48B3-A329-8D08440B99AD}
		{DE7B4D36-55AA-48AB-8CD8-153BB5C9CE1D} = {DE7B4D36-55AA-48AB-8CD8-153BB5C9CE1D}
		{FE981CB2-D132-42BE-968C-5575DDE60117} = {FE981CB2-D132-42BE-968C-5575DDE60117}
		{B99E4294-399A-42C6-8F60-1122B1F3C5BA} = {B99E4294-399A-42C6-8F60-1122B1F3C5BA}
		{2D50C0C4-8AA8-49E2-8DD1-FC6ABFCD181B} = {2D50C0C4-8AA8-49E2-8DD1-FC6ABFCD181B}
		{8481302B-6369-4B99-9DAC-03630644C706} = {8481302B-6369-4B99-9DAC-03630644C706}
	EndProjectSection
EndProject
Project("{8BC9CEB8-8B4A-11D0-8D11-00A0C91BC942}") = "modi_test_support", "modi_test_support\modi_test_support.vcproj", "{F94C03BF-2FC0-4059-BC22-4258420EC00A}"
	ProjectSection(ProjectDependencies) = postProject
		{A24CBAD4-0265-43C1-AC5A-B634F738D489} = {A24CBAD4-0265-43C1-AC5A-B634F738D489}
		{5D92852E-9CE2-4FCA-98C7-3EBF280FBD47} = {5D92852E-9CE2-4FCA-98C7-3EBF280FBD47}
		{7337C041-16A1-48C6-8312-729E3FB14EA7} = {7337C041-16A1-48C6-8312-729E3FB14EA7}
		{9DEC07C5-C5DE-4D4E-9D3B-EF118E4706D4} = {9DEC07C5-C5DE-4D4E-9D3B-EF118E4706D4}
		{C31FF287-CD80-4EBE-B1DF-A3E06CA0DF7F} = {C31FF287-CD80-4EBE-B1DF-A3E06CA0DF7F}
		{66444F15-B141-48B3-A329-8D08440B99AD} = {66444F15-B141-48B3-A329-8D08440B99AD}
		{DE7B4D36-55AA-48AB-8CD8-153BB5C9CE1D} = {DE7B4D36-55AA-48AB-8CD8-153BB5C9CE1D}
		{FE981CB2-D132-42BE-968C-5575DDE60117} = {FE981CB2-D132-42BE-968C-5575DDE60117}
		{B99E4294-399A-42C6-8F60-1122B1F3C5BA} = {B99E4294-399A-42C6-8F60-1122B1F3C5BA}
		{2D50C0C4-8AA8-49E2-8DD1-FC6ABFCD181B} = {2D50C0C4-8AA8-49E2-8DD1-FC6ABFCD181B}
		{8481302B-6369-4B99-9DAC-03630644C706} = {8481302B-6369-4B99-9DAC-03630644C706}
	EndProjectSection
EndProject
Project("{8BC9CEB8-8B4A-11D0-8D11-00A0C91BC942}") = "modi_test_system_string", "modi_test_system_string\modi_test_system_string.vcproj", "{7D164E8A-7112-4A87-9A5D-FF7598F95660}"
	ProjectSection(ProjectDependencies) = postProject
		{2D50C0C4-8AA8-49E2-8DD1-FC6ABFCD181B} = {2D50C0C4-8AA8-49E2-8DD1-FC6ABFCD181B}
		{8481302B-6369-4B99-9DAC-03630644C706} = {8481302B-6369-4B99-9DAC-03630644C706}
	EndProjectSection
EndProject
Project("{8BC9CEB8-8B4A-11D0-8D11-00A0C91BC942}") = "modi_test_tools_info_handle", "modi_test_tools_info_handle\modi_test_tools_info_handle.vcproj", "{36AF1344-47A7-4E42-99E5-64898F27B869}"
	ProjectSection(ProjectDependencies) = postProject
		{FE981CB2-D132-42BE-968C-5575DDE60117} = {FE981CB2-D132-42BE-968C-5575DDE60117}
		{2D50C0C4-8AA8-49E2-8DD1-FC6ABFCD181B} = {2D50C0C4-8AA8-49E2-8DD1-FC6ABFCD181B}
		{8481302B-6369-4B99-9DAC-03630644C706} = {8481302B-6369-4B99-9DAC-03630644C706}
	EndProjectSection
EndProject
Project("{8BC9CEB8-8B4A-11D0-8D11-00A0C91BC942}") = "modi_test_tools_output", "modi_test_tools_output\modi_test_tools_output.vcproj", "{8582D83F-8B52-49D9-865C-44C18A1E0B6B}"
	ProjectSection(ProjectDependencies) = postProject
		{2D50C0C4-8AA8-49E2-8DD1-FC6ABFCD181B} = {2D50C0C4-8AA8-49E2-8DD1-FC6ABFCD181B}
		{8481302B-6369-4B99-9DAC-03630644C706} = {8481302B-6369-4B99-9DAC-03630644C706}
	EndProjectSection
EndProject
Project("{8BC9CEB8-8B4A-11D0-8D11-00A0C91BC942}") = "modi_test_tools_signal", "modi_test_tools_signal\modi_test_tools_signal.vcproj", "{45A7CBCB-DF6A-4A20-9460-6807CE30FAFD}"
	ProjectSection(ProjectDependencies) = postProject
		{2D50C0C4-8AA8-49E2-8DD1-FC6ABFCD181B} = {2D50C0C4-8AA8-49E2-8DD1-FC6ABFCD181B}
		{8481302B-6369-4B99-9DAC-03630644C706} = {8481302B-6369-4B99-9DAC-03630644C706}
	EndProjectSection
EndProject
Project("{8BC9CEB8-8B4A-11D0-8D11-00A0C91BC942}") = "modi_test_udif_block_table", "modi_test_udif_block_table\modi_test_udif_block_table.vcproj", "{65141117-CF60-4CA3-A30B-17F2E376282D}"
	ProjectSection(ProjectDependencies) = postProject
		{2D50C0C4-8AA8-49E2-8DD1-FC6ABFCD181B} = {2D50C0C4-8AA8-49E2-8DD1-FC6ABFCD181B}
		{8481302B-6369-4B99-9DAC-03630644C706} = {8481302B-6369-4B99-9DAC-03630644C706}
	EndProjectSection
EndProject
Project("{8BC9CEB8-8B4A-11D0-8D11-00A0C91BC942}") = "modi_test_udif_block_table_entry", "modi_test_udif_block_table_entry\modi_test_udif_block_table_entry.vcproj", "{DA48451D-2A08-42E7-8157-9D40425C9F0C}"
	ProjectSection(ProjectDependencies) = postProject
		{2D50C0C4-8AA8-49E2-8DD1-FC6ABFCD181B} = {2D50C0C4-8AA8-49E2-8DD1-FC6ABFCD181B}
		{8481302B-6369-4B99-9DAC-03630644C706} = {8481302B-6369-4B99-9DAC-03630644C706}
	EndProjectSection
EndProject
Project("{8BC9CEB8-8B4A-11D0-8D11-00A0C91BC942}") = "modi_test_udif_resource_file", "modi_test_udif_resource_file\modi_test_udif_resource_file.vcproj", "{F1F4E781-AD35-4458-9C42-E051D031C35D}"
	ProjectSection(ProjectDependencies) = postProject
		{A24CBAD4-0265-43C1-AC5A-B634F738D489} = {A24CBAD4-0265-43C1-AC5A-B634F738D489}
		{5D92852E-9CE2-4FCA-98C7-3EBF280FBD47} = {5D92852E-9CE2-4FCA-98C7-3EBF280FBD47}
		{7337C041-16A1-48C6-8312-729E3FB14EA7} = {7337C041-16A1-48C6-8312-729E3FB14EA7}
		{C31FF287-CD80-4EBE-B1DF-A3E06CA0DF7F} = {C31FF287-CD80-4EBE-B1DF-A3E06CA0DF7F}
		{66444F15-B141-48B3-A329-8D08440B99AD} = {66444F15-B141-48B3-A329-8D08440B99AD}
		{DE7B4D36-55AA-48AB-8CD8-153BB5C9CE1D} = {DE7B4D36-55AA-48AB-8CD8-153BB5C9CE1D}
		{FE981CB2-D132-42BE-968C-5575DDE60117} = {FE981CB2-D132-42BE-968C-5575DDE60117}
		{B99E4294-399A-42C6-8F60-1122B1F3C5BA} = {B99E4294-399A-42C6-8F60-1122B1F3C5BA}
		{2D50C0C4-8AA8-49E2-8DD1-FC6ABFCD181B} = {2D50C0C4-8AA8-49E2-8DD1-FC6ABFCD181B}
		{8481302B-6369-4B99-9DAC-03630644C706} = {8481302B-6369-4B99-9DAC-03630644C706}
	EndProjectSection
EndProject
Project("{8BC9CEB8-8B4A-11D0-8D11-00A0C91BC942}") = "modi_test_udif_xml_plist", "modi_test_udif_xml_plist\modi_test_udif_xml_plist.vcproj", "{B1EBA2F5-987C-4100-8D96-054C430CC8A4}"
	ProjectSection(ProjectDependencies) = postProject
		{A24CBAD4-0265-43C1-AC5A-B634F738D489} = {A24CBAD4-0265-43C1-AC5A-B634F738D489}
		{5D92852E-9CE2-4FCA-98C7-3EBF280FBD47} = {5D92852E-9CE2-4FCA-98C7-3EBF280FBD47}
		{7337C041-16A1-48C6-8312-729E3FB14EA7} = {7337C041-16A1-48C6-8312-729E3FB14EA7}
		{C31FF287-CD80-4EBE-B1DF-A3E06CA0DF7F} = {C31FF287-CD80-4EBE-B1DF-A3E06CA0DF7F}
		{66444F15-B141-48B3-A329-8D08440B99AD} = {66444F15-B141-48B3-A329-8D08440B99AD}
		{DE7B4D36-55AA-48AB-8CD8-153BB5C9CE1D} = {DE7B4D36-55AA-48AB-8CD8-153BB5C9CE1D}
		{FE981CB2-D132-42BE-968C-5575DDE60117} = {FE981CB2-D132-42BE-968C-5575DDE60117}
		{B99E4294-399A-42C6-8F60-1122B1F3C5BA} = {B99E4294-399A-42C6-8F60-1122B1F3C5BA}
		{2D50C0C4-8AA8-49E2-8DD1-FC6ABFCD181B} = {2D50C0C4-8AA8-49E2-8DD1-FC6ABFCD181B}
		{8481302B-6369-4B99-9DAC-03630644C706} = {8481302B-6369-4B99-9DAC-03630644C706}
	EndProjectSection
EndProject
Project("{8BC9CEB8-8B4A-11D0-8D11-00A0C91BC942}") = "libbfio", "libbfio\libbfio.vcproj", "{A24CBAD4-0265-43C1-AC5A-B634F738D489}"
	ProjectSection(ProjectDependencies) = postProject
		{8481302B-6369-4B99-9DAC-03630644C706} = {8481302B-6369-4B99-9DAC-03630644C706}
		{42845272-4FEE-49E5-9D72-5C8D80AFC6C2} = {42845272-4FEE-49E5-9D72-5C8D80AFC6C2}
		{FE981CB2-D132-42BE-968C-5575DDE60117} = {FE981CB2-D132-42BE-968C-5575DDE60117}
		{DE7B4D36-55AA-48AB-8CD8-153BB5C9CE1D} = {DE7B4D36-55AA-48AB-8CD8-153BB5C9CE1D}
		{B99E4294-399A-42C6-8F60-1122B1F3C5BA} = {B99E4294-399A-42C6-8F60-1122B1F3C5BA}
		{66444F15-B141-48B3-A329-8D08440B99AD} = {66444F15-B141-48B3-A329-8D08440B99AD}
		{7337C041-16A1-48C6-8312-729E3FB14EA7} = {7337C041-16A1-48C6-8312-729E3FB14EA7}
		{5D92852E-9CE2-4FCA-98C7-3EBF280FBD47} = {5D92852E-9CE2-4FCA-98C7-3EBF280FBD47}
		{C31FF287-CD80-4EBE-B1DF-A3E06CA0DF7F} = {C31FF287-CD80-4EBE-B1DF-A3E06CA0DF7F}
	EndProjectSection
EndProject
Project("{8BC9CEB8-8B4A-11D0-8D11-00A0C91BC942}") = "libcaes", "libcaes\libcaes.vcproj", "{F9C2C82E-B2C7-4112-B63E-5F463899E43D}"
	ProjectSection(ProjectDependencies) = postProject
		{8481302B-6369-4B99-9DAC-03630644C706} = {8481302B-6369-4B99-9DAC-03630644C706}
	EndProjectSection
EndProject
Project("{8BC9CEB8-8B4A-11D0-8D11-00A0C91BC942}") = "libcdata", "libcdata\libcdata.vcproj", "{B99E4294-399A-42C6-8F60-1122B1F3C5BA}"
	ProjectSection(ProjectDependencies) = postProject
		{8481302B-6369-4B99-9DAC-03630644C706} = {8481302B-6369-4B99-9DAC-03630644C706}
		{42845272-4FEE-49E5-9D72-5C8D80AFC6C2} = {42845272-4FEE-49E5-9D72-5C8D80AFC6C2}
	EndProjectSection
EndProject
Project("{8BC9CEB8-8B4A-11D0-8D11-00A0C91BC942}") = "libcdirectory", "libcdirectory\libcdirectory.vcproj", "{9DEC07C5-C5DE-4D4E-9D3B-EF118E4706D4}"
	ProjectSection(ProjectDependencies) = postProject
		{8481302B-6369-4B99-9DAC-03630644C706} = {8481302B-6369-4B99-9DAC-03630644C706}
		{FE981CB2-D132-42BE-968C-5575DDE60117} = {FE981CB2-D132-42BE-968C-5575DDE60117}
		{C31FF287-CD80-4EBE-B1DF-A3E06CA0DF7F} = {C31FF287-CD80-4EBE-B1DF-A3E06CA0DF7F}
	EndProjectSection
EndProject
Project("{8BC9CEB8-8B4A-11D0-8D11-00A0C91BC942}") = "libcerror", "libcerror\libcerror.vcproj", "{8481302B-6369-4B99-9DAC-03630644C706}"
EndProject
Project("{8BC9CEB8-8B4A-11D0-8D11-00A0C91BC942}") = "libcfile", "libcfile\libcfile.vcproj", "{7337C041-16A1-48C6-8312-729E3FB14EA7}"
	ProjectSection(ProjectDependencies) = postProject
		{8481302B-6369-4B99-9DAC-03630644C706} = {8481302B-6369-4B99-9DAC-03630644C706}
		{FE981CB2-D132-42BE-968C-5575DDE60117} = {FE981CB2-D132-42BE-968C-5575DDE60117}
		{DE7B4D36-55AA-48AB-8CD8-153BB5C9CE1D} = {DE7B4D36-55AA-48AB-8CD8-153BB5C9CE1D}
		{C31FF287-CD80-4EBE-B1DF-A3E06CA0DF7F} = {C31FF287-CD80-4EBE-B1DF-A3E06CA0DF7F}
	EndProjectSection
EndProject
Project("{8BC9CEB8-8B4A-11D0-8D11-00A0C91BC942}") = "libclocale", "libclocale\libclocale.vcproj", "{FE981CB2-D132-42BE-968C-5575DDE60117}"
	ProjectSection(ProjectDependencies) = postProject
		{8481302B-6369-4B99-9DAC-03630644C706} = {8481302B-6369-4B99-9DAC-03630644C706}
	EndProjectSection
EndProject
Project("{8BC9CEB8-8B4A-11D0-8D11-00A0C91BC942}") = "libcnotify", "libcnotify\libcnotify.vcproj", "{DE7B4D36-55AA-48AB-8CD8-153BB5C9CE1D}"
	ProjectSection(ProjectDependencies) = postProject
		{8481302B-6369-4B99-9DAC-03630644C706} = {8481302B-6369-4B99-9DAC-03630644C706}
	EndProjectSection
EndProject
Project("{8BC9CEB8-8B4A-11D0-8D11-00A0C91BC942}") = "libcpath", "libcpath\libcpath.vcproj", "{5D92852E-9CE2-4FCA-98C7-3EBF280FBD47}"
	ProjectSection(ProjectDependencies) = postProject
		{8481302B-6369-4B99-9DAC-03630644C706} = {8481302B-6369-4B99-9DAC-03630644C706}
		{FE981CB2-D132-42BE-968C-5575DDE60117} = {FE981CB2-D132-42BE-968C-5575DDE60117}
		{66444F15-B141-48B3-A329-8D08440B99AD} = {66444F15-B141-48B3-A329-8D08440B99AD}
		{C31FF287-CD80-4EBE-B1DF-A3E06CA0DF7F} = {C31FF287-CD80-4EBE-B1DF-A3E06CA0DF7F}
	EndProjectSection
EndProject
Project("{8BC9CEB8-8B4A-11D0-8D11-00A0C91BC942}") = "libcsplit", "libcsplit\libcsplit.vcproj", "{66444F15-B141-48B3-A329-8D08440B99AD}"
	ProjectSection(ProjectDependencies) = postProject
		{8481302B-6369-4B99-9DAC-03630644C706} = {8481302B-6369-4B99-9DAC-03630644C706}
	EndProjectSection
EndProject
Project("{8BC9CEB8-8B4A-11D0-8D11-00A0C91BC942}") = "libcthreads", "libcthreads\libcthreads.vcproj", "{42845272-4FEE-49E5-9D72-5C8D80AFC6C2}"
	ProjectSection(ProjectDependencies) = postProject
		{8481302B-6369-4B99-9DAC-03630644C706} = {8481302B-6369-4B99-9DAC-03630644C706}
	EndProjectSection
EndProject
Project("{8BC9CEB8-8B4A-11D0-8D11-00A0C91BC942}") = "libfcache", "libfcache\libfcache.vcproj", "{7A013C74-3646-414C-8DF2-6ED1C844C21A}"
	ProjectSection(ProjectDependencies) = postProject
		{8481302B-6369-4B99-9DAC-03630644C706} = {8481302B-6369-4B99-9DAC-03630644C706}
		{42845272-4FEE-49E5-9D72-5C8D80AFC6C2} = {42845272-4FEE-49E5-9D72-5C8D80AFC6C2}
		{B99E4294-399A-42C6-8F60-1122B1F3C5BA} = {B99E4294-399A-42C6-8F60-1122B1F3C5BA}
	EndProjectSection
EndProject
Project("{8BC9CEB8-8B4A-11D0-8D11-00A0C91BC942}") = "libfdata", "libfdata\libfdata.vcproj", "{35E76B1A-660C-452F-BF33-7AC62D857593}"
	ProjectSection(ProjectDependencies) = postProject
		{8481302B-6369-4B99-9DAC-03630644C706} = {8481302B-6369-4B99-9DAC-03630644C706}
		{42845272-4FEE-49E5-9D72-5C8D80AFC6C2} = {42845272-4FEE-49E5-9D72-5C8D80AFC6C2}
		{B99E4294-399A-42C6-8F60-1122B1F3C5BA} = {B99E4294-399A-42C6-8F60-1122B1F3C5BA}
		{DE7B4D36-55AA-48AB-8CD8-153BB5C9CE1D} = {DE7B4D36-55AA-48AB-8CD8-153BB5C9CE1D}
		{7A013C74-3646-414C-8DF2-6ED1C844C21A} = {7A013C74-3646-414C-8DF2-6ED1C844C21A}
	EndProjectSection
EndProject
Project("{8BC9CEB8-8B4A-11D0-8D11-00A0C91BC942}") = "libfguid", "libfguid\libfguid.vcproj", "{4BE3948F-CADB-4C89-9C45-0C13EED46BDB}"
	ProjectSection(ProjectDependencies) = postProject
		{8481302B-6369-4B99-9DAC-03630644C706} = {8481302B-6369-4B99-9DAC-03630644C706}
	EndProjectSection
EndProject
Project("{8BC9CEB8-8B4A-11D0-8D11-00A0C91BC942}") = "libfplist", "libfplist\libfplist.vcproj", "{3AA60605-BCB3-45CB-92AB-7E6D906CAE7D}"
	ProjectSection(ProjectDependencies) = postProject
		{8481302B-6369-4B99-9DAC-03630644C706} = {8481302B-6369-4B99-9DAC-03630644C706}
		{B99E4294-399A-42C6-8F60-1122B1F3C5BA} = {B99E4294-399A-42C6-8F60-1122B1F3C5BA}
		{DE7B4D36-55AA-48AB-8CD8-153BB5C9CE1D} = {DE7B4D36-55AA-48AB-8CD8-153BB5C9CE1D}
		{C31FF287-CD80-4EBE-B1DF-A3E06CA0DF7F} = {C31FF287-CD80-4EBE-B1DF-A3E06CA0DF7F}
		{4BE3948F-CADB-4C89-9C45-0C13EED46BDB} = {4BE3948F-CADB-4C89-9C45-0C13EED46BDB}
		{1F7B082E-5F5E-4A44-B4F6-E01D9915572D} = {1F7B082E-5F5E-4A44-B4F6-E01D9915572D}
	EndProjectSection
EndProject
Project("{8BC9CEB8-8B4A-11D0-8D11-00A0C91BC942}") = "libfvalue", "libfvalue\libfvalue.vcproj", "{1F7B082E-5F5E-4A44-B4F6-E01D9915572D}"
	ProjectSection(ProjectDependencies) = postProject
		{8481302B-6369-4B99-9DAC-03630644C706} = {8481302B-6369-4B99-9DAC-03630644C706}
		{42845272-4FEE-49E5-9D72-5C8D80AFC6C2} = {42845272-4FEE-49E5-9D72-5C8D80AFC6C2}
		{B99E4294-399A-42C6-8F60-1122B1F3C5BA} = {B99E4294-399A-42C6-8F60-1122B1F3C5BA}
		{DE7B4D36-55AA-48AB-8CD8-153BB5C9CE1D} = {DE7B4D36-55AA-48AB-8CD8-153BB5C9CE1D}
		{C31FF287-CD80-4EBE-B1DF-A3E06CA0DF7F} = {C31FF287-CD80-4EBE-B1DF-A3E06CA0DF7F}
		{4BE3948F-CADB-4C89-9C45-0C13EED46BDB} = {4BE3948F-CADB-4C89-9C45-0C13EED46BDB}
	EndProjectSection
EndProject
Project("{8BC9CEB8-8B4A-11D0-8D11-00A0C91BC942}") = "libhmac", "libhmac\libhmac.vcproj", "{98823738-04DD-4D8D-A69B-33919BF5748D}"
	ProjectSection(ProjectDependencies) = postProject
		{8481302B-6369-4B99-9DAC-03630644C706} = {8481302B-6369-4B99-9DAC-03630644C706}
	EndProjectSection
EndProject
Project("{8BC9CEB8-8B4A-11D0-8D11-00A0C91BC942}") = "libuna", "libuna\libuna.vcproj", "{C31FF287-CD80-4EBE-B1DF-A3E06CA0DF7F}"
	ProjectSection(ProjectDependencies) = postProject
		{8481302B-6369-4B99-9DAC-03630644C706} = {8481302B-6369-4B99-9DAC-03630644C706}
	EndProjectSection
EndProject
Project("{8BC9CEB8-8B4A-11D0-8D11-00A0C91BC942}") = "bzip2", "bzip2\bzip2.vcproj", "{A6732B88-3842-4129-94DE-E6798CE52361}"
EndProject
Project("{8BC9CEB8-8B4A-11D0-8D11-00A0C91BC942}") = "zlib", "zlib\zlib.vcproj", "{9AB775BF-8A2B-40B3-9A4F-426A606FE6D4}"
EndProject
Global
	GlobalSection(SolutionConfigurationPlatforms) = preSolution
		Release|Win32 = Release|Win32
		VSDebug|Win32 = VSDebug|Win32
	EndGlobalSection
	GlobalSection(ProjectConfigurationPlatforms) = postSolution
		{2D50C0C4-8AA8-49E2-8DD1-FC6ABFCD181B}.Release|Win32.ActiveCfg = Release|Win32
		{2D50C0C4-8AA8-49E2-8DD1-FC6ABFCD181B}.Release|Win32.Build.0 = Release|Win32
		{2D50C0C4-8AA8-49E2-8DD1-FC6ABFCD181B}.VSDebug|Win32.ActiveCfg = VSDebug|Win32
		{2D50C0C4-8AA8-49E2-8DD1-FC6ABFCD181B}.VSDebug|Win32.Build.0 = VSDebug|Win32
		{EF8DE534-B0AC-4A94-AF9D-819FA2AA7AE6}.Release|Win32.ActiveCfg = Release|Win32
		{EF8DE534-B0AC-4A94-AF9D-819FA2AA7AE6}.Release|Win32.Build.0 = Release|Win32
		{EF8DE534-B0AC-4A94-AF9D-819FA2AA7AE6}.VSDebug|Win32.ActiveCfg = VSDebug|Win32
		{EF8DE534-B0AC-4A94-AF9D-819FA2AA7AE6}.VSDebug|Win32.Build.0 = VSDebug|Win32
		{B491C20E-F4D6-4AF9-B333-A9C5C3026536}.Release|Win32.ActiveCfg = Release|Win32
		{B491C20E-F4D6-4AF9-B333-A9C5C3026536}.Release|Win32.Build.0 = Release|Win32
		{B491C20E-F4D6-4AF9-B333-A9C5C3026536}.VSDebug|Win32.ActiveCfg = VSDebug|Win32
		{B491C20E-F4D6-4AF9-B333-A9C5C3026536}.VSDebug|Win32.Build.0 = VSDebug|Win32
		{EC0AC559-2927-42F0-8CAE-96480EEEA626}.Release|Win32.ActiveCfg = Release|Win32
		{EC0AC559-2927-42F0-8CAE-96480EEEA626}.Release|Win32.Build.0 = Release|Win32
		{EC0AC559-2927-42F0-8CAE-96480EEEA626}.VSDebug|Win32.ActiveCfg = VSDebug|Win32
		{EC0AC559-2927-42F0-8CAE-96480EEEA626}.VSDebug|Win32.Build.0 = VSDebug|Win32
		{3169A47A-6CA3-44B6-A0C4-E47A7229E50C}.Release|Win32.ActiveCfg = Release|Win32
		{3169A47A-6CA3-44B6-A0C4-E47A7229E50C}.Release|Win32.Build.0 = Release|Win32
		{3169A47A-6CA3-44B6-A0C4-E47A7229E50C}.VSDebug|Win32.ActiveCfg = VSDebug|Win32
		{3169A47A-6CA3-44B6-A0C4-E47A7229E50C}.VSDebug|Win32.Build.0 = VSDebug|Win32
		{E44C7E22-D24C-42E0-96C9-99FEE05DC111}.Release|Win32.ActiveCfg = Release|Win32
		{E44C7E22-D24C-42E0-96C9-99FEE05DC111}.Release|Win32.Build.0 = Release|Win32
		{E44C7E22-D24C-42E0-96C9-99FEE05DC111}.VSDebug|Win32.ActiveCfg = VSDebug|Win32
		{E44C7E22-D24C-42E0-96C9-99FEE05DC111}.VSDebug|Win32.Build.0 = VSDebug|Win32
		{EA249D9A-FF46-4034-A383-F9B47013ADA8}.Release|Win32.ActiveCfg = Release|Win32
		{EA249D9A-FF46-4034-A383-F9B47013ADA8}.Release|Win32.Build.0 = Release|Win32
		{EA249D9A-FF46-4034-A383-F9B47013ADA8}.VSDebug|Win32.ActiveCfg = VSDebug|Win32
		{EA249D9A-FF46-4034-A383-F9B47013ADA8}.VSDebug|Win32.Build.0 = VSDebug|Win32
		{2747CA12-BB92-46AD-8753-50FFC9A1CEDE}.Release|Win32.ActiveCfg = Release|Win32
		{2747CA12-BB92-46AD-8753-50FFC9A1CEDE}.Release|Win32.Build.0 = Release|Win32
		{2747CA12-BB92-46AD-8753-50FFC9A1CEDE}.VSDebug|Win32.ActiveCfg = VSDebug|Win32
		{2747CA12-BB92-46AD-8753-50FFC9A1CEDE}.VSDebug|Win32.Build.0 = VSDebug|Win32
		{1FC62E0C-03A3-4D53-B545-38E25CA24205}.Release|Win32.ActiveCfg = Release|Win32
		{1FC62E0C-03A3-4D53-B545-38E25CA24205}.Release|Win32.Build.0 = Release|Win32
		{1FC62E0C-03A3-4D53-B545-38E25CA24205}.VSDebug|Win32.ActiveCfg = VSDebug|Win32
		{1FC62E0C-03A3-4D53-B545-38E25CA24205}.VSDebug|Win32.Build.0 = VSDebug|Win32
		{F4C26059-2262-4E7D-8AAC-4280C1C90567}.Release|Win32.ActiveCfg = Release|Win32
		{F4C26059-2262-4E7D-8AAC-4280C1C90567}.Release|Win32.Build.0 = Release|Win32
		{F4C26059-2262-4E7D-8AAC-4280C1C90567}.VSDebug|Win32.ActiveCfg = VSDebug|Win32
		{F4C26059-2262-4E7D-8AAC-4280C1C90567}.VSDebug|Win32.Build.0 = VSDebug|Win32
		{5F2C8DCA-4F26-466A-BEEB-B3410AEA0700}.Release|Win32.ActiveCfg = Release|Win32
		{5F2C8DCA-4F26-466A-BEEB-B3410AEA0700}.Release|Win32.Build.0 = Release|Win32
		{5F2C8DCA-4F26-466A-BEEB-B3410AEA0700}.VSDebug|Win32.ActiveCfg = VSDebug|Win32
		{5F2C8DCA-4F26-466A-BEEB-B3410AEA0700}.VSDebug|Win32.Build.0 = VSDebug|Win32
		{CF3C6C07-67FA-4C4D-A93F-73DEB1A86894}.Release|Win32.ActiveCfg = Release|Win32
		{CF3C6C07-67FA-4C4D-A93F-73DEB1A86894}.Release|Win32.Build.0 = Release|Win32
		{CF3C6C07-67FA-4C4D-A93F-73DEB1A86894}.VSDebug|Win32.ActiveCfg = VSDebug|Win32
		{CF3C6C07-67FA-4C4D-A93F-73DEB1A86894}.VSDebug|Win32.Build.0 = VSDebug|Win32
		{CABBCF7D-E00E-4E13-8EB0-274A5DF6B47D}.Release|Win32.ActiveCfg = Release|Win32
		{CABBCF7D-E00E-4E13-8EB0-274A5DF6B47D}.Release|Win32.Build.0 = Release|Win32
		{CABBCF7D-E00E-4E13-8EB0-274A5DF6B47D}.VSDebug|Win32.ActiveCfg = VSDebug|Win32
		{CABBCF7D-E00E-4E13-8EB0-274A5DF6B47D}.VSDebug|Win32.Build.0 = VSDebug|Win32
		{8483B872-72BB-41E1-8A15-8798AAE8DFD9}.Release|Win32.ActiveCfg = Release|Win32
		{8483B872-72BB-41E1-8A15-8798AAE8DFD9}.Release|Win32.Build.0 = Release|Win32
		{8483B872-72BB-41E1-8A15-8798AAE8DFD9}.VSDebug|Win32.ActiveCfg = VSDebug|Win32
		{8483B872-72BB-41E1-8A15-8798AAE8DFD9}.VSDebug|Win32.Build.0 = VSDebug|Win32
		{DFB7CACE-EE17-4B8F-A2A9-23945E41EDE9}.Release|Win32.ActiveCfg = Release|Win32
		{DFB7CACE-EE17-4B8F-A2A9-23945E41EDE9}.Release|Win32.Build.0 = Release|Win32
		{DFB7CACE-EE17-4B8F-A2A9-23945E41EDE9}.VSDebug|Win32.ActiveCfg = VSDebug|Win32
		{DFB7CACE-EE17-4B8F-A2A9-23945E41EDE9}.VSDebug|Win32.Build.0 = VSDebug|Win32
		{0F7072A5-9D43-4BAD-8908-2BF0C462E696}.Release|Win32.ActiveCfg = Release|Win32
		{0F7072A5-9D43-4BAD-8908-2BF0C462E696}.Release|Win32.Build.0 = Release|Win32
		{0F7072A5-9D43-4BAD-8908-2BF0C462E696}.VSDebug|Win32.ActiveCfg = VSDebug|Win32
		{0F7072A5-9D43-4BAD-8908-2BF0C462E696}.VSDebug|Win32.Build.0 = VSDebug|Win32
		{2465856C-0B89-4AE6-A693-989F50389F76}.Release|Win32.ActiveCfg = Release|Win32
		{2465856C-0B89-4AE6-A693-989F50389F76}.Release|Win32.Build.0 = Release|Win32
		{2465856C-0B89-4AE6-A693-989F50389F76}.VSDebug|Win32.ActiveCfg = VSDebug|Win32
		{2465856C-0B89-4AE6-A693-989F50389F76}.VSDebug|Win32.Build.0 = VSDebug|Win32
		{4CEE9219-A9E1-4818-A0A5-39869DC2084E}.Release|Win32.ActiveCfg = Release|Win32
		{4CEE9219-A9E1-4818-A0A5-39869DC2084E}.Release|Win32.Build.0 = Release|Win32
		{4CEE9219-A9E1-4818-A0A5-39869DC2084E}.VSDebug|Win32.ActiveCfg = VSDebug|Win32
		{4CEE9219-A9E1-4818-A0A5-39869DC2084E}.VSDebug|Win32.Build.0 = VSDebug|Win32
		{C19A3E94-443C-4ED2-A232-85787CB82E6B}.Release|Win32.ActiveCfg = Release|Win32
		{C19A3E94-443C-4ED2-A232-85787CB82E6B}.Release|Win32.Build.0 = Release|Win32
		{C19A3E94-443C-4ED2-A232-85787CB82E6B}.VSDebug|Win32.ActiveCfg = VSDebug|Win32
		{C19A3E94-443C-4ED2-A232-85787CB82E6B}.VSDebug|Win32.Build.0 = VSDebug|Win32
		{F94C03BF-2FC0-4059-BC22-4258420EC00A}.Release|Win32.ActiveCfg = Release|Win32
		{F94C03BF-2FC0-4059-BC22-4258420EC00A}.Release|Win32.Build.0 = Release|Win32
		{F94C03BF-2FC0-4059-BC22-4258420EC00A}.VSDebug|Win32.ActiveCfg = VSDebug|Win32
		{F94C03BF-2FC0-4059-BC22-4258420EC00A}.VSDebug|Win32.Build.0 = VSDebug|Win32
		{7D164E8A-7112-4A87-9A5D-FF7598F95660}.Release|Win32.ActiveCfg = Release|Win32
		{7D164E8A-7112-4A87-9A5D-FF7598F95660}.Release|Win32.Build.0 = Release|Win32
		{7D164E8A-7112-4A87-9A5D-FF7598F95660}.VSDebug|Win32.ActiveCfg = VSDebug|Win32
		{7D164E8A-7112-4A87-9A5D-FF7598F95660}.VSDebug|Win32.Build.0 = VSDebug|Win32
		{36AF1344-47A7-4E42-99E5-64898F27B869}.Release|Win32.ActiveCfg = Release|Win32
		{36AF1344-47A7-4E42-99E5-64898F27B869}.Release|Win32.Build.0 = Release|Win32
		{36AF1344-47A7-4E42-99E5-64898F27B869}.VSDebug|Win32.ActiveCfg = VSDebug|Win32
		{36AF1344-47A7-4E42-99E5-64898F27B869}.VSDebug|Win32.Build.0 = VSDebug|Win32
		{8582D83F-8B52-49D9-865C-44C18A1E0B6B}.Release|Win32.ActiveCfg = Release|Win32
		{8582D83F-8B52-49D9-865C-44C18A1E0B6B}.Release|Win32.Build.0 = Release|Win32
		{8582D83F-8B52-49D9-865C-44C18A1E0B6B}.VSDebug|Win32.ActiveCfg = VSDebug|Win32
		{8582D83F-8B52-49D9-865C-44C18A1E0B6B}.VSDebug|Win32.Build.0 = VSDebug|Win32
		{45A7CBCB-DF6A-4A20-9460-6807CE30FAFD}.Release|Win32.ActiveCfg = Release|Win32
		{45A7CBCB-DF6A-4A20-9460-6807CE30FAFD}.Release|Win32.Build.0 = Release|Win32
		{45A7CBCB-DF6A-4A20-9460-6807CE30FAFD}.VSDebug|Win32.ActiveCfg = VSDebug|Win32
		{45A7CBCB-DF6A-4A20-9460-6807CE30FAFD}.VSDebug|Win32.Build.0 = VSDebug|Win32
		{65141117-CF60-4CA3-A30B-17F2E376282D}.Release|Win32.ActiveCfg = Release|Win32
		{65141117-CF60-4CA3-A30B-17F2E376282D}.Release|Win32.Build.0 = Release|Win32
		{65141117-CF60-4CA3-A30B-17F2E376282D}.VSDebug|Win32.ActiveCfg = VSDebug|Win32
		{65141117-CF60-4CA3-A30B-17F2E376282D}.VSDebug|Win32.Build.0 = VSDebug|Win32
		{DA48451D-2A08-42E7-8157-9D40425C9F0C}.Release|Win32.ActiveCfg = Release|Win32
		{DA48451D-2A08-42E7-8157-9D40425C9F0C}.Release|Win32.Build.0 = Release|Win32
		{DA48451D-2A08-42E7-8157-9D40425C9F0C}.VSDebug|Win32.ActiveCfg = VSDebug|Win32
		{DA48451D-2A08-42E7-8157-9D40425C9F0C}.VSDebug|Win32.Build.0 = VSDebug|Win32
		{F1F4E781-AD35-4458-9C42-E051D031C35D}.Release|Win32.ActiveCfg = Release|Win32
		{F1F4E781-AD35-4458-9C42-E051D031C35D}.Release|Win32.Build.0 = Release|Win32
		{F1F4E781-AD35-4458-9C42-E051D031C35D}.VSDebug|Win32.ActiveCfg = VSDebug|Win32
		{F1F4E781-AD35-4458-9C42-E051D031C35D}.VSDebug|Win32.Build.0 = VSDebug|Win32
		{B1EBA2F5-987C-4100-8D96-054C430CC8A4}.Release|Win32.ActiveCfg = Release|Win32
		{B1EBA2F5-987C-4100-8D96-054C430CC8A4}.Release|Win32.Build.0 = Release|Win32
		{B1EBA2F5-987C-4100-8D96-054C430CC8A4}.VSDebug|Win32.ActiveCfg = VSDebug|Win32
		{B1EBA2F5-987C-4100-8D96-054C430CC8A4}.VSDebug|Win32.Build.0 = VSDebug|Win32
		{A24CBAD4-0265-43C1-AC5A-B634F738D489}.Release|Win32.ActiveCfg = Release|Win32
		{A24CBAD4-0265-43C1-AC5A-B634F738D489}.Release|Win32.Build.0 = Release|Win32
		{A24CBAD4-0265-43C1-AC5A-B634F738D489}.VSDebug|Win32.ActiveCfg = VSDebug|Win32
		{A24CBAD4-0265-43C1-AC5A-B634F738D489}.VSDebug|Win32.Build.0 = VSDebug|Win32
		{F9C2C82E-B2C7-4112-B63E-5F463899E43D}.Release|Win32.ActiveCfg = Release|Win32
		{F9C2C82E-B2C7-4112-B63E-5F463899E43D}.Release|Win32.Build.0 = Release|Win32
		{F9C2C82E-B2C7-4112-B63E-5F463899E43D}.VSDebug|Win32.ActiveCfg = VSDebug|Win32
		{F9C2C82E-B2C7-4112-B63E-5F463899E43D}.VSDebug|Win32.Build.0 = VSDebug|Win32
		{B99E4294-399A-42C6-8F60-1122B1F3C5BA}.Release|Win32.ActiveCfg = Release|Win32
		{B99E4294-399A-42C6-8F60-1122B1F3C5BA}.Release|Win32.Build.0 = Release|Win32
		{B99E4294-399A-42C6-8F60-1122B1F3C5BA}.VSDebug|Win32.ActiveCfg = VSDebug|Win32
		{B99E4294-399A-42C6-8F60-1122B1F3C5BA}.VSDebug|Win32.Build.0 = VSDebug|Win32
		{9DEC07C5-C5DE-4D4E-9D3B-EF118E4706D4}.Release|Win32.ActiveCfg = Release|Win32
		{9DEC07C5-C5DE-4D4E-9D3B-EF118E4706D4}.Release|Win32.Build.0 = Release|Win32
		{9DEC07C5-C5DE-4D4E-9D3B-EF118E4706D4}.VSDebug|Win32.ActiveCfg = VSDebug|Win32
		{9DEC07C5-C5DE-4D4E-9D3B-EF118E4706D4}.VSDebug|Win32.Build.0 = VSDebug|Win32
		{8481302B-6369-4B99-9DAC-03630644C706}.Release|Win32.ActiveCfg = Release|Win32
		{8481302B-6369-4B99-9DAC-03630644C706}.Release|Win32.Build.0 = Release|Win32
		{8481302B-6369-4B99-9DAC-03630644C706}.VSDebug|Win32.ActiveCfg = VSDebug|Win32
		{8481302B-6369-4B99-9DAC-03630644C706}.VSDebug|Win32.Build.0 = VSDebug|Win32
		{7337C041-16A1-48C6-8312-729E3FB14EA7}.Release|Win32.ActiveCfg = Release|Win32
		{7337C041-16A1-48C6-8312-729E3FB14EA7}.Release|Win32.Build.0 = Release|Win32
		{7337C041-16A1-48C6-8312-729E3FB14EA7}.VSDebug|Win32.ActiveCfg = VSDebug|Win32
		{7337C041-16A1-48C6-8312-729E3FB14EA7}.VSDebug|Win32.Build.0 = VSDebug|Win32
		{FE981CB2-D132-42BE-968C-5575DDE60117}.Release|Win32.ActiveCfg = Release|Win32
		{FE981CB2-D132-42BE-968C-5575DDE60117}.Release|Win32.Build.0 = Release|Win32
		{FE981CB2-D132-42BE-968C-5575DDE60117}.VSDebug|Win32.ActiveCfg = VSDebug|Win32
		{FE981CB2-D132-42BE-968C-5575DDE60117}.VSDebug|Win32.Build.0 = VSDebug|Win32
		{DE7B4D36-55AA-48AB-8CD8-153BB5C9CE1D}.Release|Win32.ActiveCfg = Release|Win32
		{DE7B4D36-55AA-48AB-8CD8-153BB5C9CE1D}.Release|Win32.Build.0 = Release|Win32
		{DE7B4D36-55AA-48AB-8CD8-153BB5C9CE1D}.VSDebug|Win32.ActiveCfg = VSDebug|Win32
		{DE7B4D36-55AA-48AB-8CD8-153BB5C9CE1D}.VSDebug|Win32.Build.0 = VSDebug|Win32
		{5D92852E-9CE2-4FCA-98C7-3EBF280FBD47}.Release|Win32.ActiveCfg = Release|Win32
		{5D92852E-9CE2-4FCA-98C7-3EBF280FBD47}.Release|Win32.Build.0 = Release|Win32
		{5D92852E-9CE2-4FCA-98C7-3EBF280FBD47}.VSDebug|Win32.ActiveCfg = VSDebug|Win32
		{5D92852E-9CE2-4FCA-98C7-3EBF280FBD47}.VSDebug|Win32.Build.0 = VSDebug|Win32
		{66444F15-B141-48B3-A329-8D08440B99AD}.Release|Win32.ActiveCfg = Release|Win32
		{66444F15-B141-48B3-A329-8D08440B99AD}.Release|Win32.Build.0 = Release|Win32
		{66444F15-B141-48B3-A329-8D08440B99AD}.VSDebug|Win32.ActiveCfg = VSDebug|Win32
		{66444F15-B141-48B3-A329-8D08440B99AD}.VSDebug|Win32.Build.0 = VSDebug|Win32
		{42845272-4FEE-49E5-9D72-5C8D80AFC6C2}.Release|Win32.ActiveCfg = Release|Win32
		{42845272-4FEE-49E5-9D72-5C8D80AFC6C2}.Release|Win32.Build.0 = Release|Win32
		{42845272-4FEE-49E5-9D72-5C8D80AFC6C2}.VSDebug|Win32.ActiveCfg = VSDebug|Win32
		{42845272-4FEE-49E5-9D72-5C8D80AFC6C2}.VSDebug|Win32.Build.0 = VSDebug|Win32
		{7A013C74-3646-414C-8DF2-6ED1C844C21A}.Release|Win32.ActiveCfg = Release|Win32
		{7A013C74-3646-414C-8DF2-6ED1C844C21A}.Release|Win32.Build.0 = Release|Win32
		{7A013C74-3646-414C-8DF2-6ED1C844C21A}.VSDebug|Win32.ActiveCfg = VSDebug|Win32
		{7A013C74-3646-414C-8DF2-6ED1C844C21A}.VSDebug|Win32.Build.0 = VSDebug|Win32
		{35E76B1A-660C-452F-BF33-7AC62D857593}.Release|Win32.ActiveCfg = Release|Win32
		{35E76B1A-660C-452F-BF33-7AC62D857593}.Release|Win32.Build.0 = Release|Win32
		{35E76B1A-660C-452F-BF33-7AC62D857593}.VSDebug|Win32.ActiveCfg = VSDebug|Win32
		{35E76B1A-660C-452F-BF33-7AC62D857593}.VSDebug|Win32.Build.0 = VSDebug|Win32
		{4BE3948F-CADB-4C89-9C45-0C13EED46BDB}.Release|Win32.ActiveCfg = Release|Win32
		{4BE3948F-CADB-4C89-9C45-0C13EED46BDB}.Release|Win32.Build.0 = Release|Win32
		{4BE3948F-CADB-4C89-9C45-0C13EED46BDB}.VSDebug|Win32.ActiveCfg = VSDebug|Win32
		{4BE3948F-CADB-4C89-9C45-0C13EED46BDB}.VSDebug|Win32.Build.0 = VSDebug|Win32
		{3AA60605-BCB3-45CB-92AB-7E6D906CAE7D}.Release|Win32.ActiveCfg = Release|Win32
		{3AA60605-BCB3-45CB-92AB-7E6D906CAE7D}.Release|Win32.Build.0 = Release|Win32
		{3AA60605-BCB3-45CB-92AB-7E6D906CAE7D}.VSDebug|Win32.ActiveCfg = VSDebug|Win32
		{3AA60605-BCB3-45CB-92AB-7E6D906CAE7D}.VSDebug|Win32.Build.0 = VSDebug|Win32
		{1F7B082E-5F5E-4A44-B4F6-E01D9915572D}.Release|Win32.ActiveCfg = Release|Win32
		{1F7B082E-5F5E-4A44-B4F6-E01D9915572D}.Release|Win32.Build.0 = Release|Win32
		{1F7B082E-5F5E-4A44-B4F6-E01D9915572D}.VSDebug|Win32.ActiveCfg = VSDebug|Win32
		{1F7B082E-5F5E-4A44-B4F6-E01D9915572D}.VSDebug|Win32.Build.0 = VSDebug|Win32
		{98823738-04DD-4D8D-A69B-33919BF5748D}.Release|Win32.ActiveCfg = Release|Win32
		{98823738-04DD-4D8D-A69B-33919BF5748D}.Release|Win32.Build.0 = Release|Win32
		{98823738-04DD-4D8D-A69B-33919BF5748D}.VSDebug|Win32.ActiveCfg = VSDebug|Win32
		{98823738-04DD-4D8D-A69B-33919BF5748D}.VSDebug|Win32.Build.0 = VSDebug|Win32
		{C31FF287-CD80-4EBE-B1DF-A3E06CA0DF7F}.Release|Win32.ActiveCfg = Release|Win32
		{C31FF287-CD80-4EBE-B1DF-A3E06CA0DF7F}.Release|Win32.Build.0 = Release|Win32
		{C31FF287-CD80-4EBE-B1DF-A3E06CA0DF7F}.VSDebug|Win32.ActiveCfg = VSDebug|Win32
		{C31FF287-CD80-4EBE-B1DF-A3E06CA0DF7F}.VSDebug|Win32.Build.0 = VSDebug|Win32
		{A6732B88-3842-4129-94DE-E6798CE52361}.Release|Win32.ActiveCfg = Release|Win32
		{A6732B88-3842-4129-94DE-E6798CE52361}.Release|Win32.Build.0 = Release|Win32
		{A6732B88-3842-4129-94DE-E6798CE52361}.VSDebug|Win32.ActiveCfg = VSDebug|Win32
		{A6732B88-3842-4129-94DE-E6798CE52361}.VSDebug|Win32.Build.0 = VSDebug|Win32
		{9AB775BF-8A2B-40B3-9A4F-426A606FE6D4}.Release|Win32.ActiveCfg = Release|Win32
		{9AB775BF-8A2B-40B3-9A4F-426A606FE6D4}.Release|Win32.Build.0 = Release|Win32
		{9AB775BF-8A2B-40B3-9A4F-426A606FE6D4}.VSDebug|Win32.ActiveCfg = VSDebug|Win32
		{9AB775BF-8A2B-40B3-9A4F-426A606FE6D4}.VSDebug|Win32.Build.0 = VSDebug|Win32
	EndGlobalSection
	GlobalSection(SolutionProperties) = preSolution
		HideSolutionNode = FALSE
	EndGlobalSection
EndGlobal
