
Microsoft Visual Studio Solution File, Format Version 10.00
# Visual C++ Express 2008
Project("{8BC9CEB8-8B4A-11D0-8D11-00A0C91BC942}") = "libmodi", "libmodi\libmodi.vcproj", "{D322384C-AC27-45CF-A175-86A90131F301}"
	ProjectSection(ProjectDependencies) = postProject
		{3FC2FB14-8299-4F99-BC32-F90E98973259} = {3FC2FB14-8299-4F99-BC32-F90E98973259}
		{BD945E82-5F19-4038-9BB0-2AB3652D84E0} = {BD945E82-5F19-4038-9BB0-2AB3652D84E0}
		{A4D9A2AB-CA1E-4717-8CCB-6425026652D0} = {A4D9A2AB-CA1E-4717-8CCB-6425026652D0}
		{77DC93DB-D5F2-45A7-876E-0026E63C69CD} = {77DC93DB-D5F2-45A7-876E-0026E63C69CD}
		{7B7BBB12-8DBF-47D9-89B6-6750CE068638} = {7B7BBB12-8DBF-47D9-89B6-6750CE068638}
		{D14D7C35-1C00-40FD-BDA3-EB3B575AB8FE} = {D14D7C35-1C00-40FD-BDA3-EB3B575AB8FE}
		{CFC4E74A-FF99-4E5B-9762-678D2F6112B2} = {CFC4E74A-FF99-4E5B-9762-678D2F6112B2}
		{61CB2C72-A347-4842-A1F0-9B379A54DDEC} = {61CB2C72-A347-4842-A1F0-9B379A54DDEC}
		{1EE3644C-5E9C-4F13-882A-2EAEB3E3E3B9} = {1EE3644C-5E9C-4F13-882A-2EAEB3E3E3B9}
		{1AB63D0F-06E9-4918-969D-8E918FA0B4E5} = {1AB63D0F-06E9-4918-969D-8E918FA0B4E5}
		{0363C5EF-0C84-48C8-B3FE-816050D53FFA} = {0363C5EF-0C84-48C8-B3FE-816050D53FFA}
		{569E7885-EEDF-41BD-BDEE-13D61A1E7771} = {569E7885-EEDF-41BD-BDEE-13D61A1E7771}
		{2676B9F0-A71B-46F7-855D-9AF861858EF6} = {2676B9F0-A71B-46F7-855D-9AF861858EF6}
		{B9C8DB91-6FB4-41B8-86D2-636A4EFE00C4} = {B9C8DB91-6FB4-41B8-86D2-636A4EFE00C4}
		{DD336D0B-22D7-4764-ADFE-C550CA45DF8E} = {DD336D0B-22D7-4764-ADFE-C550CA45DF8E}
		{84E4F433-C5A4-4141-A50F-16DAD791A7D0} = {84E4F433-C5A4-4141-A50F-16DAD791A7D0}
		{3FBF7079-6A37-424B-81F5-4775F854841D} = {3FBF7079-6A37-424B-81F5-4775F854841D}
		{1C31806A-9512-40AA-AA81-4409007D4992} = {1C31806A-9512-40AA-AA81-4409007D4992}
		{000CA3D8-6B81-4BA3-B67F-5108869A8572} = {000CA3D8-6B81-4BA3-B67F-5108869A8572}
		{8529D91A-1EB1-445B-9D87-499C5D8A769D} = {8529D91A-1EB1-445B-9D87-499C5D8A769D}
	EndProjectSection
EndProject
Project("{8BC9CEB8-8B4A-11D0-8D11-00A0C91BC942}") = "modiinfo", "modiinfo\modiinfo.vcproj", "{23F10F21-56EC-47AD-AB17-24096A931D35}"
	ProjectSection(ProjectDependencies) = postProject
		{7B7BBB12-8DBF-47D9-89B6-6750CE068638} = {7B7BBB12-8DBF-47D9-89B6-6750CE068638}
		{77DC93DB-D5F2-45A7-876E-0026E63C69CD} = {77DC93DB-D5F2-45A7-876E-0026E63C69CD}
		{D322384C-AC27-45CF-A175-86A90131F301} = {D322384C-AC27-45CF-A175-86A90131F301}
		{3FC2FB14-8299-4F99-BC32-F90E98973259} = {3FC2FB14-8299-4F99-BC32-F90E98973259}
	EndProjectSection
EndProject
Project("{8BC9CEB8-8B4A-11D0-8D11-00A0C91BC942}") = "modimount", "modimount\modimount.vcproj", "{08E2EE0D-5B09-4DE0-B368-5DE04AEA4E3A}"
	ProjectSection(ProjectDependencies) = postProject
		{1AB63D0F-06E9-4918-969D-8E918FA0B4E5} = {1AB63D0F-06E9-4918-969D-8E918FA0B4E5}
		{D14D7C35-1C00-40FD-BDA3-EB3B575AB8FE} = {D14D7C35-1C00-40FD-BDA3-EB3B575AB8FE}
		{7B7BBB12-8DBF-47D9-89B6-6750CE068638} = {7B7BBB12-8DBF-47D9-89B6-6750CE068638}
		{77DC93DB-D5F2-45A7-876E-0026E63C69CD} = {77DC93DB-D5F2-45A7-876E-0026E63C69CD}
		{A4D9A2AB-CA1E-4717-8CCB-6425026652D0} = {A4D9A2AB-CA1E-4717-8CCB-6425026652D0}
		{D322384C-AC27-45CF-A175-86A90131F301} = {D322384C-AC27-45CF-A175-86A90131F301}
		{3FC2FB14-8299-4F99-BC32-F90E98973259} = {3FC2FB14-8299-4F99-BC32-F90E98973259}
	EndProjectSection
EndProject
Project("{8BC9CEB8-8B4A-11D0-8D11-00A0C91BC942}") = "pymodi", "pymodi\pymodi.vcproj", "{A7AFEDC1-D586-4FD4-8EDC-174888602605}"
	ProjectSection(ProjectDependencies) = postProject
		{3FC2FB14-8299-4F99-BC32-F90E98973259} = {3FC2FB14-8299-4F99-BC32-F90E98973259}
		{D322384C-AC27-45CF-A175-86A90131F301} = {D322384C-AC27-45CF-A175-86A90131F301}
		{A4D9A2AB-CA1E-4717-8CCB-6425026652D0} = {A4D9A2AB-CA1E-4717-8CCB-6425026652D0}
		{77DC93DB-D5F2-45A7-876E-0026E63C69CD} = {77DC93DB-D5F2-45A7-876E-0026E63C69CD}
		{D14D7C35-1C00-40FD-BDA3-EB3B575AB8FE} = {D14D7C35-1C00-40FD-BDA3-EB3B575AB8FE}
		{CFC4E74A-FF99-4E5B-9762-678D2F6112B2} = {CFC4E74A-FF99-4E5B-9762-678D2F6112B2}
		{1EE3644C-5E9C-4F13-882A-2EAEB3E3E3B9} = {1EE3644C-5E9C-4F13-882A-2EAEB3E3E3B9}
		{1AB63D0F-06E9-4918-969D-8E918FA0B4E5} = {1AB63D0F-06E9-4918-969D-8E918FA0B4E5}
		{0363C5EF-0C84-48C8-B3FE-816050D53FFA} = {0363C5EF-0C84-48C8-B3FE-816050D53FFA}
	EndProjectSection
EndProject
Project("{8BC9CEB8-8B4A-11D0-8D11-00A0C91BC942}") = "modi_test_adc", "modi_test_adc\modi_test_adc.vcproj", "{038D6A73-3215-43F8-8494-78023597AE08}"
	ProjectSection(ProjectDependencies) = postProject
		{7B7BBB12-8DBF-47D9-89B6-6750CE068638} = {7B7BBB12-8DBF-47D9-89B6-6750CE068638}
		{D322384C-AC27-45CF-A175-86A90131F301} = {D322384C-AC27-45CF-A175-86A90131F301}
		{3FC2FB14-8299-4F99-BC32-F90E98973259} = {3FC2FB14-8299-4F99-BC32-F90E98973259}
	EndProjectSection
EndProject
Project("{8BC9CEB8-8B4A-11D0-8D11-00A0C91BC942}") = "modi_test_bands_data_handle", "modi_test_bands_data_handle\modi_test_bands_data_handle.vcproj", "{B2E4BB52-7E21-4F9A-AC2E-D9CCBE167DCC}"
	ProjectSection(ProjectDependencies) = postProject
		{D322384C-AC27-45CF-A175-86A90131F301} = {D322384C-AC27-45CF-A175-86A90131F301}
		{3FC2FB14-8299-4F99-BC32-F90E98973259} = {3FC2FB14-8299-4F99-BC32-F90E98973259}
	EndProjectSection
EndProject
Project("{8BC9CEB8-8B4A-11D0-8D11-00A0C91BC942}") = "modi_test_bit_stream", "modi_test_bit_stream\modi_test_bit_stream.vcproj", "{8D08F484-C937-481A-ACA9-50A1B7D1A79B}"
	ProjectSection(ProjectDependencies) = postProject
		{D322384C-AC27-45CF-A175-86A90131F301} = {D322384C-AC27-45CF-A175-86A90131F301}
		{3FC2FB14-8299-4F99-BC32-F90E98973259} = {3FC2FB14-8299-4F99-BC32-F90E98973259}
	EndProjectSection
EndProject
Project("{8BC9CEB8-8B4A-11D0-8D11-00A0C91BC942}") = "modi_test_bzip", "modi_test_bzip\modi_test_bzip.vcproj", "{21FA4B26-B159-412A-A393-2D31DBD0EA49}"
	ProjectSection(ProjectDependencies) = postProject
		{7B7BBB12-8DBF-47D9-89B6-6750CE068638} = {7B7BBB12-8DBF-47D9-89B6-6750CE068638}
		{D322384C-AC27-45CF-A175-86A90131F301} = {D322384C-AC27-45CF-A175-86A90131F301}
		{3FC2FB14-8299-4F99-BC32-F90E98973259} = {3FC2FB14-8299-4F99-BC32-F90E98973259}
	EndProjectSection
EndProject
Project("{8BC9CEB8-8B4A-11D0-8D11-00A0C91BC942}") = "modi_test_data_block", "modi_test_data_block\modi_test_data_block.vcproj", "{69977EEC-A232-4EE4-AEFB-DC20ECAFC7A7}"
	ProjectSection(ProjectDependencies) = postProject
		{0363C5EF-0C84-48C8-B3FE-816050D53FFA} = {0363C5EF-0C84-48C8-B3FE-816050D53FFA}
		{1AB63D0F-06E9-4918-969D-8E918FA0B4E5} = {1AB63D0F-06E9-4918-969D-8E918FA0B4E5}
		{1EE3644C-5E9C-4F13-882A-2EAEB3E3E3B9} = {1EE3644C-5E9C-4F13-882A-2EAEB3E3E3B9}
		{CFC4E74A-FF99-4E5B-9762-678D2F6112B2} = {CFC4E74A-FF99-4E5B-9762-678D2F6112B2}
		{D14D7C35-1C00-40FD-BDA3-EB3B575AB8FE} = {D14D7C35-1C00-40FD-BDA3-EB3B575AB8FE}
		{7B7BBB12-8DBF-47D9-89B6-6750CE068638} = {7B7BBB12-8DBF-47D9-89B6-6750CE068638}
		{77DC93DB-D5F2-45A7-876E-0026E63C69CD} = {77DC93DB-D5F2-45A7-876E-0026E63C69CD}
		{A4D9A2AB-CA1E-4717-8CCB-6425026652D0} = {A4D9A2AB-CA1E-4717-8CCB-6425026652D0}
		{D322384C-AC27-45CF-A175-86A90131F301} = {D322384C-AC27-45CF-A175-86A90131F301}
		{3FC2FB14-8299-4F99-BC32-F90E98973259} = {3FC2FB14-8299-4F99-BC32-F90E98973259}
	EndProjectSection
EndProject
Project("{8BC9CEB8-8B4A-11D0-8D11-00A0C91BC942}") = "modi_test_deflate", "modi_test_deflate\modi_test_deflate.vcproj", "{8FF5AC9E-DCCC-4B9D-BC0D-A31B89A9CAEB}"
	ProjectSection(ProjectDependencies) = postProject
		{7B7BBB12-8DBF-47D9-89B6-6750CE068638} = {7B7BBB12-8DBF-47D9-89B6-6750CE068638}
		{D322384C-AC27-45CF-A175-86A90131F301} = {D322384C-AC27-45CF-A175-86A90131F301}
		{3FC2FB14-8299-4F99-BC32-F90E98973259} = {3FC2FB14-8299-4F99-BC32-F90E98973259}
	EndProjectSection
EndProject
Project("{8BC9CEB8-8B4A-11D0-8D11-00A0C91BC942}") = "modi_test_error", "modi_test_error\modi_test_error.vcproj", "{AACDB828-CF76-42C5-991F-FF416D9165A2}"
	ProjectSection(ProjectDependencies) = postProject
		{D322384C-AC27-45CF-A175-86A90131F301} = {D322384C-AC27-45CF-A175-86A90131F301}
	EndProjectSection
EndProject
Project("{8BC9CEB8-8B4A-11D0-8D11-00A0C91BC942}") = "modi_test_handle", "modi_test_handle\modi_test_handle.vcproj", "{E64F585B-6677-4C9A-81D3-03C53D17407A}"
	ProjectSection(ProjectDependencies) = postProject
		{0363C5EF-0C84-48C8-B3FE-816050D53FFA} = {0363C5EF-0C84-48C8-B3FE-816050D53FFA}
		{1AB63D0F-06E9-4918-969D-8E918FA0B4E5} = {1AB63D0F-06E9-4918-969D-8E918FA0B4E5}
		{1EE3644C-5E9C-4F13-882A-2EAEB3E3E3B9} = {1EE3644C-5E9C-4F13-882A-2EAEB3E3E3B9}
		{61CB2C72-A347-4842-A1F0-9B379A54DDEC} = {61CB2C72-A347-4842-A1F0-9B379A54DDEC}
		{CFC4E74A-FF99-4E5B-9762-678D2F6112B2} = {CFC4E74A-FF99-4E5B-9762-678D2F6112B2}
		{D14D7C35-1C00-40FD-BDA3-EB3B575AB8FE} = {D14D7C35-1C00-40FD-BDA3-EB3B575AB8FE}
		{7B7BBB12-8DBF-47D9-89B6-6750CE068638} = {7B7BBB12-8DBF-47D9-89B6-6750CE068638}
		{77DC93DB-D5F2-45A7-876E-0026E63C69CD} = {77DC93DB-D5F2-45A7-876E-0026E63C69CD}
		{A4D9A2AB-CA1E-4717-8CCB-6425026652D0} = {A4D9A2AB-CA1E-4717-8CCB-6425026652D0}
		{D322384C-AC27-45CF-A175-86A90131F301} = {D322384C-AC27-45CF-A175-86A90131F301}
		{BD945E82-5F19-4038-9BB0-2AB3652D84E0} = {BD945E82-5F19-4038-9BB0-2AB3652D84E0}
		{3FC2FB14-8299-4F99-BC32-F90E98973259} = {3FC2FB14-8299-4F99-BC32-F90E98973259}
	EndProjectSection
EndProject
Project("{8BC9CEB8-8B4A-11D0-8D11-00A0C91BC942}") = "modi_test_huffman_tree", "modi_test_huffman_tree\modi_test_huffman_tree.vcproj", "{480A2FAB-9E20-4F54-A53B-188375873B87}"
	ProjectSection(ProjectDependencies) = postProject
		{D322384C-AC27-45CF-A175-86A90131F301} = {D322384C-AC27-45CF-A175-86A90131F301}
		{3FC2FB14-8299-4F99-BC32-F90E98973259} = {3FC2FB14-8299-4F99-BC32-F90E98973259}
	EndProjectSection
EndProject
Project("{8BC9CEB8-8B4A-11D0-8D11-00A0C91BC942}") = "modi_test_io_handle", "modi_test_io_handle\modi_test_io_handle.vcproj", "{C564A35E-EF34-4893-BE35-21A22667AEA8}"
	ProjectSection(ProjectDependencies) = postProject
		{D322384C-AC27-45CF-A175-86A90131F301} = {D322384C-AC27-45CF-A175-86A90131F301}
		{3FC2FB14-8299-4F99-BC32-F90E98973259} = {3FC2FB14-8299-4F99-BC32-F90E98973259}
	EndProjectSection
EndProject
Project("{8BC9CEB8-8B4A-11D0-8D11-00A0C91BC942}") = "modi_test_notify", "modi_test_notify\modi_test_notify.vcproj", "{3CEA1F9C-2D56-4B20-97AF-49F0CA0AB9FC}"
	ProjectSection(ProjectDependencies) = postProject
		{D322384C-AC27-45CF-A175-86A90131F301} = {D322384C-AC27-45CF-A175-86A90131F301}
		{3FC2FB14-8299-4F99-BC32-F90E98973259} = {3FC2FB14-8299-4F99-BC32-F90E98973259}
	EndProjectSection
EndProject
Project("{8BC9CEB8-8B4A-11D0-8D11-00A0C91BC942}") = "modi_test_sparse_bundle_xml_plist", "modi_test_sparse_bundle_xml_plist\modi_test_sparse_bundle_xml_plist.vcproj", "{3BC184B2-6ED5-4417-9D76-D4DBAE23F29B}"
	ProjectSection(ProjectDependencies) = postProject
		{0363C5EF-0C84-48C8-B3FE-816050D53FFA} = {0363C5EF-0C84-48C8-B3FE-816050D53FFA}
		{1AB63D0F-06E9-4918-969D-8E918FA0B4E5} = {1AB63D0F-06E9-4918-969D-8E918FA0B4E5}
		{1EE3644C-5E9C-4F13-882A-2EAEB3E3E3B9} = {1EE3644C-5E9C-4F13-882A-2EAEB3E3E3B9}
		{CFC4E74A-FF99-4E5B-9762-678D2F6112B2} = {CFC4E74A-FF99-4E5B-9762-678D2F6112B2}
		{D14D7C35-1C00-40FD-BDA3-EB3B575AB8FE} = {D14D7C35-1C00-40FD-BDA3-EB3B575AB8FE}
		{7B7BBB12-8DBF-47D9-89B6-6750CE068638} = {7B7BBB12-8DBF-47D9-89B6-6750CE068638}
		{77DC93DB-D5F2-45A7-876E-0026E63C69CD} = {77DC93DB-D5F2-45A7-876E-0026E63C69CD}
		{A4D9A2AB-CA1E-4717-8CCB-6425026652D0} = {A4D9A2AB-CA1E-4717-8CCB-6425026652D0}
		{D322384C-AC27-45CF-A175-86A90131F301} = {D322384C-AC27-45CF-A175-86A90131F301}
		{3FC2FB14-8299-4F99-BC32-F90E98973259} = {3FC2FB14-8299-4F99-BC32-F90E98973259}
	EndProjectSection
EndProject
Project("{8BC9CEB8-8B4A-11D0-8D11-00A0C91BC942}") = "modi_test_sparse_image_header", "modi_test_sparse_image_header\modi_test_sparse_image_header.vcproj", "{BCA378A4-A9DB-4BED-9ACD-BD59E994BFB4}"
	ProjectSection(ProjectDependencies) = postProject
		{0363C5EF-0C84-48C8-B3FE-816050D53FFA} = {0363C5EF-0C84-48C8-B3FE-816050D53FFA}
		{1AB63D0F-06E9-4918-969D-8E918FA0B4E5} = {1AB63D0F-06E9-4918-969D-8E918FA0B4E5}
		{1EE3644C-5E9C-4F13-882A-2EAEB3E3E3B9} = {1EE3644C-5E9C-4F13-882A-2EAEB3E3E3B9}
		{CFC4E74A-FF99-4E5B-9762-678D2F6112B2} = {CFC4E74A-FF99-4E5B-9762-678D2F6112B2}
		{D14D7C35-1C00-40FD-BDA3-EB3B575AB8FE} = {D14D7C35-1C00-40FD-BDA3-EB3B575AB8FE}
		{7B7BBB12-8DBF-47D9-89B6-6750CE068638} = {7B7BBB12-8DBF-47D9-89B6-6750CE068638}
		{77DC93DB-D5F2-45A7-876E-0026E63C69CD} = {77DC93DB-D5F2-45A7-876E-0026E63C69CD}
		{A4D9A2AB-CA1E-4717-8CCB-6425026652D0} = {A4D9A2AB-CA1E-4717-8CCB-6425026652D0}
		{D322384C-AC27-45CF-A175-86A90131F301} = {D322384C-AC27-45CF-A175-86A90131F301}
		{3FC2FB14-8299-4F99-BC32-F90E98973259} = {3FC2FB14-8299-4F99-BC32-F90E98973259}
	EndProjectSection
EndProject
Project("{8BC9CEB8-8B4A-11D0-8D11-00A0C91BC942}") = "modi_test_support", "modi_test_support\modi_test_support.vcproj", "{CA24B426-0CA3-4664-BE73-4AAA674F9868}"
	ProjectSection(ProjectDependencies) = postProject
		{0363C5EF-0C84-48C8-B3FE-816050D53FFA} = {0363C5EF-0C84-48C8-B3FE-816050D53FFA}
		{1AB63D0F-06E9-4918-969D-8E918FA0B4E5} = {1AB63D0F-06E9-4918-969D-8E918FA0B4E5}
		{1EE3644C-5E9C-4F13-882A-2EAEB3E3E3B9} = {1EE3644C-5E9C-4F13-882A-2EAEB3E3E3B9}
		{61CB2C72-A347-4842-A1F0-9B379A54DDEC} = {61CB2C72-A347-4842-A1F0-9B379A54DDEC}
		{CFC4E74A-FF99-4E5B-9762-678D2F6112B2} = {CFC4E74A-FF99-4E5B-9762-678D2F6112B2}
		{D14D7C35-1C00-40FD-BDA3-EB3B575AB8FE} = {D14D7C35-1C00-40FD-BDA3-EB3B575AB8FE}
		{7B7BBB12-8DBF-47D9-89B6-6750CE068638} = {7B7BBB12-8DBF-47D9-89B6-6750CE068638}
		{77DC93DB-D5F2-45A7-876E-0026E63C69CD} = {77DC93DB-D5F2-45A7-876E-0026E63C69CD}
		{A4D9A2AB-CA1E-4717-8CCB-6425026652D0} = {A4D9A2AB-CA1E-4717-8CCB-6425026652D0}
		{D322384C-AC27-45CF-A175-86A90131F301} = {D322384C-AC27-45CF-A175-86A90131F301}
		{3FC2FB14-8299-4F99-BC32-F90E98973259} = {3FC2FB14-8299-4F99-BC32-F90E98973259}
	EndProjectSection
EndProject
Project("{8BC9CEB8-8B4A-11D0-8D11-00A0C91BC942}") = "modi_test_system_string", "modi_test_system_string\modi_test_system_string.vcproj", "{66A524A8-94E5-4C61-BEEF-FF42278C0BE5}"
	ProjectSection(ProjectDependencies) = postProject
		{D322384C-AC27-45CF-A175-86A90131F301} = {D322384C-AC27-45CF-A175-86A90131F301}
		{3FC2FB14-8299-4F99-BC32-F90E98973259} = {3FC2FB14-8299-4F99-BC32-F90E98973259}
	EndProjectSection
EndProject
Project("{8BC9CEB8-8B4A-11D0-8D11-00A0C91BC942}") = "modi_test_tools_info_handle", "modi_test_tools_info_handle\modi_test_tools_info_handle.vcproj", "{1FA6CEA5-8F7E-4C84-B252-BCD7EDAB78AE}"
	ProjectSection(ProjectDependencies) = postProject
		{77DC93DB-D5F2-45A7-876E-0026E63C69CD} = {77DC93DB-D5F2-45A7-876E-0026E63C69CD}
		{D322384C-AC27-45CF-A175-86A90131F301} = {D322384C-AC27-45CF-A175-86A90131F301}
		{3FC2FB14-8299-4F99-BC32-F90E98973259} = {3FC2FB14-8299-4F99-BC32-F90E98973259}
	EndProjectSection
EndProject
Project("{8BC9CEB8-8B4A-11D0-8D11-00A0C91BC942}") = "modi_test_tools_output", "modi_test_tools_output\modi_test_tools_output.vcproj", "{68130EE4-C705-490A-A198-BEBC8DCCA356}"
	ProjectSection(ProjectDependencies) = postProject
		{D322384C-AC27-45CF-A175-86A90131F301} = {D322384C-AC27-45CF-A175-86A90131F301}
		{3FC2FB14-8299-4F99-BC32-F90E98973259} = {3FC2FB14-8299-4F99-BC32-F90E98973259}
	EndProjectSection
EndProject
Project("{8BC9CEB8-8B4A-11D0-8D11-00A0C91BC942}") = "modi_test_tools_signal", "modi_test_tools_signal\modi_test_tools_signal.vcproj", "{84CD31E5-BCE2-494D-90B7-53528DFFA83B}"
	ProjectSection(ProjectDependencies) = postProject
		{D322384C-AC27-45CF-A175-86A90131F301} = {D322384C-AC27-45CF-A175-86A90131F301}
		{3FC2FB14-8299-4F99-BC32-F90E98973259} = {3FC2FB14-8299-4F99-BC32-F90E98973259}
	EndProjectSection
EndProject
Project("{8BC9CEB8-8B4A-11D0-8D11-00A0C91BC942}") = "modi_test_udif_block_table", "modi_test_udif_block_table\modi_test_udif_block_table.vcproj", "{8DB61665-165A-42B6-B29A-15021791610A}"
	ProjectSection(ProjectDependencies) = postProject
		{D322384C-AC27-45CF-A175-86A90131F301} = {D322384C-AC27-45CF-A175-86A90131F301}
		{3FC2FB14-8299-4F99-BC32-F90E98973259} = {3FC2FB14-8299-4F99-BC32-F90E98973259}
	EndProjectSection
EndProject
Project("{8BC9CEB8-8B4A-11D0-8D11-00A0C91BC942}") = "modi_test_udif_block_table_entry", "modi_test_udif_block_table_entry\modi_test_udif_block_table_entry.vcproj", "{37C4C85B-B040-40B1-91D8-D73672DA662E}"
	ProjectSection(ProjectDependencies) = postProject
		{D322384C-AC27-45CF-A175-86A90131F301} = {D322384C-AC27-45CF-A175-86A90131F301}
		{3FC2FB14-8299-4F99-BC32-F90E98973259} = {3FC2FB14-8299-4F99-BC32-F90E98973259}
	EndProjectSection
EndProject
Project("{8BC9CEB8-8B4A-11D0-8D11-00A0C91BC942}") = "modi_test_udif_resource_file", "modi_test_udif_resource_file\modi_test_udif_resource_file.vcproj", "{A4136F9B-9834-4489-A5C1-1AC3A6C5A8B7}"
	ProjectSection(ProjectDependencies) = postProject
		{0363C5EF-0C84-48C8-B3FE-816050D53FFA} = {0363C5EF-0C84-48C8-B3FE-816050D53FFA}
		{1AB63D0F-06E9-4918-969D-8E918FA0B4E5} = {1AB63D0F-06E9-4918-969D-8E918FA0B4E5}
		{1EE3644C-5E9C-4F13-882A-2EAEB3E3E3B9} = {1EE3644C-5E9C-4F13-882A-2EAEB3E3E3B9}
		{CFC4E74A-FF99-4E5B-9762-678D2F6112B2} = {CFC4E74A-FF99-4E5B-9762-678D2F6112B2}
		{D14D7C35-1C00-40FD-BDA3-EB3B575AB8FE} = {D14D7C35-1C00-40FD-BDA3-EB3B575AB8FE}
		{7B7BBB12-8DBF-47D9-89B6-6750CE068638} = {7B7BBB12-8DBF-47D9-89B6-6750CE068638}
		{77DC93DB-D5F2-45A7-876E-0026E63C69CD} = {77DC93DB-D5F2-45A7-876E-0026E63C69CD}
		{A4D9A2AB-CA1E-4717-8CCB-6425026652D0} = {A4D9A2AB-CA1E-4717-8CCB-6425026652D0}
		{D322384C-AC27-45CF-A175-86A90131F301} = {D322384C-AC27-45CF-A175-86A90131F301}
		{3FC2FB14-8299-4F99-BC32-F90E98973259} = {3FC2FB14-8299-4F99-BC32-F90E98973259}
	EndProjectSection
EndProject
Project("{8BC9CEB8-8B4A-11D0-8D11-00A0C91BC942}") = "modi_test_udif_xml_plist", "modi_test_udif_xml_plist\modi_test_udif_xml_plist.vcproj", "{8539E282-4BDF-4C9F-8B72-2DB3B53F2E09}"
	ProjectSection(ProjectDependencies) = postProject
		{0363C5EF-0C84-48C8-B3FE-816050D53FFA} = {0363C5EF-0C84-48C8-B3FE-816050D53FFA}
		{1AB63D0F-06E9-4918-969D-8E918FA0B4E5} = {1AB63D0F-06E9-4918-969D-8E918FA0B4E5}
		{1EE3644C-5E9C-4F13-882A-2EAEB3E3E3B9} = {1EE3644C-5E9C-4F13-882A-2EAEB3E3E3B9}
		{CFC4E74A-FF99-4E5B-9762-678D2F6112B2} = {CFC4E74A-FF99-4E5B-9762-678D2F6112B2}
		{D14D7C35-1C00-40FD-BDA3-EB3B575AB8FE} = {D14D7C35-1C00-40FD-BDA3-EB3B575AB8FE}
		{7B7BBB12-8DBF-47D9-89B6-6750CE068638} = {7B7BBB12-8DBF-47D9-89B6-6750CE068638}
		{77DC93DB-D5F2-45A7-876E-0026E63C69CD} = {77DC93DB-D5F2-45A7-876E-0026E63C69CD}
		{A4D9A2AB-CA1E-4717-8CCB-6425026652D0} = {A4D9A2AB-CA1E-4717-8CCB-6425026652D0}
		{D322384C-AC27-45CF-A175-86A90131F301} = {D322384C-AC27-45CF-A175-86A90131F301}
		{3FC2FB14-8299-4F99-BC32-F90E98973259} = {3FC2FB14-8299-4F99-BC32-F90E98973259}
	EndProjectSection
EndProject
Project("{8BC9CEB8-8B4A-11D0-8D11-00A0C91BC942}") = "libbfio", "libbfio\libbfio.vcproj", "{0363C5EF-0C84-48C8-B3FE-816050D53FFA}"
	ProjectSection(ProjectDependencies) = postProject
		{3FC2FB14-8299-4F99-BC32-F90E98973259} = {3FC2FB14-8299-4F99-BC32-F90E98973259}
		{BD945E82-5F19-4038-9BB0-2AB3652D84E0} = {BD945E82-5F19-4038-9BB0-2AB3652D84E0}
		{77DC93DB-D5F2-45A7-876E-0026E63C69CD} = {77DC93DB-D5F2-45A7-876E-0026E63C69CD}
		{7B7BBB12-8DBF-47D9-89B6-6750CE068638} = {7B7BBB12-8DBF-47D9-89B6-6750CE068638}
		{A4D9A2AB-CA1E-4717-8CCB-6425026652D0} = {A4D9A2AB-CA1E-4717-8CCB-6425026652D0}
		{D14D7C35-1C00-40FD-BDA3-EB3B575AB8FE} = {D14D7C35-1C00-40FD-BDA3-EB3B575AB8FE}
		{1EE3644C-5E9C-4F13-882A-2EAEB3E3E3B9} = {1EE3644C-5E9C-4F13-882A-2EAEB3E3E3B9}
		{1AB63D0F-06E9-4918-969D-8E918FA0B4E5} = {1AB63D0F-06E9-4918-969D-8E918FA0B4E5}
		{CFC4E74A-FF99-4E5B-9762-678D2F6112B2} = {CFC4E74A-FF99-4E5B-9762-678D2F6112B2}
	EndProjectSection
EndProject
Project("{8BC9CEB8-8B4A-11D0-8D11-00A0C91BC942}") = "libcaes", "libcaes\libcaes.vcproj", "{1C31806A-9512-40AA-AA81-4409007D4992}"
	ProjectSection(ProjectDependencies) = postProject
		{3FC2FB14-8299-4F99-BC32-F90E98973259} = {3FC2FB14-8299-4F99-BC32-F90E98973259}
	EndProjectSection
EndProject
Project("{8BC9CEB8-8B4A-11D0-8D11-00A0C91BC942}") = "libcdata", "libcdata\libcdata.vcproj", "{A4D9A2AB-CA1E-4717-8CCB-6425026652D0}"
	ProjectSection(ProjectDependencies) = postProject
		{3FC2FB14-8299-4F99-BC32-F90E98973259} = {3FC2FB14-8299-4F99-BC32-F90E98973259}
		{BD945E82-5F19-4038-9BB0-2AB3652D84E0} = {BD945E82-5F19-4038-9BB0-2AB3652D84E0}
	EndProjectSection
EndProject
Project("{8BC9CEB8-8B4A-11D0-8D11-00A0C91BC942}") = "libcdirectory", "libcdirectory\libcdirectory.vcproj", "{61CB2C72-A347-4842-A1F0-9B379A54DDEC}"
	ProjectSection(ProjectDependencies) = postProject
		{3FC2FB14-8299-4F99-BC32-F90E98973259} = {3FC2FB14-8299-4F99-BC32-F90E98973259}
		{77DC93DB-D5F2-45A7-876E-0026E63C69CD} = {77DC93DB-D5F2-45A7-876E-0026E63C69CD}
		{CFC4E74A-FF99-4E5B-9762-678D2F6112B2} = {CFC4E74A-FF99-4E5B-9762-678D2F6112B2}
	EndProjectSection
EndProject
Project("{8BC9CEB8-8B4A-11D0-8D11-00A0C91BC942}") = "libcerror", "libcerror\libcerror.vcproj", "{3FC2FB14-8299-4F99-BC32-F90E98973259}"
EndProject
Project("{8BC9CEB8-8B4A-11D0-8D11-00A0C91BC942}") = "libcfile", "libcfile\libcfile.vcproj", "{1EE3644C-5E9C-4F13-882A-2EAEB3E3E3B9}"
	ProjectSection(ProjectDependencies) = postProject
		{3FC2FB14-8299-4F99-BC32-F90E98973259} = {3FC2FB14-8299-4F99-BC32-F90E98973259}
		{77DC93DB-D5F2-45A7-876E-0026E63C69CD} = {77DC93DB-D5F2-45A7-876E-0026E63C69CD}
		{7B7BBB12-8DBF-47D9-89B6-6750CE068638} = {7B7BBB12-8DBF-47D9-89B6-6750CE068638}
		{CFC4E74A-FF99-4E5B-9762-678D2F6112B2} = {CFC4E74A-FF99-4E5B-9762-678D2F6112B2}
	EndProjectSection
EndProject
Project("{8BC9CEB8-8B4A-11D0-8D11-00A0C91BC942}") = "libclocale", "libclocale\libclocale.vcproj", "{77DC93DB-D5F2-45A7-876E-0026E63C69CD}"
	ProjectSection(ProjectDependencies) = postProject
		{3FC2FB14-8299-4F99-BC32-F90E98973259} = {3FC2FB14-8299-4F99-BC32-F90E98973259}
	EndProjectSection
EndProject
Project("{8BC9CEB8-8B4A-11D0-8D11-00A0C91BC942}") = "libcnotify", "libcnotify\libcnotify.vcproj", "{7B7BBB12-8DBF-47D9-89B6-6750CE068638}"
	ProjectSection(ProjectDependencies) = postProject
		{3FC2FB14-8299-4F99-BC32-F90E98973259} = {3FC2FB14-8299-4F99-BC32-F90E98973259}
	EndProjectSection
EndProject
Project("{8BC9CEB8-8B4A-11D0-8D11-00A0C91BC942}") = "libcpath", "libcpath\libcpath.vcproj", "{1AB63D0F-06E9-4918-969D-8E918FA0B4E5}"
	ProjectSection(ProjectDependencies) = postProject
		{3FC2FB14-8299-4F99-BC32-F90E98973259} = {3FC2FB14-8299-4F99-BC32-F90E98973259}
		{77DC93DB-D5F2-45A7-876E-0026E63C69CD} = {77DC93DB-D5F2-45A7-876E-0026E63C69CD}
		{D14D7C35-1C00-40FD-BDA3-EB3B575AB8FE} = {D14D7C35-1C00-40FD-BDA3-EB3B575AB8FE}
		{CFC4E74A-FF99-4E5B-9762-678D2F6112B2} = {CFC4E74A-FF99-4E5B-9762-678D2F6112B2}
	EndProjectSection
EndProject
Project("{8BC9CEB8-8B4A-11D0-8D11-00A0C91BC942}") = "libcsplit", "libcsplit\libcsplit.vcproj", "{D14D7C35-1C00-40FD-BDA3-EB3B575AB8FE}"
	ProjectSection(ProjectDependencies) = postProject
		{3FC2FB14-8299-4F99-BC32-F90E98973259} = {3FC2FB14-8299-4F99-BC32-F90E98973259}
	EndProjectSection
EndProject
Project("{8BC9CEB8-8B4A-11D0-8D11-00A0C91BC942}") = "libcthreads", "libcthreads\libcthreads.vcproj", "{BD945E82-5F19-4038-9BB0-2AB3652D84E0}"
	ProjectSection(ProjectDependencies) = postProject
		{3FC2FB14-8299-4F99-BC32-F90E98973259} = {3FC2FB14-8299-4F99-BC32-F90E98973259}
	EndProjectSection
EndProject
Project("{8BC9CEB8-8B4A-11D0-8D11-00A0C91BC942}") = "libfcache", "libfcache\libfcache.vcproj", "{569E7885-EEDF-41BD-BDEE-13D61A1E7771}"
	ProjectSection(ProjectDependencies) = postProject
		{3FC2FB14-8299-4F99-BC32-F90E98973259} = {3FC2FB14-8299-4F99-BC32-F90E98973259}
		{BD945E82-5F19-4038-9BB0-2AB3652D84E0} = {BD945E82-5F19-4038-9BB0-2AB3652D84E0}
		{A4D9A2AB-CA1E-4717-8CCB-6425026652D0} = {A4D9A2AB-CA1E-4717-8CCB-6425026652D0}
	EndProjectSection
EndProject
Project("{8BC9CEB8-8B4A-11D0-8D11-00A0C91BC942}") = "libfdata", "libfdata\libfdata.vcproj", "{2676B9F0-A71B-46F7-855D-9AF861858EF6}"
	ProjectSection(ProjectDependencies) = postProject
		{3FC2FB14-8299-4F99-BC32-F90E98973259} = {3FC2FB14-8299-4F99-BC32-F90E98973259}
		{BD945E82-5F19-4038-9BB0-2AB3652D84E0} = {BD945E82-5F19-4038-9BB0-2AB3652D84E0}
		{A4D9A2AB-CA1E-4717-8CCB-6425026652D0} = {A4D9A2AB-CA1E-4717-8CCB-6425026652D0}
		{7B7BBB12-8DBF-47D9-89B6-6750CE068638} = {7B7BBB12-8DBF-47D9-89B6-6750CE068638}
		{569E7885-EEDF-41BD-BDEE-13D61A1E7771} = {569E7885-EEDF-41BD-BDEE-13D61A1E7771}
	EndProjectSection
EndProject
Project("{8BC9CEB8-8B4A-11D0-8D11-00A0C91BC942}") = "libfguid", "libfguid\libfguid.vcproj", "{B9C8DB91-6FB4-41B8-86D2-636A4EFE00C4}"
	ProjectSection(ProjectDependencies) = postProject
		{3FC2FB14-8299-4F99-BC32-F90E98973259} = {3FC2FB14-8299-4F99-BC32-F90E98973259}
	EndProjectSection
EndProject
Project("{8BC9CEB8-8B4A-11D0-8D11-00A0C91BC942}") = "libfplist", "libfplist\libfplist.vcproj", "{84E4F433-C5A4-4141-A50F-16DAD791A7D0}"
	ProjectSection(ProjectDependencies) = postProject
		{3FC2FB14-8299-4F99-BC32-F90E98973259} = {3FC2FB14-8299-4F99-BC32-F90E98973259}
		{A4D9A2AB-CA1E-4717-8CCB-6425026652D0} = {A4D9A2AB-CA1E-4717-8CCB-6425026652D0}
		{7B7BBB12-8DBF-47D9-89B6-6750CE068638} = {7B7BBB12-8DBF-47D9-89B6-6750CE068638}
		{CFC4E74A-FF99-4E5B-9762-678D2F6112B2} = {CFC4E74A-FF99-4E5B-9762-678D2F6112B2}
		{B9C8DB91-6FB4-41B8-86D2-636A4EFE00C4} = {B9C8DB91-6FB4-41B8-86D2-636A4EFE00C4}
		{DD336D0B-22D7-4764-ADFE-C550CA45DF8E} = {DD336D0B-22D7-4764-ADFE-C550CA45DF8E}
	EndProjectSection
EndProject
Project("{8BC9CEB8-8B4A-11D0-8D11-00A0C91BC942}") = "libfvalue", "libfvalue\libfvalue.vcproj", "{DD336D0B-22D7-4764-ADFE-C550CA45DF8E}"
	ProjectSection(ProjectDependencies) = postProject
		{3FC2FB14-8299-4F99-BC32-F90E98973259} = {3FC2FB14-8299-4F99-BC32-F90E98973259}
		{BD945E82-5F19-4038-9BB0-2AB3652D84E0} = {BD945E82-5F19-4038-9BB0-2AB3652D84E0}
		{A4D9A2AB-CA1E-4717-8CCB-6425026652D0} = {A4D9A2AB-CA1E-4717-8CCB-6425026652D0}
		{7B7BBB12-8DBF-47D9-89B6-6750CE068638} = {7B7BBB12-8DBF-47D9-89B6-6750CE068638}
		{CFC4E74A-FF99-4E5B-9762-678D2F6112B2} = {CFC4E74A-FF99-4E5B-9762-678D2F6112B2}
		{B9C8DB91-6FB4-41B8-86D2-636A4EFE00C4} = {B9C8DB91-6FB4-41B8-86D2-636A4EFE00C4}
	EndProjectSection
EndProject
Project("{8BC9CEB8-8B4A-11D0-8D11-00A0C91BC942}") = "libhmac", "libhmac\libhmac.vcproj", "{3FBF7079-6A37-424B-81F5-4775F854841D}"
	ProjectSection(ProjectDependencies) = postProject
		{3FC2FB14-8299-4F99-BC32-F90E98973259} = {3FC2FB14-8299-4F99-BC32-F90E98973259}
	EndProjectSection
EndProject
Project("{8BC9CEB8-8B4A-11D0-8D11-00A0C91BC942}") = "libuna", "libuna\libuna.vcproj", "{CFC4E74A-FF99-4E5B-9762-678D2F6112B2}"
	ProjectSection(ProjectDependencies) = postProject
		{3FC2FB14-8299-4F99-BC32-F90E98973259} = {3FC2FB14-8299-4F99-BC32-F90E98973259}
	EndProjectSection
EndProject
Project("{8BC9CEB8-8B4A-11D0-8D11-00A0C91BC942}") = "bzip2", "bzip2\bzip2.vcproj", "{000CA3D8-6B81-4BA3-B67F-5108869A8572}"
EndProject
Project("{8BC9CEB8-8B4A-11D0-8D11-00A0C91BC942}") = "zlib", "zlib\zlib.vcproj", "{8529D91A-1EB1-445B-9D87-499C5D8A769D}"
EndProject
Global
	GlobalSection(SolutionConfigurationPlatforms) = preSolution
		Release|Win32 = Release|Win32
		VSDebug|Win32 = VSDebug|Win32
	EndGlobalSection
	GlobalSection(ProjectConfigurationPlatforms) = postSolution
		{D322384C-AC27-45CF-A175-86A90131F301}.Release|Win32.ActiveCfg = Release|Win32
		{D322384C-AC27-45CF-A175-86A90131F301}.Release|Win32.Build.0 = Release|Win32
		{D322384C-AC27-45CF-A175-86A90131F301}.VSDebug|Win32.ActiveCfg = VSDebug|Win32
		{D322384C-AC27-45CF-A175-86A90131F301}.VSDebug|Win32.Build.0 = VSDebug|Win32
		{23F10F21-56EC-47AD-AB17-24096A931D35}.Release|Win32.ActiveCfg = Release|Win32
		{23F10F21-56EC-47AD-AB17-24096A931D35}.Release|Win32.Build.0 = Release|Win32
		{23F10F21-56EC-47AD-AB17-24096A931D35}.VSDebug|Win32.ActiveCfg = VSDebug|Win32
		{23F10F21-56EC-47AD-AB17-24096A931D35}.VSDebug|Win32.Build.0 = VSDebug|Win32
		{08E2EE0D-5B09-4DE0-B368-5DE04AEA4E3A}.Release|Win32.ActiveCfg = Release|Win32
		{08E2EE0D-5B09-4DE0-B368-5DE04AEA4E3A}.Release|Win32.Build.0 = Release|Win32
		{08E2EE0D-5B09-4DE0-B368-5DE04AEA4E3A}.VSDebug|Win32.ActiveCfg = VSDebug|Win32
		{08E2EE0D-5B09-4DE0-B368-5DE04AEA4E3A}.VSDebug|Win32.Build.0 = VSDebug|Win32
		{A7AFEDC1-D586-4FD4-8EDC-174888602605}.Release|Win32.ActiveCfg = Release|Win32
		{A7AFEDC1-D586-4FD4-8EDC-174888602605}.Release|Win32.Build.0 = Release|Win32
		{A7AFEDC1-D586-4FD4-8EDC-174888602605}.VSDebug|Win32.ActiveCfg = VSDebug|Win32
		{A7AFEDC1-D586-4FD4-8EDC-174888602605}.VSDebug|Win32.Build.0 = VSDebug|Win32
		{038D6A73-3215-43F8-8494-78023597AE08}.Release|Win32.ActiveCfg = Release|Win32
		{038D6A73-3215-43F8-8494-78023597AE08}.Release|Win32.Build.0 = Release|Win32
		{038D6A73-3215-43F8-8494-78023597AE08}.VSDebug|Win32.ActiveCfg = VSDebug|Win32
		{038D6A73-3215-43F8-8494-78023597AE08}.VSDebug|Win32.Build.0 = VSDebug|Win32
		{B2E4BB52-7E21-4F9A-AC2E-D9CCBE167DCC}.Release|Win32.ActiveCfg = Release|Win32
		{B2E4BB52-7E21-4F9A-AC2E-D9CCBE167DCC}.Release|Win32.Build.0 = Release|Win32
		{B2E4BB52-7E21-4F9A-AC2E-D9CCBE167DCC}.VSDebug|Win32.ActiveCfg = VSDebug|Win32
		{B2E4BB52-7E21-4F9A-AC2E-D9CCBE167DCC}.VSDebug|Win32.Build.0 = VSDebug|Win32
		{8D08F484-C937-481A-ACA9-50A1B7D1A79B}.Release|Win32.ActiveCfg = Release|Win32
		{8D08F484-C937-481A-ACA9-50A1B7D1A79B}.Release|Win32.Build.0 = Release|Win32
		{8D08F484-C937-481A-ACA9-50A1B7D1A79B}.VSDebug|Win32.ActiveCfg = VSDebug|Win32
		{8D08F484-C937-481A-ACA9-50A1B7D1A79B}.VSDebug|Win32.Build.0 = VSDebug|Win32
		{21FA4B26-B159-412A-A393-2D31DBD0EA49}.Release|Win32.ActiveCfg = Release|Win32
		{21FA4B26-B159-412A-A393-2D31DBD0EA49}.Release|Win32.Build.0 = Release|Win32
		{21FA4B26-B159-412A-A393-2D31DBD0EA49}.VSDebug|Win32.ActiveCfg = VSDebug|Win32
		{21FA4B26-B159-412A-A393-2D31DBD0EA49}.VSDebug|Win32.Build.0 = VSDebug|Win32
		{69977EEC-A232-4EE4-AEFB-DC20ECAFC7A7}.Release|Win32.ActiveCfg = Release|Win32
		{69977EEC-A232-4EE4-AEFB-DC20ECAFC7A7}.Release|Win32.Build.0 = Release|Win32
		{69977EEC-A232-4EE4-AEFB-DC20ECAFC7A7}.VSDebug|Win32.ActiveCfg = VSDebug|Win32
		{69977EEC-A232-4EE4-AEFB-DC20ECAFC7A7}.VSDebug|Win32.Build.0 = VSDebug|Win32
		{8FF5AC9E-DCCC-4B9D-BC0D-A31B89A9CAEB}.Release|Win32.ActiveCfg = Release|Win32
		{8FF5AC9E-DCCC-4B9D-BC0D-A31B89A9CAEB}.Release|Win32.Build.0 = Release|Win32
		{8FF5AC9E-DCCC-4B9D-BC0D-A31B89A9CAEB}.VSDebug|Win32.ActiveCfg = VSDebug|Win32
		{8FF5AC9E-DCCC-4B9D-BC0D-A31B89A9CAEB}.VSDebug|Win32.Build.0 = VSDebug|Win32
		{AACDB828-CF76-42C5-991F-FF416D9165A2}.Release|Win32.ActiveCfg = Release|Win32
		{AACDB828-CF76-42C5-991F-FF416D9165A2}.Release|Win32.Build.0 = Release|Win32
		{AACDB828-CF76-42C5-991F-FF416D9165A2}.VSDebug|Win32.ActiveCfg = VSDebug|Win32
		{AACDB828-CF76-42C5-991F-FF416D9165A2}.VSDebug|Win32.Build.0 = VSDebug|Win32
		{E64F585B-6677-4C9A-81D3-03C53D17407A}.Release|Win32.ActiveCfg = Release|Win32
		{E64F585B-6677-4C9A-81D3-03C53D17407A}.Release|Win32.Build.0 = Release|Win32
		{E64F585B-6677-4C9A-81D3-03C53D17407A}.VSDebug|Win32.ActiveCfg = VSDebug|Win32
		{E64F585B-6677-4C9A-81D3-03C53D17407A}.VSDebug|Win32.Build.0 = VSDebug|Win32
		{480A2FAB-9E20-4F54-A53B-188375873B87}.Release|Win32.ActiveCfg = Release|Win32
		{480A2FAB-9E20-4F54-A53B-188375873B87}.Release|Win32.Build.0 = Release|Win32
		{480A2FAB-9E20-4F54-A53B-188375873B87}.VSDebug|Win32.ActiveCfg = VSDebug|Win32
		{480A2FAB-9E20-4F54-A53B-188375873B87}.VSDebug|Win32.Build.0 = VSDebug|Win32
		{C564A35E-EF34-4893-BE35-21A22667AEA8}.Release|Win32.ActiveCfg = Release|Win32
		{C564A35E-EF34-4893-BE35-21A22667AEA8}.Release|Win32.Build.0 = Release|Win32
		{C564A35E-EF34-4893-BE35-21A22667AEA8}.VSDebug|Win32.ActiveCfg = VSDebug|Win32
		{C564A35E-EF34-4893-BE35-21A22667AEA8}.VSDebug|Win32.Build.0 = VSDebug|Win32
		{3CEA1F9C-2D56-4B20-97AF-49F0CA0AB9FC}.Release|Win32.ActiveCfg = Release|Win32
		{3CEA1F9C-2D56-4B20-97AF-49F0CA0AB9FC}.Release|Win32.Build.0 = Release|Win32
		{3CEA1F9C-2D56-4B20-97AF-49F0CA0AB9FC}.VSDebug|Win32.ActiveCfg = VSDebug|Win32
		{3CEA1F9C-2D56-4B20-97AF-49F0CA0AB9FC}.VSDebug|Win32.Build.0 = VSDebug|Win32
		{3BC184B2-6ED5-4417-9D76-D4DBAE23F29B}.Release|Win32.ActiveCfg = Release|Win32
		{3BC184B2-6ED5-4417-9D76-D4DBAE23F29B}.Release|Win32.Build.0 = Release|Win32
		{3BC184B2-6ED5-4417-9D76-D4DBAE23F29B}.VSDebug|Win32.ActiveCfg = VSDebug|Win32
		{3BC184B2-6ED5-4417-9D76-D4DBAE23F29B}.VSDebug|Win32.Build.0 = VSDebug|Win32
		{BCA378A4-A9DB-4BED-9ACD-BD59E994BFB4}.Release|Win32.ActiveCfg = Release|Win32
		{BCA378A4-A9DB-4BED-9ACD-BD59E994BFB4}.Release|Win32.Build.0 = Release|Win32
		{BCA378A4-A9DB-4BED-9ACD-BD59E994BFB4}.VSDebug|Win32.ActiveCfg = VSDebug|Win32
		{BCA378A4-A9DB-4BED-9ACD-BD59E994BFB4}.VSDebug|Win32.Build.0 = VSDebug|Win32
		{CA24B426-0CA3-4664-BE73-4AAA674F9868}.Release|Win32.ActiveCfg = Release|Win32
		{CA24B426-0CA3-4664-BE73-4AAA674F9868}.Release|Win32.Build.0 = Release|Win32
		{CA24B426-0CA3-4664-BE73-4AAA674F9868}.VSDebug|Win32.ActiveCfg = VSDebug|Win32
		{CA24B426-0CA3-4664-BE73-4AAA674F9868}.VSDebug|Win32.Build.0 = VSDebug|Win32
		{66A524A8-94E5-4C61-BEEF-FF42278C0BE5}.Release|Win32.ActiveCfg = Release|Win32
		{66A524A8-94E5-4C61-BEEF-FF42278C0BE5}.Release|Win32.Build.0 = Release|Win32
		{66A524A8-94E5-4C61-BEEF-FF42278C0BE5}.VSDebug|Win32.ActiveCfg = VSDebug|Win32
		{66A524A8-94E5-4C61-BEEF-FF42278C0BE5}.VSDebug|Win32.Build.0 = VSDebug|Win32
		{1FA6CEA5-8F7E-4C84-B252-BCD7EDAB78AE}.Release|Win32.ActiveCfg = Release|Win32
		{1FA6CEA5-8F7E-4C84-B252-BCD7EDAB78AE}.Release|Win32.Build.0 = Release|Win32
		{1FA6CEA5-8F7E-4C84-B252-BCD7EDAB78AE}.VSDebug|Win32.ActiveCfg = VSDebug|Win32
		{1FA6CEA5-8F7E-4C84-B252-BCD7EDAB78AE}.VSDebug|Win32.Build.0 = VSDebug|Win32
		{68130EE4-C705-490A-A198-BEBC8DCCA356}.Release|Win32.ActiveCfg = Release|Win32
		{68130EE4-C705-490A-A198-BEBC8DCCA356}.Release|Win32.Build.0 = Release|Win32
		{68130EE4-C705-490A-A198-BEBC8DCCA356}.VSDebug|Win32.ActiveCfg = VSDebug|Win32
		{68130EE4-C705-490A-A198-BEBC8DCCA356}.VSDebug|Win32.Build.0 = VSDebug|Win32
		{84CD31E5-BCE2-494D-90B7-53528DFFA83B}.Release|Win32.ActiveCfg = Release|Win32
		{84CD31E5-BCE2-494D-90B7-53528DFFA83B}.Release|Win32.Build.0 = Release|Win32
		{84CD31E5-BCE2-494D-90B7-53528DFFA83B}.VSDebug|Win32.ActiveCfg = VSDebug|Win32
		{84CD31E5-BCE2-494D-90B7-53528DFFA83B}.VSDebug|Win32.Build.0 = VSDebug|Win32
		{8DB61665-165A-42B6-B29A-15021791610A}.Release|Win32.ActiveCfg = Release|Win32
		{8DB61665-165A-42B6-B29A-15021791610A}.Release|Win32.Build.0 = Release|Win32
		{8DB61665-165A-42B6-B29A-15021791610A}.VSDebug|Win32.ActiveCfg = VSDebug|Win32
		{8DB61665-165A-42B6-B29A-15021791610A}.VSDebug|Win32.Build.0 = VSDebug|Win32
		{37C4C85B-B040-40B1-91D8-D73672DA662E}.Release|Win32.ActiveCfg = Release|Win32
		{37C4C85B-B040-40B1-91D8-D73672DA662E}.Release|Win32.Build.0 = Release|Win32
		{37C4C85B-B040-40B1-91D8-D73672DA662E}.VSDebug|Win32.ActiveCfg = VSDebug|Win32
		{37C4C85B-B040-40B1-91D8-D73672DA662E}.VSDebug|Win32.Build.0 = VSDebug|Win32
		{A4136F9B-9834-4489-A5C1-1AC3A6C5A8B7}.Release|Win32.ActiveCfg = Release|Win32
		{A4136F9B-9834-4489-A5C1-1AC3A6C5A8B7}.Release|Win32.Build.0 = Release|Win32
		{A4136F9B-9834-4489-A5C1-1AC3A6C5A8B7}.VSDebug|Win32.ActiveCfg = VSDebug|Win32
		{A4136F9B-9834-4489-A5C1-1AC3A6C5A8B7}.VSDebug|Win32.Build.0 = VSDebug|Win32
		{8539E282-4BDF-4C9F-8B72-2DB3B53F2E09}.Release|Win32.ActiveCfg = Release|Win32
		{8539E282-4BDF-4C9F-8B72-2DB3B53F2E09}.Release|Win32.Build.0 = Release|Win32
		{8539E282-4BDF-4C9F-8B72-2DB3B53F2E09}.VSDebug|Win32.ActiveCfg = VSDebug|Win32
		{8539E282-4BDF-4C9F-8B72-2DB3B53F2E09}.VSDebug|Win32.Build.0 = VSDebug|Win32
		{0363C5EF-0C84-48C8-B3FE-816050D53FFA}.Release|Win32.ActiveCfg = Release|Win32
		{0363C5EF-0C84-48C8-B3FE-816050D53FFA}.Release|Win32.Build.0 = Release|Win32
		{0363C5EF-0C84-48C8-B3FE-816050D53FFA}.VSDebug|Win32.ActiveCfg = VSDebug|Win32
		{0363C5EF-0C84-48C8-B3FE-816050D53FFA}.VSDebug|Win32.Build.0 = VSDebug|Win32
		{1C31806A-9512-40AA-AA81-4409007D4992}.Release|Win32.ActiveCfg = Release|Win32
		{1C31806A-9512-40AA-AA81-4409007D4992}.Release|Win32.Build.0 = Release|Win32
		{1C31806A-9512-40AA-AA81-4409007D4992}.VSDebug|Win32.ActiveCfg = VSDebug|Win32
		{1C31806A-9512-40AA-AA81-4409007D4992}.VSDebug|Win32.Build.0 = VSDebug|Win32
		{A4D9A2AB-CA1E-4717-8CCB-6425026652D0}.Release|Win32.ActiveCfg = Release|Win32
		{A4D9A2AB-CA1E-4717-8CCB-6425026652D0}.Release|Win32.Build.0 = Release|Win32
		{A4D9A2AB-CA1E-4717-8CCB-6425026652D0}.VSDebug|Win32.ActiveCfg = VSDebug|Win32
		{A4D9A2AB-CA1E-4717-8CCB-6425026652D0}.VSDebug|Win32.Build.0 = VSDebug|Win32
		{61CB2C72-A347-4842-A1F0-9B379A54DDEC}.Release|Win32.ActiveCfg = Release|Win32
		{61CB2C72-A347-4842-A1F0-9B379A54DDEC}.Release|Win32.Build.0 = Release|Win32
		{61CB2C72-A347-4842-A1F0-9B379A54DDEC}.VSDebug|Win32.ActiveCfg = VSDebug|Win32
		{61CB2C72-A347-4842-A1F0-9B379A54DDEC}.VSDebug|Win32.Build.0 = VSDebug|Win32
		{3FC2FB14-8299-4F99-BC32-F90E98973259}.Release|Win32.ActiveCfg = Release|Win32
		{3FC2FB14-8299-4F99-BC32-F90E98973259}.Release|Win32.Build.0 = Release|Win32
		{3FC2FB14-8299-4F99-BC32-F90E98973259}.VSDebug|Win32.ActiveCfg = VSDebug|Win32
		{3FC2FB14-8299-4F99-BC32-F90E98973259}.VSDebug|Win32.Build.0 = VSDebug|Win32
		{1EE3644C-5E9C-4F13-882A-2EAEB3E3E3B9}.Release|Win32.ActiveCfg = Release|Win32
		{1EE3644C-5E9C-4F13-882A-2EAEB3E3E3B9}.Release|Win32.Build.0 = Release|Win32
		{1EE3644C-5E9C-4F13-882A-2EAEB3E3E3B9}.VSDebug|Win32.ActiveCfg = VSDebug|Win32
		{1EE3644C-5E9C-4F13-882A-2EAEB3E3E3B9}.VSDebug|Win32.Build.0 = VSDebug|Win32
		{77DC93DB-D5F2-45A7-876E-0026E63C69CD}.Release|Win32.ActiveCfg = Release|Win32
		{77DC93DB-D5F2-45A7-876E-0026E63C69CD}.Release|Win32.Build.0 = Release|Win32
		{77DC93DB-D5F2-45A7-876E-0026E63C69CD}.VSDebug|Win32.ActiveCfg = VSDebug|Win32
		{77DC93DB-D5F2-45A7-876E-0026E63C69CD}.VSDebug|Win32.Build.0 = VSDebug|Win32
		{7B7BBB12-8DBF-47D9-89B6-6750CE068638}.Release|Win32.ActiveCfg = Release|Win32
		{7B7BBB12-8DBF-47D9-89B6-6750CE068638}.Release|Win32.Build.0 = Release|Win32
		{7B7BBB12-8DBF-47D9-89B6-6750CE068638}.VSDebug|Win32.ActiveCfg = VSDebug|Win32
		{7B7BBB12-8DBF-47D9-89B6-6750CE068638}.VSDebug|Win32.Build.0 = VSDebug|Win32
		{1AB63D0F-06E9-4918-969D-8E918FA0B4E5}.Release|Win32.ActiveCfg = Release|Win32
		{1AB63D0F-06E9-4918-969D-8E918FA0B4E5}.Release|Win32.Build.0 = Release|Win32
		{1AB63D0F-06E9-4918-969D-8E918FA0B4E5}.VSDebug|Win32.ActiveCfg = VSDebug|Win32
		{1AB63D0F-06E9-4918-969D-8E918FA0B4E5}.VSDebug|Win32.Build.0 = VSDebug|Win32
		{D14D7C35-1C00-40FD-BDA3-EB3B575AB8FE}.Release|Win32.ActiveCfg = Release|Win32
		{D14D7C35-1C00-40FD-BDA3-EB3B575AB8FE}.Release|Win32.Build.0 = Release|Win32
		{D14D7C35-1C00-40FD-BDA3-EB3B575AB8FE}.VSDebug|Win32.ActiveCfg = VSDebug|Win32
		{D14D7C35-1C00-40FD-BDA3-EB3B575AB8FE}.VSDebug|Win32.Build.0 = VSDebug|Win32
		{BD945E82-5F19-4038-9BB0-2AB3652D84E0}.Release|Win32.ActiveCfg = Release|Win32
		{BD945E82-5F19-4038-9BB0-2AB3652D84E0}.Release|Win32.Build.0 = Release|Win32
		{BD945E82-5F19-4038-9BB0-2AB3652D84E0}.VSDebug|Win32.ActiveCfg = VSDebug|Win32
		{BD945E82-5F19-4038-9BB0-2AB3652D84E0}.VSDebug|Win32.Build.0 = VSDebug|Win32
		{569E7885-EEDF-41BD-BDEE-13D61A1E7771}.Release|Win32.ActiveCfg = Release|Win32
		{569E7885-EEDF-41BD-BDEE-13D61A1E7771}.Release|Win32.Build.0 = Release|Win32
		{569E7885-EEDF-41BD-BDEE-13D61A1E7771}.VSDebug|Win32.ActiveCfg = VSDebug|Win32
		{569E7885-EEDF-41BD-BDEE-13D61A1E7771}.VSDebug|Win32.Build.0 = VSDebug|Win32
		{2676B9F0-A71B-46F7-855D-9AF861858EF6}.Release|Win32.ActiveCfg = Release|Win32
		{2676B9F0-A71B-46F7-855D-9AF861858EF6}.Release|Win32.Build.0 = Release|Win32
		{2676B9F0-A71B-46F7-855D-9AF861858EF6}.VSDebug|Win32.ActiveCfg = VSDebug|Win32
		{2676B9F0-A71B-46F7-855D-9AF861858EF6}.VSDebug|Win32.Build.0 = VSDebug|Win32
		{B9C8DB91-6FB4-41B8-86D2-636A4EFE00C4}.Release|Win32.ActiveCfg = Release|Win32
		{B9C8DB91-6FB4-41B8-86D2-636A4EFE00C4}.Release|Win32.Build.0 = Release|Win32
		{B9C8DB91-6FB4-41B8-86D2-636A4EFE00C4}.VSDebug|Win32.ActiveCfg = VSDebug|Win32
		{B9C8DB91-6FB4-41B8-86D2-636A4EFE00C4}.VSDebug|Win32.Build.0 = VSDebug|Win32
		{84E4F433-C5A4-4141-A50F-16DAD791A7D0}.Release|Win32.ActiveCfg = Release|Win32
		{84E4F433-C5A4-4141-A50F-16DAD791A7D0}.Release|Win32.Build.0 = Release|Win32
		{84E4F433-C5A4-4141-A50F-16DAD791A7D0}.VSDebug|Win32.ActiveCfg = VSDebug|Win32
		{84E4F433-C5A4-4141-A50F-16DAD791A7D0}.VSDebug|Win32.Build.0 = VSDebug|Win32
		{DD336D0B-22D7-4764-ADFE-C550CA45DF8E}.Release|Win32.ActiveCfg = Release|Win32
		{DD336D0B-22D7-4764-ADFE-C550CA45DF8E}.Release|Win32.Build.0 = Release|Win32
		{DD336D0B-22D7-4764-ADFE-C550CA45DF8E}.VSDebug|Win32.ActiveCfg = VSDebug|Win32
		{DD336D0B-22D7-4764-ADFE-C550CA45DF8E}.VSDebug|Win32.Build.0 = VSDebug|Win32
		{3FBF7079-6A37-424B-81F5-4775F854841D}.Release|Win32.ActiveCfg = Release|Win32
		{3FBF7079-6A37-424B-81F5-4775F854841D}.Release|Win32.Build.0 = Release|Win32
		{3FBF7079-6A37-424B-81F5-4775F854841D}.VSDebug|Win32.ActiveCfg = VSDebug|Win32
		{3FBF7079-6A37-424B-81F5-4775F854841D}.VSDebug|Win32.Build.0 = VSDebug|Win32
		{CFC4E74A-FF99-4E5B-9762-678D2F6112B2}.Release|Win32.ActiveCfg = Release|Win32
		{CFC4E74A-FF99-4E5B-9762-678D2F6112B2}.Release|Win32.Build.0 = Release|Win32
		{CFC4E74A-FF99-4E5B-9762-678D2F6112B2}.VSDebug|Win32.ActiveCfg = VSDebug|Win32
		{CFC4E74A-FF99-4E5B-9762-678D2F6112B2}.VSDebug|Win32.Build.0 = VSDebug|Win32
		{000CA3D8-6B81-4BA3-B67F-5108869A8572}.Release|Win32.ActiveCfg = Release|Win32
		{000CA3D8-6B81-4BA3-B67F-5108869A8572}.Release|Win32.Build.0 = Release|Win32
		{000CA3D8-6B81-4BA3-B67F-5108869A8572}.VSDebug|Win32.ActiveCfg = VSDebug|Win32
		{000CA3D8-6B81-4BA3-B67F-5108869A8572}.VSDebug|Win32.Build.0 = VSDebug|Win32
		{8529D91A-1EB1-445B-9D87-499C5D8A769D}.Release|Win32.ActiveCfg = Release|Win32
		{8529D91A-1EB1-445B-9D87-499C5D8A769D}.Release|Win32.Build.0 = Release|Win32
		{8529D91A-1EB1-445B-9D87-499C5D8A769D}.VSDebug|Win32.ActiveCfg = VSDebug|Win32
		{8529D91A-1EB1-445B-9D87-499C5D8A769D}.VSDebug|Win32.Build.0 = VSDebug|Win32
	EndGlobalSection
	GlobalSection(SolutionProperties) = preSolution
		HideSolutionNode = FALSE
	EndGlobalSection
EndGlobal
