
Microsoft Visual Studio Solution File, Format Version 10.00
# Visual C++ Express 2008
Project("{8BC9CEB8-8B4A-11D0-8D11-00A0C91BC942}") = "libmodi", "libmodi\libmodi.vcproj", "{B4E7F5BB-07EB-475A-9C78-E7527D2BB8BA}"
	ProjectSection(ProjectDependencies) = postProject
		{9F4B1511-E40E-4606-9830-903BA9EE9F4F} = {9F4B1511-E40E-4606-9830-903BA9EE9F4F}
		{20BEDD31-0C70-40DC-AA5E-5CA360A2E439} = {20BEDD31-0C70-40DC-AA5E-5CA360A2E439}
		{67D64876-18AE-4600-9F10-5C6D165D18CA} = {67D64876-18AE-4600-9F10-5C6D165D18CA}
		{F20F4395-3F55-4EC2-BCA3-05F95184E2EA} = {F20F4395-3F55-4EC2-BCA3-05F95184E2EA}
		{1E5E82EC-B2EA-459F-A32A-88015166BCA5} = {1E5E82EC-B2EA-459F-A32A-88015166BCA5}
		{61A35623-8AAD-47BF-BA28-2F155741B92A} = {61A35623-8AAD-47BF-BA28-2F155741B92A}
		{E73E24BC-A2CD-4B30-91AE-C53F2C4D2D12} = {E73E24BC-A2CD-4B30-91AE-C53F2C4D2D12}
		{212CEA6F-9951-4036-8848-CD8467B4D84A} = {212CEA6F-9951-4036-8848-CD8467B4D84A}
		{3B106C1C-FE57-4ABD-A611-D54C21DC2E62} = {3B106C1C-FE57-4ABD-A611-D54C21DC2E62}
		{4B0002A7-0AB5-49FE-9F23-D2695C929180} = {4B0002A7-0AB5-49FE-9F23-D2695C929180}
		{1C60CB2F-2C77-4675-97BD-AC8596AE5CD2} = {1C60CB2F-2C77-4675-97BD-AC8596AE5CD2}
		{2FF28426-973F-4699-B618-BDAEF20C6F19} = {2FF28426-973F-4699-B618-BDAEF20C6F19}
		{3F575680-1C46-4C28-A3F2-1DF53B64D444} = {3F575680-1C46-4C28-A3F2-1DF53B64D444}
		{1039FBFB-7D25-457E-8F86-17D62E1949FB} = {1039FBFB-7D25-457E-8F86-17D62E1949FB}
		{DC21475C-1FD1-433F-82F7-5C20B2111018} = {DC21475C-1FD1-433F-82F7-5C20B2111018}
		{51CBD9A7-F0BB-48FE-8B71-7AE4B85A6ACA} = {51CBD9A7-F0BB-48FE-8B71-7AE4B85A6ACA}
		{CC1C3BDA-F912-4687-9165-16AE13410BA2} = {CC1C3BDA-F912-4687-9165-16AE13410BA2}
		{8409C040-5262-4457-AE9D-5B3D00061CE4} = {8409C040-5262-4457-AE9D-5B3D00061CE4}
		{1085EEA9-ED9D-4965-A972-4E5C2059AC91} = {1085EEA9-ED9D-4965-A972-4E5C2059AC91}
		{C1F5D277-8D18-42FD-A240-29E4052D7D90} = {C1F5D277-8D18-42FD-A240-29E4052D7D90}
	EndProjectSection
EndProject
Project("{8BC9CEB8-8B4A-11D0-8D11-00A0C91BC942}") = "modiinfo", "modiinfo\modiinfo.vcproj", "{B1BD65BA-90EB-4608-9C34-1D0CB90ACBD5}"
	ProjectSection(ProjectDependencies) = postProject
		{1E5E82EC-B2EA-459F-A32A-88015166BCA5} = {1E5E82EC-B2EA-459F-A32A-88015166BCA5}
		{F20F4395-3F55-4EC2-BCA3-05F95184E2EA} = {F20F4395-3F55-4EC2-BCA3-05F95184E2EA}
		{B4E7F5BB-07EB-475A-9C78-E7527D2BB8BA} = {B4E7F5BB-07EB-475A-9C78-E7527D2BB8BA}
		{9F4B1511-E40E-4606-9830-903BA9EE9F4F} = {9F4B1511-E40E-4606-9830-903BA9EE9F4F}
	EndProjectSection
EndProject
Project("{8BC9CEB8-8B4A-11D0-8D11-00A0C91BC942}") = "modimount", "modimount\modimount.vcproj", "{EAAA2B69-4416-4D5B-BEBE-6F696D05C831}"
	ProjectSection(ProjectDependencies) = postProject
		{4B0002A7-0AB5-49FE-9F23-D2695C929180} = {4B0002A7-0AB5-49FE-9F23-D2695C929180}
		{61A35623-8AAD-47BF-BA28-2F155741B92A} = {61A35623-8AAD-47BF-BA28-2F155741B92A}
		{1E5E82EC-B2EA-459F-A32A-88015166BCA5} = {1E5E82EC-B2EA-459F-A32A-88015166BCA5}
		{F20F4395-3F55-4EC2-BCA3-05F95184E2EA} = {F20F4395-3F55-4EC2-BCA3-05F95184E2EA}
		{67D64876-18AE-4600-9F10-5C6D165D18CA} = {67D64876-18AE-4600-9F10-5C6D165D18CA}
		{B4E7F5BB-07EB-475A-9C78-E7527D2BB8BA} = {B4E7F5BB-07EB-475A-9C78-E7527D2BB8BA}
		{9F4B1511-E40E-4606-9830-903BA9EE9F4F} = {9F4B1511-E40E-4606-9830-903BA9EE9F4F}
	EndProjectSection
EndProject
Project("{8BC9CEB8-8B4A-11D0-8D11-00A0C91BC942}") = "pymodi", "pymodi\pymodi.vcproj", "{2294D14C-52E5-4243-A05F-A22F9A45A473}"
	ProjectSection(ProjectDependencies) = postProject
		{9F4B1511-E40E-4606-9830-903BA9EE9F4F} = {9F4B1511-E40E-4606-9830-903BA9EE9F4F}
		{B4E7F5BB-07EB-475A-9C78-E7527D2BB8BA} = {B4E7F5BB-07EB-475A-9C78-E7527D2BB8BA}
		{67D64876-18AE-4600-9F10-5C6D165D18CA} = {67D64876-18AE-4600-9F10-5C6D165D18CA}
		{F20F4395-3F55-4EC2-BCA3-05F95184E2EA} = {F20F4395-3F55-4EC2-BCA3-05F95184E2EA}
		{61A35623-8AAD-47BF-BA28-2F155741B92A} = {61A35623-8AAD-47BF-BA28-2F155741B92A}
		{E73E24BC-A2CD-4B30-91AE-C53F2C4D2D12} = {E73E24BC-A2CD-4B30-91AE-C53F2C4D2D12}
		{3B106C1C-FE57-4ABD-A611-D54C21DC2E62} = {3B106C1C-FE57-4ABD-A611-D54C21DC2E62}
		{4B0002A7-0AB5-49FE-9F23-D2695C929180} = {4B0002A7-0AB5-49FE-9F23-D2695C929180}
		{1C60CB2F-2C77-4675-97BD-AC8596AE5CD2} = {1C60CB2F-2C77-4675-97BD-AC8596AE5CD2}
	EndProjectSection
EndProject
Project("{8BC9CEB8-8B4A-11D0-8D11-00A0C91BC942}") = "modi_test_bands_data_handle", "modi_test_bands_data_handle\modi_test_bands_data_handle.vcproj", "{80CA8F3A-3878-461F-97C8-44224EE3C61B}"
	ProjectSection(ProjectDependencies) = postProject
		{B4E7F5BB-07EB-475A-9C78-E7527D2BB8BA} = {B4E7F5BB-07EB-475A-9C78-E7527D2BB8BA}
		{9F4B1511-E40E-4606-9830-903BA9EE9F4F} = {9F4B1511-E40E-4606-9830-903BA9EE9F4F}
	EndProjectSection
EndProject
Project("{8BC9CEB8-8B4A-11D0-8D11-00A0C91BC942}") = "modi_test_bit_stream", "modi_test_bit_stream\modi_test_bit_stream.vcproj", "{40F0EE27-1BAC-4A78-A23A-EF1728F22842}"
	ProjectSection(ProjectDependencies) = postProject
		{B4E7F5BB-07EB-475A-9C78-E7527D2BB8BA} = {B4E7F5BB-07EB-475A-9C78-E7527D2BB8BA}
		{9F4B1511-E40E-4606-9830-903BA9EE9F4F} = {9F4B1511-E40E-4606-9830-903BA9EE9F4F}
	EndProjectSection
EndProject
Project("{8BC9CEB8-8B4A-11D0-8D11-00A0C91BC942}") = "modi_test_data_block", "modi_test_data_block\modi_test_data_block.vcproj", "{387EED9A-0F0A-4A77-9394-BAD0A337885A}"
	ProjectSection(ProjectDependencies) = postProject
		{1C60CB2F-2C77-4675-97BD-AC8596AE5CD2} = {1C60CB2F-2C77-4675-97BD-AC8596AE5CD2}
		{4B0002A7-0AB5-49FE-9F23-D2695C929180} = {4B0002A7-0AB5-49FE-9F23-D2695C929180}
		{3B106C1C-FE57-4ABD-A611-D54C21DC2E62} = {3B106C1C-FE57-4ABD-A611-D54C21DC2E62}
		{E73E24BC-A2CD-4B30-91AE-C53F2C4D2D12} = {E73E24BC-A2CD-4B30-91AE-C53F2C4D2D12}
		{61A35623-8AAD-47BF-BA28-2F155741B92A} = {61A35623-8AAD-47BF-BA28-2F155741B92A}
		{1E5E82EC-B2EA-459F-A32A-88015166BCA5} = {1E5E82EC-B2EA-459F-A32A-88015166BCA5}
		{F20F4395-3F55-4EC2-BCA3-05F95184E2EA} = {F20F4395-3F55-4EC2-BCA3-05F95184E2EA}
		{67D64876-18AE-4600-9F10-5C6D165D18CA} = {67D64876-18AE-4600-9F10-5C6D165D18CA}
		{B4E7F5BB-07EB-475A-9C78-E7527D2BB8BA} = {B4E7F5BB-07EB-475A-9C78-E7527D2BB8BA}
		{9F4B1511-E40E-4606-9830-903BA9EE9F4F} = {9F4B1511-E40E-4606-9830-903BA9EE9F4F}
	EndProjectSection
EndProject
Project("{8BC9CEB8-8B4A-11D0-8D11-00A0C91BC942}") = "modi_test_deflate", "modi_test_deflate\modi_test_deflate.vcproj", "{1729221E-B8B1-4320-9231-D152112B6079}"
	ProjectSection(ProjectDependencies) = postProject
		{1E5E82EC-B2EA-459F-A32A-88015166BCA5} = {1E5E82EC-B2EA-459F-A32A-88015166BCA5}
		{B4E7F5BB-07EB-475A-9C78-E7527D2BB8BA} = {B4E7F5BB-07EB-475A-9C78-E7527D2BB8BA}
		{9F4B1511-E40E-4606-9830-903BA9EE9F4F} = {9F4B1511-E40E-4606-9830-903BA9EE9F4F}
	EndProjectSection
EndProject
Project("{8BC9CEB8-8B4A-11D0-8D11-00A0C91BC942}") = "modi_test_error", "modi_test_error\modi_test_error.vcproj", "{E9189C2B-DDD6-4AC2-BC0D-7008D04449B4}"
	ProjectSection(ProjectDependencies) = postProject
		{B4E7F5BB-07EB-475A-9C78-E7527D2BB8BA} = {B4E7F5BB-07EB-475A-9C78-E7527D2BB8BA}
	EndProjectSection
EndProject
Project("{8BC9CEB8-8B4A-11D0-8D11-00A0C91BC942}") = "modi_test_handle", "modi_test_handle\modi_test_handle.vcproj", "{D74116B1-EACB-4232-9629-0005F76BBB6E}"
	ProjectSection(ProjectDependencies) = postProject
		{1C60CB2F-2C77-4675-97BD-AC8596AE5CD2} = {1C60CB2F-2C77-4675-97BD-AC8596AE5CD2}
		{4B0002A7-0AB5-49FE-9F23-D2695C929180} = {4B0002A7-0AB5-49FE-9F23-D2695C929180}
		{3B106C1C-FE57-4ABD-A611-D54C21DC2E62} = {3B106C1C-FE57-4ABD-A611-D54C21DC2E62}
		{212CEA6F-9951-4036-8848-CD8467B4D84A} = {212CEA6F-9951-4036-8848-CD8467B4D84A}
		{E73E24BC-A2CD-4B30-91AE-C53F2C4D2D12} = {E73E24BC-A2CD-4B30-91AE-C53F2C4D2D12}
		{61A35623-8AAD-47BF-BA28-2F155741B92A} = {61A35623-8AAD-47BF-BA28-2F155741B92A}
		{1E5E82EC-B2EA-459F-A32A-88015166BCA5} = {1E5E82EC-B2EA-459F-A32A-88015166BCA5}
		{F20F4395-3F55-4EC2-BCA3-05F95184E2EA} = {F20F4395-3F55-4EC2-BCA3-05F95184E2EA}
		{67D64876-18AE-4600-9F10-5C6D165D18CA} = {67D64876-18AE-4600-9F10-5C6D165D18CA}
		{B4E7F5BB-07EB-475A-9C78-E7527D2BB8BA} = {B4E7F5BB-07EB-475A-9C78-E7527D2BB8BA}
		{20BEDD31-0C70-40DC-AA5E-5CA360A2E439} = {20BEDD31-0C70-40DC-AA5E-5CA360A2E439}
		{9F4B1511-E40E-4606-9830-903BA9EE9F4F} = {9F4B1511-E40E-4606-9830-903BA9EE9F4F}
	EndProjectSection
EndProject
Project("{8BC9CEB8-8B4A-11D0-8D11-00A0C91BC942}") = "modi_test_huffman_tree", "modi_test_huffman_tree\modi_test_huffman_tree.vcproj", "{471F54FA-86C8-41A0-A9F0-3E433FE0D5AA}"
	ProjectSection(ProjectDependencies) = postProject
		{B4E7F5BB-07EB-475A-9C78-E7527D2BB8BA} = {B4E7F5BB-07EB-475A-9C78-E7527D2BB8BA}
		{9F4B1511-E40E-4606-9830-903BA9EE9F4F} = {9F4B1511-E40E-4606-9830-903BA9EE9F4F}
	EndProjectSection
EndProject
Project("{8BC9CEB8-8B4A-11D0-8D11-00A0C91BC942}") = "modi_test_io_handle", "modi_test_io_handle\modi_test_io_handle.vcproj", "{B7870020-9A32-4FEF-8F2A-999CBCB43EAB}"
	ProjectSection(ProjectDependencies) = postProject
		{B4E7F5BB-07EB-475A-9C78-E7527D2BB8BA} = {B4E7F5BB-07EB-475A-9C78-E7527D2BB8BA}
		{9F4B1511-E40E-4606-9830-903BA9EE9F4F} = {9F4B1511-E40E-4606-9830-903BA9EE9F4F}
	EndProjectSection
EndProject
Project("{8BC9CEB8-8B4A-11D0-8D11-00A0C91BC942}") = "modi_test_notify", "modi_test_notify\modi_test_notify.vcproj", "{7BE57CEF-7A25-4598-A13F-BD799C88223E}"
	ProjectSection(ProjectDependencies) = postProject
		{B4E7F5BB-07EB-475A-9C78-E7527D2BB8BA} = {B4E7F5BB-07EB-475A-9C78-E7527D2BB8BA}
		{9F4B1511-E40E-4606-9830-903BA9EE9F4F} = {9F4B1511-E40E-4606-9830-903BA9EE9F4F}
	EndProjectSection
EndProject
Project("{8BC9CEB8-8B4A-11D0-8D11-00A0C91BC942}") = "modi_test_sparse_bundle_xml_plist", "modi_test_sparse_bundle_xml_plist\modi_test_sparse_bundle_xml_plist.vcproj", "{02EC2D5C-23E9-45C3-A987-C9A99A4970AD}"
	ProjectSection(ProjectDependencies) = postProject
		{1C60CB2F-2C77-4675-97BD-AC8596AE5CD2} = {1C60CB2F-2C77-4675-97BD-AC8596AE5CD2}
		{4B0002A7-0AB5-49FE-9F23-D2695C929180} = {4B0002A7-0AB5-49FE-9F23-D2695C929180}
		{3B106C1C-FE57-4ABD-A611-D54C21DC2E62} = {3B106C1C-FE57-4ABD-A611-D54C21DC2E62}
		{E73E24BC-A2CD-4B30-91AE-C53F2C4D2D12} = {E73E24BC-A2CD-4B30-91AE-C53F2C4D2D12}
		{61A35623-8AAD-47BF-BA28-2F155741B92A} = {61A35623-8AAD-47BF-BA28-2F155741B92A}
		{1E5E82EC-B2EA-459F-A32A-88015166BCA5} = {1E5E82EC-B2EA-459F-A32A-88015166BCA5}
		{F20F4395-3F55-4EC2-BCA3-05F95184E2EA} = {F20F4395-3F55-4EC2-BCA3-05F95184E2EA}
		{67D64876-18AE-4600-9F10-5C6D165D18CA} = {67D64876-18AE-4600-9F10-5C6D165D18CA}
		{B4E7F5BB-07EB-475A-9C78-E7527D2BB8BA} = {B4E7F5BB-07EB-475A-9C78-E7527D2BB8BA}
		{9F4B1511-E40E-4606-9830-903BA9EE9F4F} = {9F4B1511-E40E-4606-9830-903BA9EE9F4F}
	EndProjectSection
EndProject
Project("{8BC9CEB8-8B4A-11D0-8D11-00A0C91BC942}") = "modi_test_sparse_image_header", "modi_test_sparse_image_header\modi_test_sparse_image_header.vcproj", "{2CE2C507-0AC3-4794-9B92-BA31E6903854}"
	ProjectSection(ProjectDependencies) = postProject
		{1C60CB2F-2C77-4675-97BD-AC8596AE5CD2} = {1C60CB2F-2C77-4675-97BD-AC8596AE5CD2}
		{4B0002A7-0AB5-49FE-9F23-D2695C929180} = {4B0002A7-0AB5-49FE-9F23-D2695C929180}
		{3B106C1C-FE57-4ABD-A611-D54C21DC2E62} = {3B106C1C-FE57-4ABD-A611-D54C21DC2E62}
		{E73E24BC-A2CD-4B30-91AE-C53F2C4D2D12} = {E73E24BC-A2CD-4B30-91AE-C53F2C4D2D12}
		{61A35623-8AAD-47BF-BA28-2F155741B92A} = {61A35623-8AAD-47BF-BA28-2F155741B92A}
		{1E5E82EC-B2EA-459F-A32A-88015166BCA5} = {1E5E82EC-B2EA-459F-A32A-88015166BCA5}
		{F20F4395-3F55-4EC2-BCA3-05F95184E2EA} = {F20F4395-3F55-4EC2-BCA3-05F95184E2EA}
		{67D64876-18AE-4600-9F10-5C6D165D18CA} = {67D64876-18AE-4600-9F10-5C6D165D18CA}
		{B4E7F5BB-07EB-475A-9C78-E7527D2BB8BA} = {B4E7F5BB-07EB-475A-9C78-E7527D2BB8BA}
		{9F4B1511-E40E-4606-9830-903BA9EE9F4F} = {9F4B1511-E40E-4606-9830-903BA9EE9F4F}
	EndProjectSection
EndProject
Project("{8BC9CEB8-8B4A-11D0-8D11-00A0C91BC942}") = "modi_test_support", "modi_test_support\modi_test_support.vcproj", "{9B270E31-04D0-4F19-8528-8BDA9154ACFF}"
	ProjectSection(ProjectDependencies) = postProject
		{1C60CB2F-2C77-4675-97BD-AC8596AE5CD2} = {1C60CB2F-2C77-4675-97BD-AC8596AE5CD2}
		{4B0002A7-0AB5-49FE-9F23-D2695C929180} = {4B0002A7-0AB5-49FE-9F23-D2695C929180}
		{3B106C1C-FE57-4ABD-A611-D54C21DC2E62} = {3B106C1C-FE57-4ABD-A611-D54C21DC2E62}
		{212CEA6F-9951-4036-8848-CD8467B4D84A} = {212CEA6F-9951-4036-8848-CD8467B4D84A}
		{E73E24BC-A2CD-4B30-91AE-C53F2C4D2D12} = {E73E24BC-A2CD-4B30-91AE-C53F2C4D2D12}
		{61A35623-8AAD-47BF-BA28-2F155741B92A} = {61A35623-8AAD-47BF-BA28-2F155741B92A}
		{1E5E82EC-B2EA-459F-A32A-88015166BCA5} = {1E5E82EC-B2EA-459F-A32A-88015166BCA5}
		{F20F4395-3F55-4EC2-BCA3-05F95184E2EA} = {F20F4395-3F55-4EC2-BCA3-05F95184E2EA}
		{67D64876-18AE-4600-9F10-5C6D165D18CA} = {67D64876-18AE-4600-9F10-5C6D165D18CA}
		{B4E7F5BB-07EB-475A-9C78-E7527D2BB8BA} = {B4E7F5BB-07EB-475A-9C78-E7527D2BB8BA}
		{9F4B1511-E40E-4606-9830-903BA9EE9F4F} = {9F4B1511-E40E-4606-9830-903BA9EE9F4F}
	EndProjectSection
EndProject
Project("{8BC9CEB8-8B4A-11D0-8D11-00A0C91BC942}") = "modi_test_system_string", "modi_test_system_string\modi_test_system_string.vcproj", "{167BFA02-199B-43DB-8E79-2316571B03DB}"
	ProjectSection(ProjectDependencies) = postProject
		{B4E7F5BB-07EB-475A-9C78-E7527D2BB8BA} = {B4E7F5BB-07EB-475A-9C78-E7527D2BB8BA}
		{9F4B1511-E40E-4606-9830-903BA9EE9F4F} = {9F4B1511-E40E-4606-9830-903BA9EE9F4F}
	EndProjectSection
EndProject
Project("{8BC9CEB8-8B4A-11D0-8D11-00A0C91BC942}") = "modi_test_tools_info_handle", "modi_test_tools_info_handle\modi_test_tools_info_handle.vcproj", "{533049D9-C394-4335-A4ED-0F83AB56F912}"
	ProjectSection(ProjectDependencies) = postProject
		{F20F4395-3F55-4EC2-BCA3-05F95184E2EA} = {F20F4395-3F55-4EC2-BCA3-05F95184E2EA}
		{B4E7F5BB-07EB-475A-9C78-E7527D2BB8BA} = {B4E7F5BB-07EB-475A-9C78-E7527D2BB8BA}
		{9F4B1511-E40E-4606-9830-903BA9EE9F4F} = {9F4B1511-E40E-4606-9830-903BA9EE9F4F}
	EndProjectSection
EndProject
Project("{8BC9CEB8-8B4A-11D0-8D11-00A0C91BC942}") = "modi_test_tools_output", "modi_test_tools_output\modi_test_tools_output.vcproj", "{B476626E-AD11-4363-853A-DE7120BADBF5}"
	ProjectSection(ProjectDependencies) = postProject
		{B4E7F5BB-07EB-475A-9C78-E7527D2BB8BA} = {B4E7F5BB-07EB-475A-9C78-E7527D2BB8BA}
		{9F4B1511-E40E-4606-9830-903BA9EE9F4F} = {9F4B1511-E40E-4606-9830-903BA9EE9F4F}
	EndProjectSection
EndProject
Project("{8BC9CEB8-8B4A-11D0-8D11-00A0C91BC942}") = "modi_test_tools_signal", "modi_test_tools_signal\modi_test_tools_signal.vcproj", "{E700BA61-6B03-45D6-8F08-5C4652586F6B}"
	ProjectSection(ProjectDependencies) = postProject
		{B4E7F5BB-07EB-475A-9C78-E7527D2BB8BA} = {B4E7F5BB-07EB-475A-9C78-E7527D2BB8BA}
		{9F4B1511-E40E-4606-9830-903BA9EE9F4F} = {9F4B1511-E40E-4606-9830-903BA9EE9F4F}
	EndProjectSection
EndProject
Project("{8BC9CEB8-8B4A-11D0-8D11-00A0C91BC942}") = "modi_test_udif_block_table", "modi_test_udif_block_table\modi_test_udif_block_table.vcproj", "{358AE9AC-4FA6-48D6-8598-D7DF17AB530E}"
	ProjectSection(ProjectDependencies) = postProject
		{B4E7F5BB-07EB-475A-9C78-E7527D2BB8BA} = {B4E7F5BB-07EB-475A-9C78-E7527D2BB8BA}
		{9F4B1511-E40E-4606-9830-903BA9EE9F4F} = {9F4B1511-E40E-4606-9830-903BA9EE9F4F}
	EndProjectSection
EndProject
Project("{8BC9CEB8-8B4A-11D0-8D11-00A0C91BC942}") = "modi_test_udif_block_table_entry", "modi_test_udif_block_table_entry\modi_test_udif_block_table_entry.vcproj", "{B0007953-6C7B-4C8A-B83C-6C9EE0E3EFF8}"
	ProjectSection(ProjectDependencies) = postProject
		{B4E7F5BB-07EB-475A-9C78-E7527D2BB8BA} = {B4E7F5BB-07EB-475A-9C78-E7527D2BB8BA}
		{9F4B1511-E40E-4606-9830-903BA9EE9F4F} = {9F4B1511-E40E-4606-9830-903BA9EE9F4F}
	EndProjectSection
EndProject
Project("{8BC9CEB8-8B4A-11D0-8D11-00A0C91BC942}") = "modi_test_udif_resource_file", "modi_test_udif_resource_file\modi_test_udif_resource_file.vcproj", "{313F5A7E-A2F7-4075-8D02-E8AB06A0CC4E}"
	ProjectSection(ProjectDependencies) = postProject
		{1C60CB2F-2C77-4675-97BD-AC8596AE5CD2} = {1C60CB2F-2C77-4675-97BD-AC8596AE5CD2}
		{4B0002A7-0AB5-49FE-9F23-D2695C929180} = {4B0002A7-0AB5-49FE-9F23-D2695C929180}
		{3B106C1C-FE57-4ABD-A611-D54C21DC2E62} = {3B106C1C-FE57-4ABD-A611-D54C21DC2E62}
		{E73E24BC-A2CD-4B30-91AE-C53F2C4D2D12} = {E73E24BC-A2CD-4B30-91AE-C53F2C4D2D12}
		{61A35623-8AAD-47BF-BA28-2F155741B92A} = {61A35623-8AAD-47BF-BA28-2F155741B92A}
		{1E5E82EC-B2EA-459F-A32A-88015166BCA5} = {1E5E82EC-B2EA-459F-A32A-88015166BCA5}
		{F20F4395-3F55-4EC2-BCA3-05F95184E2EA} = {F20F4395-3F55-4EC2-BCA3-05F95184E2EA}
		{67D64876-18AE-4600-9F10-5C6D165D18CA} = {67D64876-18AE-4600-9F10-5C6D165D18CA}
		{B4E7F5BB-07EB-475A-9C78-E7527D2BB8BA} = {B4E7F5BB-07EB-475A-9C78-E7527D2BB8BA}
		{9F4B1511-E40E-4606-9830-903BA9EE9F4F} = {9F4B1511-E40E-4606-9830-903BA9EE9F4F}
	EndProjectSection
EndProject
Project("{8BC9CEB8-8B4A-11D0-8D11-00A0C91BC942}") = "modi_test_udif_xml_plist", "modi_test_udif_xml_plist\modi_test_udif_xml_plist.vcproj", "{C6D4492F-94F4-430E-93AA-98719E9BC096}"
	ProjectSection(ProjectDependencies) = postProject
		{1C60CB2F-2C77-4675-97BD-AC8596AE5CD2} = {1C60CB2F-2C77-4675-97BD-AC8596AE5CD2}
		{4B0002A7-0AB5-49FE-9F23-D2695C929180} = {4B0002A7-0AB5-49FE-9F23-D2695C929180}
		{3B106C1C-FE57-4ABD-A611-D54C21DC2E62} = {3B106C1C-FE57-4ABD-A611-D54C21DC2E62}
		{E73E24BC-A2CD-4B30-91AE-C53F2C4D2D12} = {E73E24BC-A2CD-4B30-91AE-C53F2C4D2D12}
		{61A35623-8AAD-47BF-BA28-2F155741B92A} = {61A35623-8AAD-47BF-BA28-2F155741B92A}
		{1E5E82EC-B2EA-459F-A32A-88015166BCA5} = {1E5E82EC-B2EA-459F-A32A-88015166BCA5}
		{F20F4395-3F55-4EC2-BCA3-05F95184E2EA} = {F20F4395-3F55-4EC2-BCA3-05F95184E2EA}
		{67D64876-18AE-4600-9F10-5C6D165D18CA} = {67D64876-18AE-4600-9F10-5C6D165D18CA}
		{B4E7F5BB-07EB-475A-9C78-E7527D2BB8BA} = {B4E7F5BB-07EB-475A-9C78-E7527D2BB8BA}
		{9F4B1511-E40E-4606-9830-903BA9EE9F4F} = {9F4B1511-E40E-4606-9830-903BA9EE9F4F}
	EndProjectSection
EndProject
Project("{8BC9CEB8-8B4A-11D0-8D11-00A0C91BC942}") = "libbfio", "libbfio\libbfio.vcproj", "{1C60CB2F-2C77-4675-97BD-AC8596AE5CD2}"
	ProjectSection(ProjectDependencies) = postProject
		{9F4B1511-E40E-4606-9830-903BA9EE9F4F} = {9F4B1511-E40E-4606-9830-903BA9EE9F4F}
		{20BEDD31-0C70-40DC-AA5E-5CA360A2E439} = {20BEDD31-0C70-40DC-AA5E-5CA360A2E439}
		{F20F4395-3F55-4EC2-BCA3-05F95184E2EA} = {F20F4395-3F55-4EC2-BCA3-05F95184E2EA}
		{1E5E82EC-B2EA-459F-A32A-88015166BCA5} = {1E5E82EC-B2EA-459F-A32A-88015166BCA5}
		{67D64876-18AE-4600-9F10-5C6D165D18CA} = {67D64876-18AE-4600-9F10-5C6D165D18CA}
		{61A35623-8AAD-47BF-BA28-2F155741B92A} = {61A35623-8AAD-47BF-BA28-2F155741B92A}
		{3B106C1C-FE57-4ABD-A611-D54C21DC2E62} = {3B106C1C-FE57-4ABD-A611-D54C21DC2E62}
		{4B0002A7-0AB5-49FE-9F23-D2695C929180} = {4B0002A7-0AB5-49FE-9F23-D2695C929180}
		{E73E24BC-A2CD-4B30-91AE-C53F2C4D2D12} = {E73E24BC-A2CD-4B30-91AE-C53F2C4D2D12}
	EndProjectSection
EndProject
Project("{8BC9CEB8-8B4A-11D0-8D11-00A0C91BC942}") = "libcaes", "libcaes\libcaes.vcproj", "{8409C040-5262-4457-AE9D-5B3D00061CE4}"
	ProjectSection(ProjectDependencies) = postProject
		{9F4B1511-E40E-4606-9830-903BA9EE9F4F} = {9F4B1511-E40E-4606-9830-903BA9EE9F4F}
	EndProjectSection
EndProject
Project("{8BC9CEB8-8B4A-11D0-8D11-00A0C91BC942}") = "libcdata", "libcdata\libcdata.vcproj", "{67D64876-18AE-4600-9F10-5C6D165D18CA}"
	ProjectSection(ProjectDependencies) = postProject
		{9F4B1511-E40E-4606-9830-903BA9EE9F4F} = {9F4B1511-E40E-4606-9830-903BA9EE9F4F}
		{20BEDD31-0C70-40DC-AA5E-5CA360A2E439} = {20BEDD31-0C70-40DC-AA5E-5CA360A2E439}
	EndProjectSection
EndProject
Project("{8BC9CEB8-8B4A-11D0-8D11-00A0C91BC942}") = "libcdirectory", "libcdirectory\libcdirectory.vcproj", "{212CEA6F-9951-4036-8848-CD8467B4D84A}"
	ProjectSection(ProjectDependencies) = postProject
		{9F4B1511-E40E-4606-9830-903BA9EE9F4F} = {9F4B1511-E40E-4606-9830-903BA9EE9F4F}
		{F20F4395-3F55-4EC2-BCA3-05F95184E2EA} = {F20F4395-3F55-4EC2-BCA3-05F95184E2EA}
		{E73E24BC-A2CD-4B30-91AE-C53F2C4D2D12} = {E73E24BC-A2CD-4B30-91AE-C53F2C4D2D12}
	EndProjectSection
EndProject
Project("{8BC9CEB8-8B4A-11D0-8D11-00A0C91BC942}") = "libcerror", "libcerror\libcerror.vcproj", "{9F4B1511-E40E-4606-9830-903BA9EE9F4F}"
EndProject
Project("{8BC9CEB8-8B4A-11D0-8D11-00A0C91BC942}") = "libcfile", "libcfile\libcfile.vcproj", "{3B106C1C-FE57-4ABD-A611-D54C21DC2E62}"
	ProjectSection(ProjectDependencies) = postProject
		{9F4B1511-E40E-4606-9830-903BA9EE9F4F} = {9F4B1511-E40E-4606-9830-903BA9EE9F4F}
		{F20F4395-3F55-4EC2-BCA3-05F95184E2EA} = {F20F4395-3F55-4EC2-BCA3-05F95184E2EA}
		{1E5E82EC-B2EA-459F-A32A-88015166BCA5} = {1E5E82EC-B2EA-459F-A32A-88015166BCA5}
		{E73E24BC-A2CD-4B30-91AE-C53F2C4D2D12} = {E73E24BC-A2CD-4B30-91AE-C53F2C4D2D12}
	EndProjectSection
EndProject
Project("{8BC9CEB8-8B4A-11D0-8D11-00A0C91BC942}") = "libclocale", "libclocale\libclocale.vcproj", "{F20F4395-3F55-4EC2-BCA3-05F95184E2EA}"
	ProjectSection(ProjectDependencies) = postProject
		{9F4B1511-E40E-4606-9830-903BA9EE9F4F} = {9F4B1511-E40E-4606-9830-903BA9EE9F4F}
	EndProjectSection
EndProject
Project("{8BC9CEB8-8B4A-11D0-8D11-00A0C91BC942}") = "libcnotify", "libcnotify\libcnotify.vcproj", "{1E5E82EC-B2EA-459F-A32A-88015166BCA5}"
	ProjectSection(ProjectDependencies) = postProject
		{9F4B1511-E40E-4606-9830-903BA9EE9F4F} = {9F4B1511-E40E-4606-9830-903BA9EE9F4F}
	EndProjectSection
EndProject
Project("{8BC9CEB8-8B4A-11D0-8D11-00A0C91BC942}") = "libcpath", "libcpath\libcpath.vcproj", "{4B0002A7-0AB5-49FE-9F23-D2695C929180}"
	ProjectSection(ProjectDependencies) = postProject
		{9F4B1511-E40E-4606-9830-903BA9EE9F4F} = {9F4B1511-E40E-4606-9830-903BA9EE9F4F}
		{F20F4395-3F55-4EC2-BCA3-05F95184E2EA} = {F20F4395-3F55-4EC2-BCA3-05F95184E2EA}
		{61A35623-8AAD-47BF-BA28-2F155741B92A} = {61A35623-8AAD-47BF-BA28-2F155741B92A}
		{E73E24BC-A2CD-4B30-91AE-C53F2C4D2D12} = {E73E24BC-A2CD-4B30-91AE-C53F2C4D2D12}
	EndProjectSection
EndProject
Project("{8BC9CEB8-8B4A-11D0-8D11-00A0C91BC942}") = "libcsplit", "libcsplit\libcsplit.vcproj", "{61A35623-8AAD-47BF-BA28-2F155741B92A}"
	ProjectSection(ProjectDependencies) = postProject
		{9F4B1511-E40E-4606-9830-903BA9EE9F4F} = {9F4B1511-E40E-4606-9830-903BA9EE9F4F}
	EndProjectSection
EndProject
Project("{8BC9CEB8-8B4A-11D0-8D11-00A0C91BC942}") = "libcthreads", "libcthreads\libcthreads.vcproj", "{20BEDD31-0C70-40DC-AA5E-5CA360A2E439}"
	ProjectSection(ProjectDependencies) = postProject
		{9F4B1511-E40E-4606-9830-903BA9EE9F4F} = {9F4B1511-E40E-4606-9830-903BA9EE9F4F}
	EndProjectSection
EndProject
Project("{8BC9CEB8-8B4A-11D0-8D11-00A0C91BC942}") = "libfcache", "libfcache\libfcache.vcproj", "{2FF28426-973F-4699-B618-BDAEF20C6F19}"
	ProjectSection(ProjectDependencies) = postProject
		{9F4B1511-E40E-4606-9830-903BA9EE9F4F} = {9F4B1511-E40E-4606-9830-903BA9EE9F4F}
		{20BEDD31-0C70-40DC-AA5E-5CA360A2E439} = {20BEDD31-0C70-40DC-AA5E-5CA360A2E439}
		{67D64876-18AE-4600-9F10-5C6D165D18CA} = {67D64876-18AE-4600-9F10-5C6D165D18CA}
	EndProjectSection
EndProject
Project("{8BC9CEB8-8B4A-11D0-8D11-00A0C91BC942}") = "libfdata", "libfdata\libfdata.vcproj", "{3F575680-1C46-4C28-A3F2-1DF53B64D444}"
	ProjectSection(ProjectDependencies) = postProject
		{9F4B1511-E40E-4606-9830-903BA9EE9F4F} = {9F4B1511-E40E-4606-9830-903BA9EE9F4F}
		{20BEDD31-0C70-40DC-AA5E-5CA360A2E439} = {20BEDD31-0C70-40DC-AA5E-5CA360A2E439}
		{67D64876-18AE-4600-9F10-5C6D165D18CA} = {67D64876-18AE-4600-9F10-5C6D165D18CA}
		{1E5E82EC-B2EA-459F-A32A-88015166BCA5} = {1E5E82EC-B2EA-459F-A32A-88015166BCA5}
		{2FF28426-973F-4699-B618-BDAEF20C6F19} = {2FF28426-973F-4699-B618-BDAEF20C6F19}
	EndProjectSection
EndProject
Project("{8BC9CEB8-8B4A-11D0-8D11-00A0C91BC942}") = "libfguid", "libfguid\libfguid.vcproj", "{1039FBFB-7D25-457E-8F86-17D62E1949FB}"
	ProjectSection(ProjectDependencies) = postProject
		{9F4B1511-E40E-4606-9830-903BA9EE9F4F} = {9F4B1511-E40E-4606-9830-903BA9EE9F4F}
	EndProjectSection
EndProject
Project("{8BC9CEB8-8B4A-11D0-8D11-00A0C91BC942}") = "libfplist", "libfplist\libfplist.vcproj", "{51CBD9A7-F0BB-48FE-8B71-7AE4B85A6ACA}"
	ProjectSection(ProjectDependencies) = postProject
		{9F4B1511-E40E-4606-9830-903BA9EE9F4F} = {9F4B1511-E40E-4606-9830-903BA9EE9F4F}
		{67D64876-18AE-4600-9F10-5C6D165D18CA} = {67D64876-18AE-4600-9F10-5C6D165D18CA}
		{1E5E82EC-B2EA-459F-A32A-88015166BCA5} = {1E5E82EC-B2EA-459F-A32A-88015166BCA5}
		{E73E24BC-A2CD-4B30-91AE-C53F2C4D2D12} = {E73E24BC-A2CD-4B30-91AE-C53F2C4D2D12}
		{1039FBFB-7D25-457E-8F86-17D62E1949FB} = {1039FBFB-7D25-457E-8F86-17D62E1949FB}
		{DC21475C-1FD1-433F-82F7-5C20B2111018} = {DC21475C-1FD1-433F-82F7-5C20B2111018}
	EndProjectSection
EndProject
Project("{8BC9CEB8-8B4A-11D0-8D11-00A0C91BC942}") = "libfvalue", "libfvalue\libfvalue.vcproj", "{DC21475C-1FD1-433F-82F7-5C20B2111018}"
	ProjectSection(ProjectDependencies) = postProject
		{9F4B1511-E40E-4606-9830-903BA9EE9F4F} = {9F4B1511-E40E-4606-9830-903BA9EE9F4F}
		{20BEDD31-0C70-40DC-AA5E-5CA360A2E439} = {20BEDD31-0C70-40DC-AA5E-5CA360A2E439}
		{67D64876-18AE-4600-9F10-5C6D165D18CA} = {67D64876-18AE-4600-9F10-5C6D165D18CA}
		{1E5E82EC-B2EA-459F-A32A-88015166BCA5} = {1E5E82EC-B2EA-459F-A32A-88015166BCA5}
		{E73E24BC-A2CD-4B30-91AE-C53F2C4D2D12} = {E73E24BC-A2CD-4B30-91AE-C53F2C4D2D12}
		{1039FBFB-7D25-457E-8F86-17D62E1949FB} = {1039FBFB-7D25-457E-8F86-17D62E1949FB}
	EndProjectSection
EndProject
Project("{8BC9CEB8-8B4A-11D0-8D11-00A0C91BC942}") = "libhmac", "libhmac\libhmac.vcproj", "{CC1C3BDA-F912-4687-9165-16AE13410BA2}"
	ProjectSection(ProjectDependencies) = postProject
		{9F4B1511-E40E-4606-9830-903BA9EE9F4F} = {9F4B1511-E40E-4606-9830-903BA9EE9F4F}
	EndProjectSection
EndProject
Project("{8BC9CEB8-8B4A-11D0-8D11-00A0C91BC942}") = "libuna", "libuna\libuna.vcproj", "{E73E24BC-A2CD-4B30-91AE-C53F2C4D2D12}"
	ProjectSection(ProjectDependencies) = postProject
		{9F4B1511-E40E-4606-9830-903BA9EE9F4F} = {9F4B1511-E40E-4606-9830-903BA9EE9F4F}
	EndProjectSection
EndProject
Project("{8BC9CEB8-8B4A-11D0-8D11-00A0C91BC942}") = "bzip2", "bzip2\bzip2.vcproj", "{1085EEA9-ED9D-4965-A972-4E5C2059AC91}"
EndProject
Project("{8BC9CEB8-8B4A-11D0-8D11-00A0C91BC942}") = "zlib", "zlib\zlib.vcproj", "{C1F5D277-8D18-42FD-A240-29E4052D7D90}"
EndProject
Global
	GlobalSection(SolutionConfigurationPlatforms) = preSolution
		Release|Win32 = Release|Win32
		VSDebug|Win32 = VSDebug|Win32
	EndGlobalSection
	GlobalSection(ProjectConfigurationPlatforms) = postSolution
		{B4E7F5BB-07EB-475A-9C78-E7527D2BB8BA}.Release|Win32.ActiveCfg = Release|Win32
		{B4E7F5BB-07EB-475A-9C78-E7527D2BB8BA}.Release|Win32.Build.0 = Release|Win32
		{B4E7F5BB-07EB-475A-9C78-E7527D2BB8BA}.VSDebug|Win32.ActiveCfg = VSDebug|Win32
		{B4E7F5BB-07EB-475A-9C78-E7527D2BB8BA}.VSDebug|Win32.Build.0 = VSDebug|Win32
		{B1BD65BA-90EB-4608-9C34-1D0CB90ACBD5}.Release|Win32.ActiveCfg = Release|Win32
		{B1BD65BA-90EB-4608-9C34-1D0CB90ACBD5}.Release|Win32.Build.0 = Release|Win32
		{B1BD65BA-90EB-4608-9C34-1D0CB90ACBD5}.VSDebug|Win32.ActiveCfg = VSDebug|Win32
		{B1BD65BA-90EB-4608-9C34-1D0CB90ACBD5}.VSDebug|Win32.Build.0 = VSDebug|Win32
		{EAAA2B69-4416-4D5B-BEBE-6F696D05C831}.Release|Win32.ActiveCfg = Release|Win32
		{EAAA2B69-4416-4D5B-BEBE-6F696D05C831}.Release|Win32.Build.0 = Release|Win32
		{EAAA2B69-4416-4D5B-BEBE-6F696D05C831}.VSDebug|Win32.ActiveCfg = VSDebug|Win32
		{EAAA2B69-4416-4D5B-BEBE-6F696D05C831}.VSDebug|Win32.Build.0 = VSDebug|Win32
		{2294D14C-52E5-4243-A05F-A22F9A45A473}.Release|Win32.ActiveCfg = Release|Win32
		{2294D14C-52E5-4243-A05F-A22F9A45A473}.Release|Win32.Build.0 = Release|Win32
		{2294D14C-52E5-4243-A05F-A22F9A45A473}.VSDebug|Win32.ActiveCfg = VSDebug|Win32
		{2294D14C-52E5-4243-A05F-A22F9A45A473}.VSDebug|Win32.Build.0 = VSDebug|Win32
		{80CA8F3A-3878-461F-97C8-44224EE3C61B}.Release|Win32.ActiveCfg = Release|Win32
		{80CA8F3A-3878-461F-97C8-44224EE3C61B}.Release|Win32.Build.0 = Release|Win32
		{80CA8F3A-3878-461F-97C8-44224EE3C61B}.VSDebug|Win32.ActiveCfg = VSDebug|Win32
		{80CA8F3A-3878-461F-97C8-44224EE3C61B}.VSDebug|Win32.Build.0 = VSDebug|Win32
		{40F0EE27-1BAC-4A78-A23A-EF1728F22842}.Release|Win32.ActiveCfg = Release|Win32
		{40F0EE27-1BAC-4A78-A23A-EF1728F22842}.Release|Win32.Build.0 = Release|Win32
		{40F0EE27-1BAC-4A78-A23A-EF1728F22842}.VSDebug|Win32.ActiveCfg = VSDebug|Win32
		{40F0EE27-1BAC-4A78-A23A-EF1728F22842}.VSDebug|Win32.Build.0 = VSDebug|Win32
		{387EED9A-0F0A-4A77-9394-BAD0A337885A}.Release|Win32.ActiveCfg = Release|Win32
		{387EED9A-0F0A-4A77-9394-BAD0A337885A}.Release|Win32.Build.0 = Release|Win32
		{387EED9A-0F0A-4A77-9394-BAD0A337885A}.VSDebug|Win32.ActiveCfg = VSDebug|Win32
		{387EED9A-0F0A-4A77-9394-BAD0A337885A}.VSDebug|Win32.Build.0 = VSDebug|Win32
		{1729221E-B8B1-4320-9231-D152112B6079}.Release|Win32.ActiveCfg = Release|Win32
		{1729221E-B8B1-4320-9231-D152112B6079}.Release|Win32.Build.0 = Release|Win32
		{1729221E-B8B1-4320-9231-D152112B6079}.VSDebug|Win32.ActiveCfg = VSDebug|Win32
		{1729221E-B8B1-4320-9231-D152112B6079}.VSDebug|Win32.Build.0 = VSDebug|Win32
		{E9189C2B-DDD6-4AC2-BC0D-7008D04449B4}.Release|Win32.ActiveCfg = Release|Win32
		{E9189C2B-DDD6-4AC2-BC0D-7008D04449B4}.Release|Win32.Build.0 = Release|Win32
		{E9189C2B-DDD6-4AC2-BC0D-7008D04449B4}.VSDebug|Win32.ActiveCfg = VSDebug|Win32
		{E9189C2B-DDD6-4AC2-BC0D-7008D04449B4}.VSDebug|Win32.Build.0 = VSDebug|Win32
		{D74116B1-EACB-4232-9629-0005F76BBB6E}.Release|Win32.ActiveCfg = Release|Win32
		{D74116B1-EACB-4232-9629-0005F76BBB6E}.Release|Win32.Build.0 = Release|Win32
		{D74116B1-EACB-4232-9629-0005F76BBB6E}.VSDebug|Win32.ActiveCfg = VSDebug|Win32
		{D74116B1-EACB-4232-9629-0005F76BBB6E}.VSDebug|Win32.Build.0 = VSDebug|Win32
		{471F54FA-86C8-41A0-A9F0-3E433FE0D5AA}.Release|Win32.ActiveCfg = Release|Win32
		{471F54FA-86C8-41A0-A9F0-3E433FE0D5AA}.Release|Win32.Build.0 = Release|Win32
		{471F54FA-86C8-41A0-A9F0-3E433FE0D5AA}.VSDebug|Win32.ActiveCfg = VSDebug|Win32
		{471F54FA-86C8-41A0-A9F0-3E433FE0D5AA}.VSDebug|Win32.Build.0 = VSDebug|Win32
		{B7870020-9A32-4FEF-8F2A-999CBCB43EAB}.Release|Win32.ActiveCfg = Release|Win32
		{B7870020-9A32-4FEF-8F2A-999CBCB43EAB}.Release|Win32.Build.0 = Release|Win32
		{B7870020-9A32-4FEF-8F2A-999CBCB43EAB}.VSDebug|Win32.ActiveCfg = VSDebug|Win32
		{B7870020-9A32-4FEF-8F2A-999CBCB43EAB}.VSDebug|Win32.Build.0 = VSDebug|Win32
		{7BE57CEF-7A25-4598-A13F-BD799C88223E}.Release|Win32.ActiveCfg = Release|Win32
		{7BE57CEF-7A25-4598-A13F-BD799C88223E}.Release|Win32.Build.0 = Release|Win32
		{7BE57CEF-7A25-4598-A13F-BD799C88223E}.VSDebug|Win32.ActiveCfg = VSDebug|Win32
		{7BE57CEF-7A25-4598-A13F-BD799C88223E}.VSDebug|Win32.Build.0 = VSDebug|Win32
		{02EC2D5C-23E9-45C3-A987-C9A99A4970AD}.Release|Win32.ActiveCfg = Release|Win32
		{02EC2D5C-23E9-45C3-A987-C9A99A4970AD}.Release|Win32.Build.0 = Release|Win32
		{02EC2D5C-23E9-45C3-A987-C9A99A4970AD}.VSDebug|Win32.ActiveCfg = VSDebug|Win32
		{02EC2D5C-23E9-45C3-A987-C9A99A4970AD}.VSDebug|Win32.Build.0 = VSDebug|Win32
		{2CE2C507-0AC3-4794-9B92-BA31E6903854}.Release|Win32.ActiveCfg = Release|Win32
		{2CE2C507-0AC3-4794-9B92-BA31E6903854}.Release|Win32.Build.0 = Release|Win32
		{2CE2C507-0AC3-4794-9B92-BA31E6903854}.VSDebug|Win32.ActiveCfg = VSDebug|Win32
		{2CE2C507-0AC3-4794-9B92-BA31E6903854}.VSDebug|Win32.Build.0 = VSDebug|Win32
		{9B270E31-04D0-4F19-8528-8BDA9154ACFF}.Release|Win32.ActiveCfg = Release|Win32
		{9B270E31-04D0-4F19-8528-8BDA9154ACFF}.Release|Win32.Build.0 = Release|Win32
		{9B270E31-04D0-4F19-8528-8BDA9154ACFF}.VSDebug|Win32.ActiveCfg = VSDebug|Win32
		{9B270E31-04D0-4F19-8528-8BDA9154ACFF}.VSDebug|Win32.Build.0 = VSDebug|Win32
		{167BFA02-199B-43DB-8E79-2316571B03DB}.Release|Win32.ActiveCfg = Release|Win32
		{167BFA02-199B-43DB-8E79-2316571B03DB}.Release|Win32.Build.0 = Release|Win32
		{167BFA02-199B-43DB-8E79-2316571B03DB}.VSDebug|Win32.ActiveCfg = VSDebug|Win32
		{167BFA02-199B-43DB-8E79-2316571B03DB}.VSDebug|Win32.Build.0 = VSDebug|Win32
		{533049D9-C394-4335-A4ED-0F83AB56F912}.Release|Win32.ActiveCfg = Release|Win32
		{533049D9-C394-4335-A4ED-0F83AB56F912}.Release|Win32.Build.0 = Release|Win32
		{533049D9-C394-4335-A4ED-0F83AB56F912}.VSDebug|Win32.ActiveCfg = VSDebug|Win32
		{533049D9-C394-4335-A4ED-0F83AB56F912}.VSDebug|Win32.Build.0 = VSDebug|Win32
		{B476626E-AD11-4363-853A-DE7120BADBF5}.Release|Win32.ActiveCfg = Release|Win32
		{B476626E-AD11-4363-853A-DE7120BADBF5}.Release|Win32.Build.0 = Release|Win32
		{B476626E-AD11-4363-853A-DE7120BADBF5}.VSDebug|Win32.ActiveCfg = VSDebug|Win32
		{B476626E-AD11-4363-853A-DE7120BADBF5}.VSDebug|Win32.Build.0 = VSDebug|Win32
		{E700BA61-6B03-45D6-8F08-5C4652586F6B}.Release|Win32.ActiveCfg = Release|Win32
		{E700BA61-6B03-45D6-8F08-5C4652586F6B}.Release|Win32.Build.0 = Release|Win32
		{E700BA61-6B03-45D6-8F08-5C4652586F6B}.VSDebug|Win32.ActiveCfg = VSDebug|Win32
		{E700BA61-6B03-45D6-8F08-5C4652586F6B}.VSDebug|Win32.Build.0 = VSDebug|Win32
		{358AE9AC-4FA6-48D6-8598-D7DF17AB530E}.Release|Win32.ActiveCfg = Release|Win32
		{358AE9AC-4FA6-48D6-8598-D7DF17AB530E}.Release|Win32.Build.0 = Release|Win32
		{358AE9AC-4FA6-48D6-8598-D7DF17AB530E}.VSDebug|Win32.ActiveCfg = VSDebug|Win32
		{358AE9AC-4FA6-48D6-8598-D7DF17AB530E}.VSDebug|Win32.Build.0 = VSDebug|Win32
		{B0007953-6C7B-4C8A-B83C-6C9EE0E3EFF8}.Release|Win32.ActiveCfg = Release|Win32
		{B0007953-6C7B-4C8A-B83C-6C9EE0E3EFF8}.Release|Win32.Build.0 = Release|Win32
		{B0007953-6C7B-4C8A-B83C-6C9EE0E3EFF8}.VSDebug|Win32.ActiveCfg = VSDebug|Win32
		{B0007953-6C7B-4C8A-B83C-6C9EE0E3EFF8}.VSDebug|Win32.Build.0 = VSDebug|Win32
		{313F5A7E-A2F7-4075-8D02-E8AB06A0CC4E}.Release|Win32.ActiveCfg = Release|Win32
		{313F5A7E-A2F7-4075-8D02-E8AB06A0CC4E}.Release|Win32.Build.0 = Release|Win32
		{313F5A7E-A2F7-4075-8D02-E8AB06A0CC4E}.VSDebug|Win32.ActiveCfg = VSDebug|Win32
		{313F5A7E-A2F7-4075-8D02-E8AB06A0CC4E}.VSDebug|Win32.Build.0 = VSDebug|Win32
		{C6D4492F-94F4-430E-93AA-98719E9BC096}.Release|Win32.ActiveCfg = Release|Win32
		{C6D4492F-94F4-430E-93AA-98719E9BC096}.Release|Win32.Build.0 = Release|Win32
		{C6D4492F-94F4-430E-93AA-98719E9BC096}.VSDebug|Win32.ActiveCfg = VSDebug|Win32
		{C6D4492F-94F4-430E-93AA-98719E9BC096}.VSDebug|Win32.Build.0 = VSDebug|Win32
		{1C60CB2F-2C77-4675-97BD-AC8596AE5CD2}.Release|Win32.ActiveCfg = Release|Win32
		{1C60CB2F-2C77-4675-97BD-AC8596AE5CD2}.Release|Win32.Build.0 = Release|Win32
		{1C60CB2F-2C77-4675-97BD-AC8596AE5CD2}.VSDebug|Win32.ActiveCfg = VSDebug|Win32
		{1C60CB2F-2C77-4675-97BD-AC8596AE5CD2}.VSDebug|Win32.Build.0 = VSDebug|Win32
		{8409C040-5262-4457-AE9D-5B3D00061CE4}.Release|Win32.ActiveCfg = Release|Win32
		{8409C040-5262-4457-AE9D-5B3D00061CE4}.Release|Win32.Build.0 = Release|Win32
		{8409C040-5262-4457-AE9D-5B3D00061CE4}.VSDebug|Win32.ActiveCfg = VSDebug|Win32
		{8409C040-5262-4457-AE9D-5B3D00061CE4}.VSDebug|Win32.Build.0 = VSDebug|Win32
		{67D64876-18AE-4600-9F10-5C6D165D18CA}.Release|Win32.ActiveCfg = Release|Win32
		{67D64876-18AE-4600-9F10-5C6D165D18CA}.Release|Win32.Build.0 = Release|Win32
		{67D64876-18AE-4600-9F10-5C6D165D18CA}.VSDebug|Win32.ActiveCfg = VSDebug|Win32
		{67D64876-18AE-4600-9F10-5C6D165D18CA}.VSDebug|Win32.Build.0 = VSDebug|Win32
		{212CEA6F-9951-4036-8848-CD8467B4D84A}.Release|Win32.ActiveCfg = Release|Win32
		{212CEA6F-9951-4036-8848-CD8467B4D84A}.Release|Win32.Build.0 = Release|Win32
		{212CEA6F-9951-4036-8848-CD8467B4D84A}.VSDebug|Win32.ActiveCfg = VSDebug|Win32
		{212CEA6F-9951-4036-8848-CD8467B4D84A}.VSDebug|Win32.Build.0 = VSDebug|Win32
		{9F4B1511-E40E-4606-9830-903BA9EE9F4F}.Release|Win32.ActiveCfg = Release|Win32
		{9F4B1511-E40E-4606-9830-903BA9EE9F4F}.Release|Win32.Build.0 = Release|Win32
		{9F4B1511-E40E-4606-9830-903BA9EE9F4F}.VSDebug|Win32.ActiveCfg = VSDebug|Win32
		{9F4B1511-E40E-4606-9830-903BA9EE9F4F}.VSDebug|Win32.Build.0 = VSDebug|Win32
		{3B106C1C-FE57-4ABD-A611-D54C21DC2E62}.Release|Win32.ActiveCfg = Release|Win32
		{3B106C1C-FE57-4ABD-A611-D54C21DC2E62}.Release|Win32.Build.0 = Release|Win32
		{3B106C1C-FE57-4ABD-A611-D54C21DC2E62}.VSDebug|Win32.ActiveCfg = VSDebug|Win32
		{3B106C1C-FE57-4ABD-A611-D54C21DC2E62}.VSDebug|Win32.Build.0 = VSDebug|Win32
		{F20F4395-3F55-4EC2-BCA3-05F95184E2EA}.Release|Win32.ActiveCfg = Release|Win32
		{F20F4395-3F55-4EC2-BCA3-05F95184E2EA}.Release|Win32.Build.0 = Release|Win32
		{F20F4395-3F55-4EC2-BCA3-05F95184E2EA}.VSDebug|Win32.ActiveCfg = VSDebug|Win32
		{F20F4395-3F55-4EC2-BCA3-05F95184E2EA}.VSDebug|Win32.Build.0 = VSDebug|Win32
		{1E5E82EC-B2EA-459F-A32A-88015166BCA5}.Release|Win32.ActiveCfg = Release|Win32
		{1E5E82EC-B2EA-459F-A32A-88015166BCA5}.Release|Win32.Build.0 = Release|Win32
		{1E5E82EC-B2EA-459F-A32A-88015166BCA5}.VSDebug|Win32.ActiveCfg = VSDebug|Win32
		{1E5E82EC-B2EA-459F-A32A-88015166BCA5}.VSDebug|Win32.Build.0 = VSDebug|Win32
		{4B0002A7-0AB5-49FE-9F23-D2695C929180}.Release|Win32.ActiveCfg = Release|Win32
		{4B0002A7-0AB5-49FE-9F23-D2695C929180}.Release|Win32.Build.0 = Release|Win32
		{4B0002A7-0AB5-49FE-9F23-D2695C929180}.VSDebug|Win32.ActiveCfg = VSDebug|Win32
		{4B0002A7-0AB5-49FE-9F23-D2695C929180}.VSDebug|Win32.Build.0 = VSDebug|Win32
		{61A35623-8AAD-47BF-BA28-2F155741B92A}.Release|Win32.ActiveCfg = Release|Win32
		{61A35623-8AAD-47BF-BA28-2F155741B92A}.Release|Win32.Build.0 = Release|Win32
		{61A35623-8AAD-47BF-BA28-2F155741B92A}.VSDebug|Win32.ActiveCfg = VSDebug|Win32
		{61A35623-8AAD-47BF-BA28-2F155741B92A}.VSDebug|Win32.Build.0 = VSDebug|Win32
		{20BEDD31-0C70-40DC-AA5E-5CA360A2E439}.Release|Win32.ActiveCfg = Release|Win32
		{20BEDD31-0C70-40DC-AA5E-5CA360A2E439}.Release|Win32.Build.0 = Release|Win32
		{20BEDD31-0C70-40DC-AA5E-5CA360A2E439}.VSDebug|Win32.ActiveCfg = VSDebug|Win32
		{20BEDD31-0C70-40DC-AA5E-5CA360A2E439}.VSDebug|Win32.Build.0 = VSDebug|Win32
		{2FF28426-973F-4699-B618-BDAEF20C6F19}.Release|Win32.ActiveCfg = Release|Win32
		{2FF28426-973F-4699-B618-BDAEF20C6F19}.Release|Win32.Build.0 = Release|Win32
		{2FF28426-973F-4699-B618-BDAEF20C6F19}.VSDebug|Win32.ActiveCfg = VSDebug|Win32
		{2FF28426-973F-4699-B618-BDAEF20C6F19}.VSDebug|Win32.Build.0 = VSDebug|Win32
		{3F575680-1C46-4C28-A3F2-1DF53B64D444}.Release|Win32.ActiveCfg = Release|Win32
		{3F575680-1C46-4C28-A3F2-1DF53B64D444}.Release|Win32.Build.0 = Release|Win32
		{3F575680-1C46-4C28-A3F2-1DF53B64D444}.VSDebug|Win32.ActiveCfg = VSDebug|Win32
		{3F575680-1C46-4C28-A3F2-1DF53B64D444}.VSDebug|Win32.Build.0 = VSDebug|Win32
		{1039FBFB-7D25-457E-8F86-17D62E1949FB}.Release|Win32.ActiveCfg = Release|Win32
		{1039FBFB-7D25-457E-8F86-17D62E1949FB}.Release|Win32.Build.0 = Release|Win32
		{1039FBFB-7D25-457E-8F86-17D62E1949FB}.VSDebug|Win32.ActiveCfg = VSDebug|Win32
		{1039FBFB-7D25-457E-8F86-17D62E1949FB}.VSDebug|Win32.Build.0 = VSDebug|Win32
		{51CBD9A7-F0BB-48FE-8B71-7AE4B85A6ACA}.Release|Win32.ActiveCfg = Release|Win32
		{51CBD9A7-F0BB-48FE-8B71-7AE4B85A6ACA}.Release|Win32.Build.0 = Release|Win32
		{51CBD9A7-F0BB-48FE-8B71-7AE4B85A6ACA}.VSDebug|Win32.ActiveCfg = VSDebug|Win32
		{51CBD9A7-F0BB-48FE-8B71-7AE4B85A6ACA}.VSDebug|Win32.Build.0 = VSDebug|Win32
		{DC21475C-1FD1-433F-82F7-5C20B2111018}.Release|Win32.ActiveCfg = Release|Win32
		{DC21475C-1FD1-433F-82F7-5C20B2111018}.Release|Win32.Build.0 = Release|Win32
		{DC21475C-1FD1-433F-82F7-5C20B2111018}.VSDebug|Win32.ActiveCfg = VSDebug|Win32
		{DC21475C-1FD1-433F-82F7-5C20B2111018}.VSDebug|Win32.Build.0 = VSDebug|Win32
		{CC1C3BDA-F912-4687-9165-16AE13410BA2}.Release|Win32.ActiveCfg = Release|Win32
		{CC1C3BDA-F912-4687-9165-16AE13410BA2}.Release|Win32.Build.0 = Release|Win32
		{CC1C3BDA-F912-4687-9165-16AE13410BA2}.VSDebug|Win32.ActiveCfg = VSDebug|Win32
		{CC1C3BDA-F912-4687-9165-16AE13410BA2}.VSDebug|Win32.Build.0 = VSDebug|Win32
		{E73E24BC-A2CD-4B30-91AE-C53F2C4D2D12}.Release|Win32.ActiveCfg = Release|Win32
		{E73E24BC-A2CD-4B30-91AE-C53F2C4D2D12}.Release|Win32.Build.0 = Release|Win32
		{E73E24BC-A2CD-4B30-91AE-C53F2C4D2D12}.VSDebug|Win32.ActiveCfg = VSDebug|Win32
		{E73E24BC-A2CD-4B30-91AE-C53F2C4D2D12}.VSDebug|Win32.Build.0 = VSDebug|Win32
		{1085EEA9-ED9D-4965-A972-4E5C2059AC91}.Release|Win32.ActiveCfg = Release|Win32
		{1085EEA9-ED9D-4965-A972-4E5C2059AC91}.Release|Win32.Build.0 = Release|Win32
		{1085EEA9-ED9D-4965-A972-4E5C2059AC91}.VSDebug|Win32.ActiveCfg = VSDebug|Win32
		{1085EEA9-ED9D-4965-A972-4E5C2059AC91}.VSDebug|Win32.Build.0 = VSDebug|Win32
		{C1F5D277-8D18-42FD-A240-29E4052D7D90}.Release|Win32.ActiveCfg = Release|Win32
		{C1F5D277-8D18-42FD-A240-29E4052D7D90}.Release|Win32.Build.0 = Release|Win32
		{C1F5D277-8D18-42FD-A240-29E4052D7D90}.VSDebug|Win32.ActiveCfg = VSDebug|Win32
		{C1F5D277-8D18-42FD-A240-29E4052D7D90}.VSDebug|Win32.Build.0 = VSDebug|Win32
	EndGlobalSection
	GlobalSection(SolutionProperties) = preSolution
		HideSolutionNode = FALSE
	EndGlobalSection
EndGlobal
